
Microsoft Visual Studio Solution File, Format Version 9.00
# Visual Studio 2005
Project("{FAE04EC0-301F-11D3-BF4B-00C04F79EFBC}") = "XMLHandler", "XMLHandler\XMLHandler.csproj", "{A7A20F33-ACDD-4CED-9B71-2A037B47379E}"
EndProject
Global
	GlobalSection(SolutionConfigurationPlatforms) = preSolution
		Debug|Any CPU = Debug|Any CPU
		Release|Any CPU = Release|Any CPU
	EndGlobalSection
	GlobalSection(ProjectConfigurationPlatforms) = postSolution
		{A7A20F33-ACDD-4CED-9B71-2A037B47379E}.Debug|Any CPU.ActiveCfg = Debug|Any CPU
		{A7A20F33-ACDD-4CED-9B71-2A037B47379E}.Debug|Any CPU.Build.0 = Debug|Any CPU
		{A7A20F33-ACDD-4CED-9B71-2A037B47379E}.Release|Any CPU.ActiveCfg = Release|Any CPU
		{A7A20F33-ACDD-4CED-9B71-2A037B47379E}.Release|Any CPU.Build.0 = Release|Any CPU
	EndGlobalSection
	GlobalSection(SolutionProperties) = preSolution
		HideSolutionNode = FALSE
	EndGlobalSection
EndGlobal
