
Microsoft Visual Studio Solution File, Format Version 11.00
# Visual Studio 2010
Project("{2150E333-8FDC-42A3-9474-1A3956D46DE8}") = "Actions", "Actions", "{E8E8C157-11A4-4491-BF85-FF734F8FD526}"
EndProject
Project("{2150E333-8FDC-42A3-9474-1A3956D46DE8}") = "Controls", "Controls", "{D7DFFB02-471A-4640-BD64-B638DDF19038}"
	ProjectSection(SolutionItems) = preProject
		Controls\Mesnac.Controls.Base.dll = Controls\Mesnac.Controls.Base.dll
	EndProjectSection
EndProject
Project("{2150E333-8FDC-42A3-9474-1A3956D46DE8}") = "Equips", "Equips", "{ED0A956F-28D0-427D-BF5F-76E71F28B18E}"
	ProjectSection(SolutionItems) = preProject
		Equips\Mesnac.Equips.Connection.dll = Equips\Mesnac.Equips.Connection.dll
		Equips\Mesnac.Equips.dll = Equips\Mesnac.Equips.dll
		Equips\Mesnac.Maths.dll = Equips\Mesnac.Maths.dll
	EndProjectSection
EndProject
Project("{2150E333-8FDC-42A3-9474-1A3956D46DE8}") = "Libraries", "Libraries", "{22FE56C9-A6E7-4A69-B1F8-C7FB3B75C9A7}"
	ProjectSection(SolutionItems) = preProject
		Libraries\Host.dll = Libraries\Host.dll
		Libraries\Loder.dll = Libraries\Loder.dll
		Libraries\Mesnac.Codd.dll = Libraries\Mesnac.Codd.dll
		Libraries\Mesnac.Communication.dll = Libraries\Mesnac.Communication.dll
		Libraries\Mesnac.Docking.dll = Libraries\Mesnac.Docking.dll
		Libraries\Mesnac.UI.ToolBox.dll = Libraries\Mesnac.UI.ToolBox.dll
		Libraries\OpcDaNet.dll = Libraries\OpcDaNet.dll
		Libraries\PropertyGridEx.dll = Libraries\PropertyGridEx.dll
	EndProjectSection
EndProject
Project("{2150E333-8FDC-42A3-9474-1A3956D46DE8}") = "Main", "Main", "{B1A9F694-181D-476C-904C-F182D2C31558}"
EndProject
Project("{2150E333-8FDC-42A3-9474-1A3956D46DE8}") = "PlugInPlatform", "PlugInPlatform", "{AA49E79B-5AA6-40A1-A2EB-15E25CB76F68}"
	ProjectSection(SolutionItems) = preProject
		PlugInPlatform\ICSharpCode.Core.dll = PlugInPlatform\ICSharpCode.Core.dll
		PlugInPlatform\ICSharpCode.Data.Core.dll = PlugInPlatform\ICSharpCode.Data.Core.dll
		PlugInPlatform\Mesnac.Core.dll = PlugInPlatform\Mesnac.Core.dll
		PlugInPlatform\Mesnac.Gui.dll = PlugInPlatform\Mesnac.Gui.dll
		PlugInPlatform\Mesnac.PlugIn.dll = PlugInPlatform\Mesnac.PlugIn.dll
	EndProjectSection
EndProject
Project("{2150E333-8FDC-42A3-9474-1A3956D46DE8}") = "ICSharpCode.Data.~", "ICSharpCode.Data.~", "{A0D5A1DC-9A78-4498-BAFA-FB274B1C3395}"
	ProjectSection(SolutionItems) = preProject
		PlugInPlatform\ICSharpCode.Data.~\ICSharpCode.Data.Access.dll = PlugInPlatform\ICSharpCode.Data.~\ICSharpCode.Data.Access.dll
		PlugInPlatform\ICSharpCode.Data.~\ICSharpCode.Data.MySQL.dll = PlugInPlatform\ICSharpCode.Data.~\ICSharpCode.Data.MySQL.dll
		PlugInPlatform\ICSharpCode.Data.~\ICSharpCode.Data.Oracle.dll = PlugInPlatform\ICSharpCode.Data.~\ICSharpCode.Data.Oracle.dll
		PlugInPlatform\ICSharpCode.Data.~\ICSharpCode.Data.SQLServer.dll = PlugInPlatform\ICSharpCode.Data.~\ICSharpCode.Data.SQLServer.dll
	EndProjectSection
EndProject
Project("{2150E333-8FDC-42A3-9474-1A3956D46DE8}") = "FastReport", "FastReport", "{3B925188-8925-4E57-B536-A902C672FF41}"
	ProjectSection(SolutionItems) = preProject
		Libraries\FastReport\FastReport.Bars.dll = Libraries\FastReport\FastReport.Bars.dll
		Libraries\FastReport\FastReport.dll = Libraries\FastReport\FastReport.dll
		Libraries\FastReport\FastReport.Editor.dll = Libraries\FastReport\FastReport.Editor.dll
		Libraries\FastReport\FastReport.VSDesign.dll = Libraries\FastReport\FastReport.VSDesign.dll
	EndProjectSection
EndProject
Project("{2150E333-8FDC-42A3-9474-1A3956D46DE8}") = "log4net", "log4net", "{49BCC4FA-AB0C-46B4-B674-5720CF7FBA8D}"
	ProjectSection(SolutionItems) = preProject
		Libraries\log4net\LICENSE.txt = Libraries\log4net\LICENSE.txt
		Libraries\log4net\log4net.config = Libraries\log4net\log4net.config
		Libraries\log4net\log4net.dll = Libraries\log4net\log4net.dll
	EndProjectSection
EndProject
Project("{2150E333-8FDC-42A3-9474-1A3956D46DE8}") = "MySql", "MySql", "{76986B16-BFE4-4012-9204-CC2EA0E5544E}"
	ProjectSection(SolutionItems) = preProject
		Libraries\MySql\MySql.Data.dll = Libraries\MySql\MySql.Data.dll
	EndProjectSection
EndProject
Project("{2150E333-8FDC-42A3-9474-1A3956D46DE8}") = "System.Data.SQLite", "System.Data.SQLite", "{F1F8671E-DCC7-4F90-8B64-2139385DD445}"
	ProjectSection(SolutionItems) = preProject
		Libraries\System.Data.SQLite\Plc.db = Libraries\System.Data.SQLite\Plc.db
	EndProjectSection
EndProject
Project("{2150E333-8FDC-42A3-9474-1A3956D46DE8}") = "TeeChart", "TeeChart", "{6E8C1857-17F8-4ABD-A287-805F61B13269}"
	ProjectSection(SolutionItems) = preProject
		Libraries\TeeChart\TeeChart.DLL = Libraries\TeeChart\TeeChart.DLL
	EndProjectSection
EndProject
Project("{2150E333-8FDC-42A3-9474-1A3956D46DE8}") = "Mesnac.Math.~", "Mesnac.Math.~", "{EC90A5A3-1689-404F-B2C6-4D33077E4E5D}"
	ProjectSection(SolutionItems) = preProject
		Equips\Mesnac.Math.~\Mesnac.Math.Database.dll = Equips\Mesnac.Math.~\Mesnac.Math.Database.dll
		Equips\Mesnac.Math.~\Mesnac.Math.Default.dll = Equips\Mesnac.Math.~\Mesnac.Math.Default.dll
		Equips\Mesnac.Math.~\Mesnac.Math.Feeding.dll = Equips\Mesnac.Math.~\Mesnac.Math.Feeding.dll
		Equips\Mesnac.Math.~\Mesnac.Math.New.dll = Equips\Mesnac.Math.~\Mesnac.Math.New.dll
	EndProjectSection
EndProject
Project("{2150E333-8FDC-42A3-9474-1A3956D46DE8}") = "Mesnac.Equip.~", "Mesnac.Equip.~", "{2EBC9BDF-1BB0-4906-B794-75ABDB404D7A}"
	ProjectSection(SolutionItems) = preProject
		Equips\Mesnac.Equip.~\Mesnac.Equip.AllenBradley.dll = Equips\Mesnac.Equip.~\Mesnac.Equip.AllenBradley.dll
		Equips\Mesnac.Equip.~\Mesnac.Equip.ConfigInfo.dll = Equips\Mesnac.Equip.~\Mesnac.Equip.ConfigInfo.dll
		Equips\Mesnac.Equip.~\Mesnac.Equip.Display.dll = Equips\Mesnac.Equip.~\Mesnac.Equip.Display.dll
		Equips\Mesnac.Equip.~\Mesnac.Equip.FictitiousPlc.dll = Equips\Mesnac.Equip.~\Mesnac.Equip.FictitiousPlc.dll
	EndProjectSection
EndProject
Project("{FAE04EC0-301F-11D3-BF4B-00C04F79EFBC}") = "Mesnac.Controls.Default", "Controls\Mesnac.Controls.Default\Mesnac.Controls.Default.csproj", "{F022C0E6-2819-4FB1-BB86-0F389F061A44}"
EndProject
Project("{FAE04EC0-301F-11D3-BF4B-00C04F79EFBC}") = "Mesnac.Controls.Feeding", "Controls\Mesnac.Controls.Feeding\Mesnac.Controls.Feeding.csproj", "{D0C0324F-434E-47EB-8F7C-BA6CD7F233B4}"
EndProject
Project("{2150E333-8FDC-42A3-9474-1A3956D46DE8}") = "Default", "Default", "{005221A6-AC29-42C4-916F-CBF6288338EE}"
EndProject
Project("{FAE04EC0-301F-11D3-BF4B-00C04F79EFBC}") = "Mesnac.Action.Default", "Action\Default\Mesnac.Action.Default\Mesnac.Action.Default.csproj", "{6A2190C6-B530-4D5B-BD34-29EFB0431F67}"
EndProject
Project("{FAE04EC0-301F-11D3-BF4B-00C04F79EFBC}") = "Mesnac.Basic", "Main\Mesnac.Basic\Mesnac.Basic.csproj", "{28ACACF1-9936-4E97-A866-F84366EC5286}"
EndProject
Project("{FAE04EC0-301F-11D3-BF4B-00C04F79EFBC}") = "Mesnac.Gui.Common", "Main\Mesnac.Gui.Common\Mesnac.Gui.Common.csproj", "{235DF851-9EA7-43D4-B3F9-0CAB7F60AD17}"
EndProject
Project("{FAE04EC0-301F-11D3-BF4B-00C04F79EFBC}") = "Mesnac.Gui.Edit", "Main\Mesnac.Gui.Edit\Mesnac.Gui.Edit.csproj", "{D061040C-E4C0-4B7A-8348-88D4315B4889}"
EndProject
Project("{FAE04EC0-301F-11D3-BF4B-00C04F79EFBC}") = "MCRun", "Main\MCRun\MCRun.csproj", "{91C803A6-90D1-4361-8B92-9AFD9E766411}"
EndProject
Project("{FAE04EC0-301F-11D3-BF4B-00C04F79EFBC}") = "MCEdit", "Main\MCEdit\MCEdit.csproj", "{0C653BC3-0016-4CC8-BD75-3F961FED1FBC}"
EndProject
Project("{FAE04EC0-301F-11D3-BF4B-00C04F79EFBC}") = "Mesnac.Action.Base", "Action\Mesnac.Action.Base\Mesnac.Action.Base.csproj", "{7C91BC10-712A-4391-BC2C-FA48DC59F806}"
EndProject
Project("{FAE04EC0-301F-11D3-BF4B-00C04F79EFBC}") = "Mesnac.ActionService", "Action\Mesnac.ActionService\Mesnac.ActionService.csproj", "{4F366487-D407-48EB-9AAD-E13C177BC788}"
EndProject
Project("{FAE04EC0-301F-11D3-BF4B-00C04F79EFBC}") = "TestApp", "Main\TestApp\TestApp.csproj", "{B198CCA8-27DB-410A-8BBC-5FCEF679EF3D}"
EndProject
Project("{FAE04EC0-301F-11D3-BF4B-00C04F79EFBC}") = "Mesnac.Controls.Sulf", "Controls\Mesnac.Controls.Sulf\Mesnac.Controls.Sulf.csproj", "{A68F1349-57E9-4E5F-8B98-A7ECFC028FB4}"
EndProject
Project("{2150E333-8FDC-42A3-9474-1A3956D46DE8}") = "Sulf", "Sulf", "{38768BF3-F074-45E8-AB6D-212493EEAABC}"
EndProject
Project("{FAE04EC0-301F-11D3-BF4B-00C04F79EFBC}") = "Mesnac.Action.Sulf", "Action\Sulf\Mesnac.Action.Sulf\Mesnac.Action.Sulf.csproj", "{3A9F8AC9-510D-40BD-A733-674FAB1ADC22}"
EndProject
Project("{FAE04EC0-301F-11D3-BF4B-00C04F79EFBC}") = "MCRunPC", "Main\MCRunPC\MCRunPC.csproj", "{1FB9FA67-6251-4455-AB92-0E61E868E702}"
EndProject
Project("{2150E333-8FDC-42A3-9474-1A3956D46DE8}") = "Oracle", "Oracle", "{DECFAD9E-0912-4E35-AC1C-E506A72019DA}"
	ProjectSection(SolutionItems) = preProject
		Libraries\Oracle\Oracle.DataAccess.dll = Libraries\Oracle\Oracle.DataAccess.dll
	EndProjectSection
EndProject
Project("{FAE04EC0-301F-11D3-BF4B-00C04F79EFBC}") = "Mesnac.Action.SulfGroup", "Mesnac.Action.SulfGroup\Mesnac.Action.SulfGroup.csproj", "{243891EC-75BF-43D8-A557-455D6B368ECC}"
EndProject
Project("{FAE04EC0-301F-11D3-BF4B-00C04F79EFBC}") = "Mesnac.Gui.Run.Global", "Main\Mensac.Gui.Run.Global\Mesnac.Gui.Run.Global.csproj", "{CC98CB3B-F532-4510-AC08-7DDBD520CB06}"
EndProject
Project("{FAE04EC0-301F-11D3-BF4B-00C04F79EFBC}") = "Mesnac.Gui.Edit.Global", "Main\Mesnac.Gui.Edit.Global\Mesnac.Gui.Edit.Global.csproj", "{E7FE3BD9-0D1D-497B-AA59-CE46159CEFBC}"
EndProject
Project("{FAE04EC0-301F-11D3-BF4B-00C04F79EFBC}") = "Mesnac.Gui.Run", "Main\Mesnac.Gui.Run\Mesnac.Gui.Run.csproj", "{902D2229-8803-4B7C-B245-4AD4B04D0C3F}"
EndProject
Project("{FAE04EC0-301F-11D3-BF4B-00C04F79EFBC}") = "Mesnac.WebService", "Mesnac.WebService\Mesnac.WebService.csproj", "{E2DFEF4C-1C74-4C71-895A-30B5D80D38B3}"
EndProject
Project("{FAE04EC0-301F-11D3-BF4B-00C04F79EFBC}") = "Mesnac.Communication", "Libraries\Mesnac.Communication\Mesnac.Communication.csproj", "{9A9C4AEF-33E4-4F26-9DC3-9CACBA375B69}"
EndProject
Project("{2150E333-8FDC-42A3-9474-1A3956D46DE8}") = "NPOI", "NPOI", "{213593AB-F20A-41D6-829A-BFE94D116448}"
	ProjectSection(SolutionItems) = preProject
		Libraries\NPOI\Ionic.Zip.dll = Libraries\NPOI\Ionic.Zip.dll
		Libraries\NPOI\NPOI.dll = Libraries\NPOI\NPOI.dll
	EndProjectSection
EndProject
Project("{2150E333-8FDC-42A3-9474-1A3956D46DE8}") = "packages", "packages", "{62FE55F0-D7FE-45E7-8CF0-D5743689CB9D}"
	ProjectSection(SolutionItems) = preProject
		packages\ActMulti.dll = packages\ActMulti.dll
		packages\Oracle.DataAccess.dll = packages\Oracle.DataAccess.dll
		packages\Plc.db = packages\Plc.db
		packages\Plc.txt = packages\Plc.txt
		packages\ReceiveText.Txt = packages\ReceiveText.Txt
		packages\SQLite.Interop.dll = packages\SQLite.Interop.dll
		packages\System.Data.SQLite.dll = packages\System.Data.SQLite.dll
	EndProjectSection
EndProject
Global
	GlobalSection(SolutionConfigurationPlatforms) = preSolution
		Debug|Any CPU = Debug|Any CPU
		Debug|Mixed Platforms = Debug|Mixed Platforms
		Debug|x86 = Debug|x86
		Release|Any CPU = Release|Any CPU
		Release|Mixed Platforms = Release|Mixed Platforms
		Release|x86 = Release|x86
	EndGlobalSection
	GlobalSection(ProjectConfigurationPlatforms) = postSolution
		{F022C0E6-2819-4FB1-BB86-0F389F061A44}.Debug|Any CPU.ActiveCfg = Debug|Any CPU
		{F022C0E6-2819-4FB1-BB86-0F389F061A44}.Debug|Any CPU.Build.0 = Debug|Any CPU
		{F022C0E6-2819-4FB1-BB86-0F389F061A44}.Debug|Mixed Platforms.ActiveCfg = Debug|Any CPU
		{F022C0E6-2819-4FB1-BB86-0F389F061A44}.Debug|Mixed Platforms.Build.0 = Debug|Any CPU
		{F022C0E6-2819-4FB1-BB86-0F389F061A44}.Debug|x86.ActiveCfg = Debug|Any CPU
		{F022C0E6-2819-4FB1-BB86-0F389F061A44}.Release|Any CPU.ActiveCfg = Release|Any CPU
		{F022C0E6-2819-4FB1-BB86-0F389F061A44}.Release|Any CPU.Build.0 = Release|Any CPU
		{F022C0E6-2819-4FB1-BB86-0F389F061A44}.Release|Mixed Platforms.ActiveCfg = Release|Any CPU
		{F022C0E6-2819-4FB1-BB86-0F389F061A44}.Release|Mixed Platforms.Build.0 = Release|Any CPU
		{F022C0E6-2819-4FB1-BB86-0F389F061A44}.Release|x86.ActiveCfg = Release|Any CPU
		{D0C0324F-434E-47EB-8F7C-BA6CD7F233B4}.Debug|Any CPU.ActiveCfg = Debug|Any CPU
		{D0C0324F-434E-47EB-8F7C-BA6CD7F233B4}.Debug|Any CPU.Build.0 = Debug|Any CPU
		{D0C0324F-434E-47EB-8F7C-BA6CD7F233B4}.Debug|Mixed Platforms.ActiveCfg = Debug|Any CPU
		{D0C0324F-434E-47EB-8F7C-BA6CD7F233B4}.Debug|Mixed Platforms.Build.0 = Debug|Any CPU
		{D0C0324F-434E-47EB-8F7C-BA6CD7F233B4}.Debug|x86.ActiveCfg = Debug|Any CPU
		{D0C0324F-434E-47EB-8F7C-BA6CD7F233B4}.Release|Any CPU.ActiveCfg = Release|Any CPU
		{D0C0324F-434E-47EB-8F7C-BA6CD7F233B4}.Release|Any CPU.Build.0 = Release|Any CPU
		{D0C0324F-434E-47EB-8F7C-BA6CD7F233B4}.Release|Mixed Platforms.ActiveCfg = Release|Any CPU
		{D0C0324F-434E-47EB-8F7C-BA6CD7F233B4}.Release|Mixed Platforms.Build.0 = Release|Any CPU
		{D0C0324F-434E-47EB-8F7C-BA6CD7F233B4}.Release|x86.ActiveCfg = Release|Any CPU
		{6A2190C6-B530-4D5B-BD34-29EFB0431F67}.Debug|Any CPU.ActiveCfg = Debug|Any CPU
		{6A2190C6-B530-4D5B-BD34-29EFB0431F67}.Debug|Any CPU.Build.0 = Debug|Any CPU
		{6A2190C6-B530-4D5B-BD34-29EFB0431F67}.Debug|Mixed Platforms.ActiveCfg = Debug|Any CPU
		{6A2190C6-B530-4D5B-BD34-29EFB0431F67}.Debug|Mixed Platforms.Build.0 = Debug|Any CPU
		{6A2190C6-B530-4D5B-BD34-29EFB0431F67}.Debug|x86.ActiveCfg = Debug|Any CPU
		{6A2190C6-B530-4D5B-BD34-29EFB0431F67}.Release|Any CPU.ActiveCfg = Release|Any CPU
		{6A2190C6-B530-4D5B-BD34-29EFB0431F67}.Release|Any CPU.Build.0 = Release|Any CPU
		{6A2190C6-B530-4D5B-BD34-29EFB0431F67}.Release|Mixed Platforms.ActiveCfg = Release|Any CPU
		{6A2190C6-B530-4D5B-BD34-29EFB0431F67}.Release|Mixed Platforms.Build.0 = Release|Any CPU
		{6A2190C6-B530-4D5B-BD34-29EFB0431F67}.Release|x86.ActiveCfg = Release|Any CPU
		{28ACACF1-9936-4E97-A866-F84366EC5286}.Debug|Any CPU.ActiveCfg = Debug|Any CPU
		{28ACACF1-9936-4E97-A866-F84366EC5286}.Debug|Any CPU.Build.0 = Debug|Any CPU
		{28ACACF1-9936-4E97-A866-F84366EC5286}.Debug|Mixed Platforms.ActiveCfg = Debug|Any CPU
		{28ACACF1-9936-4E97-A866-F84366EC5286}.Debug|Mixed Platforms.Build.0 = Debug|Any CPU
		{28ACACF1-9936-4E97-A866-F84366EC5286}.Debug|x86.ActiveCfg = Debug|Any CPU
		{28ACACF1-9936-4E97-A866-F84366EC5286}.Release|Any CPU.ActiveCfg = Release|Any CPU
		{28ACACF1-9936-4E97-A866-F84366EC5286}.Release|Any CPU.Build.0 = Release|Any CPU
		{28ACACF1-9936-4E97-A866-F84366EC5286}.Release|Mixed Platforms.ActiveCfg = Release|Any CPU
		{28ACACF1-9936-4E97-A866-F84366EC5286}.Release|Mixed Platforms.Build.0 = Release|Any CPU
		{28ACACF1-9936-4E97-A866-F84366EC5286}.Release|x86.ActiveCfg = Release|Any CPU
		{235DF851-9EA7-43D4-B3F9-0CAB7F60AD17}.Debug|Any CPU.ActiveCfg = Debug|Any CPU
		{235DF851-9EA7-43D4-B3F9-0CAB7F60AD17}.Debug|Any CPU.Build.0 = Debug|Any CPU
		{235DF851-9EA7-43D4-B3F9-0CAB7F60AD17}.Debug|Mixed Platforms.ActiveCfg = Debug|Any CPU
		{235DF851-9EA7-43D4-B3F9-0CAB7F60AD17}.Debug|Mixed Platforms.Build.0 = Debug|Any CPU
		{235DF851-9EA7-43D4-B3F9-0CAB7F60AD17}.Debug|x86.ActiveCfg = Debug|Any CPU
		{235DF851-9EA7-43D4-B3F9-0CAB7F60AD17}.Release|Any CPU.ActiveCfg = Release|Any CPU
		{235DF851-9EA7-43D4-B3F9-0CAB7F60AD17}.Release|Any CPU.Build.0 = Release|Any CPU
		{235DF851-9EA7-43D4-B3F9-0CAB7F60AD17}.Release|Mixed Platforms.ActiveCfg = Release|Any CPU
		{235DF851-9EA7-43D4-B3F9-0CAB7F60AD17}.Release|Mixed Platforms.Build.0 = Release|Any CPU
		{235DF851-9EA7-43D4-B3F9-0CAB7F60AD17}.Release|x86.ActiveCfg = Release|Any CPU
		{D061040C-E4C0-4B7A-8348-88D4315B4889}.Debug|Any CPU.ActiveCfg = Debug|Any CPU
		{D061040C-E4C0-4B7A-8348-88D4315B4889}.Debug|Any CPU.Build.0 = Debug|Any CPU
		{D061040C-E4C0-4B7A-8348-88D4315B4889}.Debug|Mixed Platforms.ActiveCfg = Debug|Any CPU
		{D061040C-E4C0-4B7A-8348-88D4315B4889}.Debug|Mixed Platforms.Build.0 = Debug|Any CPU
		{D061040C-E4C0-4B7A-8348-88D4315B4889}.Debug|x86.ActiveCfg = Debug|Any CPU
		{D061040C-E4C0-4B7A-8348-88D4315B4889}.Release|Any CPU.ActiveCfg = Release|Any CPU
		{D061040C-E4C0-4B7A-8348-88D4315B4889}.Release|Any CPU.Build.0 = Release|Any CPU
		{D061040C-E4C0-4B7A-8348-88D4315B4889}.Release|Mixed Platforms.ActiveCfg = Release|Any CPU
		{D061040C-E4C0-4B7A-8348-88D4315B4889}.Release|Mixed Platforms.Build.0 = Release|Any CPU
		{D061040C-E4C0-4B7A-8348-88D4315B4889}.Release|x86.ActiveCfg = Release|Any CPU
		{91C803A6-90D1-4361-8B92-9AFD9E766411}.Debug|Any CPU.ActiveCfg = Debug|x86
		{91C803A6-90D1-4361-8B92-9AFD9E766411}.Debug|Mixed Platforms.ActiveCfg = Debug|x86
		{91C803A6-90D1-4361-8B92-9AFD9E766411}.Debug|Mixed Platforms.Build.0 = Debug|x86
		{91C803A6-90D1-4361-8B92-9AFD9E766411}.Debug|x86.ActiveCfg = Debug|x86
		{91C803A6-90D1-4361-8B92-9AFD9E766411}.Debug|x86.Build.0 = Debug|x86
		{91C803A6-90D1-4361-8B92-9AFD9E766411}.Release|Any CPU.ActiveCfg = Release|x86
		{91C803A6-90D1-4361-8B92-9AFD9E766411}.Release|Mixed Platforms.ActiveCfg = Release|x86
		{91C803A6-90D1-4361-8B92-9AFD9E766411}.Release|Mixed Platforms.Build.0 = Release|x86
		{91C803A6-90D1-4361-8B92-9AFD9E766411}.Release|x86.ActiveCfg = Release|x86
		{91C803A6-90D1-4361-8B92-9AFD9E766411}.Release|x86.Build.0 = Release|x86
		{0C653BC3-0016-4CC8-BD75-3F961FED1FBC}.Debug|Any CPU.ActiveCfg = Debug|x86
		{0C653BC3-0016-4CC8-BD75-3F961FED1FBC}.Debug|Mixed Platforms.ActiveCfg = Debug|x86
		{0C653BC3-0016-4CC8-BD75-3F961FED1FBC}.Debug|Mixed Platforms.Build.0 = Debug|x86
		{0C653BC3-0016-4CC8-BD75-3F961FED1FBC}.Debug|x86.ActiveCfg = Debug|x86
		{0C653BC3-0016-4CC8-BD75-3F961FED1FBC}.Debug|x86.Build.0 = Debug|x86
		{0C653BC3-0016-4CC8-BD75-3F961FED1FBC}.Release|Any CPU.ActiveCfg = Release|x86
		{0C653BC3-0016-4CC8-BD75-3F961FED1FBC}.Release|Mixed Platforms.ActiveCfg = Release|x86
		{0C653BC3-0016-4CC8-BD75-3F961FED1FBC}.Release|Mixed Platforms.Build.0 = Release|x86
		{0C653BC3-0016-4CC8-BD75-3F961FED1FBC}.Release|x86.ActiveCfg = Release|x86
		{0C653BC3-0016-4CC8-BD75-3F961FED1FBC}.Release|x86.Build.0 = Release|x86
		{7C91BC10-712A-4391-BC2C-FA48DC59F806}.Debug|Any CPU.ActiveCfg = Debug|Any CPU
		{7C91BC10-712A-4391-BC2C-FA48DC59F806}.Debug|Any CPU.Build.0 = Debug|Any CPU
		{7C91BC10-712A-4391-BC2C-FA48DC59F806}.Debug|Mixed Platforms.ActiveCfg = Debug|Any CPU
		{7C91BC10-712A-4391-BC2C-FA48DC59F806}.Debug|Mixed Platforms.Build.0 = Debug|Any CPU
		{7C91BC10-712A-4391-BC2C-FA48DC59F806}.Debug|x86.ActiveCfg = Debug|Any CPU
		{7C91BC10-712A-4391-BC2C-FA48DC59F806}.Release|Any CPU.ActiveCfg = Release|Any CPU
		{7C91BC10-712A-4391-BC2C-FA48DC59F806}.Release|Any CPU.Build.0 = Release|Any CPU
		{7C91BC10-712A-4391-BC2C-FA48DC59F806}.Release|Mixed Platforms.ActiveCfg = Release|Any CPU
		{7C91BC10-712A-4391-BC2C-FA48DC59F806}.Release|Mixed Platforms.Build.0 = Release|Any CPU
		{7C91BC10-712A-4391-BC2C-FA48DC59F806}.Release|x86.ActiveCfg = Release|Any CPU
		{4F366487-D407-48EB-9AAD-E13C177BC788}.Debug|Any CPU.ActiveCfg = Debug|Any CPU
		{4F366487-D407-48EB-9AAD-E13C177BC788}.Debug|Any CPU.Build.0 = Debug|Any CPU
		{4F366487-D407-48EB-9AAD-E13C177BC788}.Debug|Mixed Platforms.ActiveCfg = Debug|Any CPU
		{4F366487-D407-48EB-9AAD-E13C177BC788}.Debug|Mixed Platforms.Build.0 = Debug|Any CPU
		{4F366487-D407-48EB-9AAD-E13C177BC788}.Debug|x86.ActiveCfg = Debug|Any CPU
		{4F366487-D407-48EB-9AAD-E13C177BC788}.Release|Any CPU.ActiveCfg = Release|Any CPU
		{4F366487-D407-48EB-9AAD-E13C177BC788}.Release|Any CPU.Build.0 = Release|Any CPU
		{4F366487-D407-48EB-9AAD-E13C177BC788}.Release|Mixed Platforms.ActiveCfg = Release|Any CPU
		{4F366487-D407-48EB-9AAD-E13C177BC788}.Release|Mixed Platforms.Build.0 = Release|Any CPU
		{4F366487-D407-48EB-9AAD-E13C177BC788}.Release|x86.ActiveCfg = Release|Any CPU
		{B198CCA8-27DB-410A-8BBC-5FCEF679EF3D}.Debug|Any CPU.ActiveCfg = Debug|x86
		{B198CCA8-27DB-410A-8BBC-5FCEF679EF3D}.Debug|Mixed Platforms.ActiveCfg = Debug|x86
		{B198CCA8-27DB-410A-8BBC-5FCEF679EF3D}.Debug|Mixed Platforms.Build.0 = Debug|x86
		{B198CCA8-27DB-410A-8BBC-5FCEF679EF3D}.Debug|x86.ActiveCfg = Debug|x86
		{B198CCA8-27DB-410A-8BBC-5FCEF679EF3D}.Debug|x86.Build.0 = Debug|x86
		{B198CCA8-27DB-410A-8BBC-5FCEF679EF3D}.Release|Any CPU.ActiveCfg = Release|x86
		{B198CCA8-27DB-410A-8BBC-5FCEF679EF3D}.Release|Mixed Platforms.ActiveCfg = Release|x86
		{B198CCA8-27DB-410A-8BBC-5FCEF679EF3D}.Release|Mixed Platforms.Build.0 = Release|x86
		{B198CCA8-27DB-410A-8BBC-5FCEF679EF3D}.Release|x86.ActiveCfg = Release|x86
		{B198CCA8-27DB-410A-8BBC-5FCEF679EF3D}.Release|x86.Build.0 = Release|x86
		{A68F1349-57E9-4E5F-8B98-A7ECFC028FB4}.Debug|Any CPU.ActiveCfg = Debug|Any CPU
		{A68F1349-57E9-4E5F-8B98-A7ECFC028FB4}.Debug|Any CPU.Build.0 = Debug|Any CPU
		{A68F1349-57E9-4E5F-8B98-A7ECFC028FB4}.Debug|Mixed Platforms.ActiveCfg = Debug|Any CPU
		{A68F1349-57E9-4E5F-8B98-A7ECFC028FB4}.Debug|Mixed Platforms.Build.0 = Debug|Any CPU
		{A68F1349-57E9-4E5F-8B98-A7ECFC028FB4}.Debug|x86.ActiveCfg = Debug|Any CPU
		{A68F1349-57E9-4E5F-8B98-A7ECFC028FB4}.Release|Any CPU.ActiveCfg = Release|Any CPU
		{A68F1349-57E9-4E5F-8B98-A7ECFC028FB4}.Release|Any CPU.Build.0 = Release|Any CPU
		{A68F1349-57E9-4E5F-8B98-A7ECFC028FB4}.Release|Mixed Platforms.ActiveCfg = Release|Any CPU
		{A68F1349-57E9-4E5F-8B98-A7ECFC028FB4}.Release|Mixed Platforms.Build.0 = Release|Any CPU
		{A68F1349-57E9-4E5F-8B98-A7ECFC028FB4}.Release|x86.ActiveCfg = Release|Any CPU
		{3A9F8AC9-510D-40BD-A733-674FAB1ADC22}.Debug|Any CPU.ActiveCfg = Debug|Any CPU
		{3A9F8AC9-510D-40BD-A733-674FAB1ADC22}.Debug|Any CPU.Build.0 = Debug|Any CPU
		{3A9F8AC9-510D-40BD-A733-674FAB1ADC22}.Debug|Mixed Platforms.ActiveCfg = Debug|Any CPU
		{3A9F8AC9-510D-40BD-A733-674FAB1ADC22}.Debug|Mixed Platforms.Build.0 = Debug|Any CPU
		{3A9F8AC9-510D-40BD-A733-674FAB1ADC22}.Debug|x86.ActiveCfg = Debug|Any CPU
		{3A9F8AC9-510D-40BD-A733-674FAB1ADC22}.Release|Any CPU.ActiveCfg = Release|Any CPU
		{3A9F8AC9-510D-40BD-A733-674FAB1ADC22}.Release|Any CPU.Build.0 = Release|Any CPU
		{3A9F8AC9-510D-40BD-A733-674FAB1ADC22}.Release|Mixed Platforms.ActiveCfg = Release|Any CPU
		{3A9F8AC9-510D-40BD-A733-674FAB1ADC22}.Release|Mixed Platforms.Build.0 = Release|Any CPU
		{3A9F8AC9-510D-40BD-A733-674FAB1ADC22}.Release|x86.ActiveCfg = Release|Any CPU
		{1FB9FA67-6251-4455-AB92-0E61E868E702}.Debug|Any CPU.ActiveCfg = Debug|x86
		{1FB9FA67-6251-4455-AB92-0E61E868E702}.Debug|Mixed Platforms.ActiveCfg = Debug|x86
		{1FB9FA67-6251-4455-AB92-0E61E868E702}.Debug|Mixed Platforms.Build.0 = Debug|x86
		{1FB9FA67-6251-4455-AB92-0E61E868E702}.Debug|x86.ActiveCfg = Debug|x86
		{1FB9FA67-6251-4455-AB92-0E61E868E702}.Debug|x86.Build.0 = Debug|x86
		{1FB9FA67-6251-4455-AB92-0E61E868E702}.Release|Any CPU.ActiveCfg = Release|x86
		{1FB9FA67-6251-4455-AB92-0E61E868E702}.Release|Mixed Platforms.ActiveCfg = Release|x86
		{1FB9FA67-6251-4455-AB92-0E61E868E702}.Release|Mixed Platforms.Build.0 = Release|x86
		{1FB9FA67-6251-4455-AB92-0E61E868E702}.Release|x86.ActiveCfg = Release|x86
		{1FB9FA67-6251-4455-AB92-0E61E868E702}.Release|x86.Build.0 = Release|x86
		{243891EC-75BF-43D8-A557-455D6B368ECC}.Debug|Any CPU.ActiveCfg = Debug|x86
		{243891EC-75BF-43D8-A557-455D6B368ECC}.Debug|Mixed Platforms.ActiveCfg = Debug|x86
		{243891EC-75BF-43D8-A557-455D6B368ECC}.Debug|Mixed Platforms.Build.0 = Debug|x86
		{243891EC-75BF-43D8-A557-455D6B368ECC}.Debug|x86.ActiveCfg = Debug|x86
		{243891EC-75BF-43D8-A557-455D6B368ECC}.Debug|x86.Build.0 = Debug|x86
		{243891EC-75BF-43D8-A557-455D6B368ECC}.Release|Any CPU.ActiveCfg = Release|x86
		{243891EC-75BF-43D8-A557-455D6B368ECC}.Release|Mixed Platforms.ActiveCfg = Release|x86
		{243891EC-75BF-43D8-A557-455D6B368ECC}.Release|Mixed Platforms.Build.0 = Release|x86
		{243891EC-75BF-43D8-A557-455D6B368ECC}.Release|x86.ActiveCfg = Release|x86
		{243891EC-75BF-43D8-A557-455D6B368ECC}.Release|x86.Build.0 = Release|x86
		{CC98CB3B-F532-4510-AC08-7DDBD520CB06}.Debug|Any CPU.ActiveCfg = Debug|Any CPU
		{CC98CB3B-F532-4510-AC08-7DDBD520CB06}.Debug|Any CPU.Build.0 = Debug|Any CPU
		{CC98CB3B-F532-4510-AC08-7DDBD520CB06}.Debug|Mixed Platforms.ActiveCfg = Debug|Any CPU
		{CC98CB3B-F532-4510-AC08-7DDBD520CB06}.Debug|Mixed Platforms.Build.0 = Debug|Any CPU
		{CC98CB3B-F532-4510-AC08-7DDBD520CB06}.Debug|x86.ActiveCfg = Debug|Any CPU
		{CC98CB3B-F532-4510-AC08-7DDBD520CB06}.Release|Any CPU.ActiveCfg = Release|Any CPU
		{CC98CB3B-F532-4510-AC08-7DDBD520CB06}.Release|Any CPU.Build.0 = Release|Any CPU
		{CC98CB3B-F532-4510-AC08-7DDBD520CB06}.Release|Mixed Platforms.ActiveCfg = Release|Any CPU
		{CC98CB3B-F532-4510-AC08-7DDBD520CB06}.Release|Mixed Platforms.Build.0 = Release|Any CPU
		{CC98CB3B-F532-4510-AC08-7DDBD520CB06}.Release|x86.ActiveCfg = Release|Any CPU
		{E7FE3BD9-0D1D-497B-AA59-CE46159CEFBC}.Debug|Any CPU.ActiveCfg = Debug|Any CPU
		{E7FE3BD9-0D1D-497B-AA59-CE46159CEFBC}.Debug|Any CPU.Build.0 = Debug|Any CPU
		{E7FE3BD9-0D1D-497B-AA59-CE46159CEFBC}.Debug|Mixed Platforms.ActiveCfg = Debug|Any CPU
		{E7FE3BD9-0D1D-497B-AA59-CE46159CEFBC}.Debug|Mixed Platforms.Build.0 = Debug|Any CPU
		{E7FE3BD9-0D1D-497B-AA59-CE46159CEFBC}.Debug|x86.ActiveCfg = Debug|Any CPU
		{E7FE3BD9-0D1D-497B-AA59-CE46159CEFBC}.Release|Any CPU.ActiveCfg = Release|Any CPU
		{E7FE3BD9-0D1D-497B-AA59-CE46159CEFBC}.Release|Any CPU.Build.0 = Release|Any CPU
		{E7FE3BD9-0D1D-497B-AA59-CE46159CEFBC}.Release|Mixed Platforms.ActiveCfg = Release|Any CPU
		{E7FE3BD9-0D1D-497B-AA59-CE46159CEFBC}.Release|Mixed Platforms.Build.0 = Release|Any CPU
		{E7FE3BD9-0D1D-497B-AA59-CE46159CEFBC}.Release|x86.ActiveCfg = Release|Any CPU
		{902D2229-8803-4B7C-B245-4AD4B04D0C3F}.Debug|Any CPU.ActiveCfg = Debug|Any CPU
		{902D2229-8803-4B7C-B245-4AD4B04D0C3F}.Debug|Any CPU.Build.0 = Debug|Any CPU
		{902D2229-8803-4B7C-B245-4AD4B04D0C3F}.Debug|Mixed Platforms.ActiveCfg = Debug|Any CPU
		{902D2229-8803-4B7C-B245-4AD4B04D0C3F}.Debug|Mixed Platforms.Build.0 = Debug|Any CPU
		{902D2229-8803-4B7C-B245-4AD4B04D0C3F}.Debug|x86.ActiveCfg = Debug|Any CPU
		{902D2229-8803-4B7C-B245-4AD4B04D0C3F}.Release|Any CPU.ActiveCfg = Release|Any CPU
		{902D2229-8803-4B7C-B245-4AD4B04D0C3F}.Release|Any CPU.Build.0 = Release|Any CPU
		{902D2229-8803-4B7C-B245-4AD4B04D0C3F}.Release|Mixed Platforms.ActiveCfg = Release|Any CPU
		{902D2229-8803-4B7C-B245-4AD4B04D0C3F}.Release|Mixed Platforms.Build.0 = Release|Any CPU
		{902D2229-8803-4B7C-B245-4AD4B04D0C3F}.Release|x86.ActiveCfg = Release|Any CPU
		{E2DFEF4C-1C74-4C71-895A-30B5D80D38B3}.Debug|Any CPU.ActiveCfg = Debug|Any CPU
		{E2DFEF4C-1C74-4C71-895A-30B5D80D38B3}.Debug|Any CPU.Build.0 = Debug|Any CPU
		{E2DFEF4C-1C74-4C71-895A-30B5D80D38B3}.Debug|Mixed Platforms.ActiveCfg = Debug|Any CPU
		{E2DFEF4C-1C74-4C71-895A-30B5D80D38B3}.Debug|Mixed Platforms.Build.0 = Debug|Any CPU
		{E2DFEF4C-1C74-4C71-895A-30B5D80D38B3}.Debug|x86.ActiveCfg = Debug|Any CPU
		{E2DFEF4C-1C74-4C71-895A-30B5D80D38B3}.Release|Any CPU.ActiveCfg = Release|Any CPU
		{E2DFEF4C-1C74-4C71-895A-30B5D80D38B3}.Release|Any CPU.Build.0 = Release|Any CPU
		{E2DFEF4C-1C74-4C71-895A-30B5D80D38B3}.Release|Mixed Platforms.ActiveCfg = Release|Any CPU
		{E2DFEF4C-1C74-4C71-895A-30B5D80D38B3}.Release|Mixed Platforms.Build.0 = Release|Any CPU
		{E2DFEF4C-1C74-4C71-895A-30B5D80D38B3}.Release|x86.ActiveCfg = Release|Any CPU
		{9A9C4AEF-33E4-4F26-9DC3-9CACBA375B69}.Debug|Any CPU.ActiveCfg = Debug|Any CPU
		{9A9C4AEF-33E4-4F26-9DC3-9CACBA375B69}.Debug|Any CPU.Build.0 = Debug|Any CPU
		{9A9C4AEF-33E4-4F26-9DC3-9CACBA375B69}.Debug|Mixed Platforms.ActiveCfg = Debug|Any CPU
		{9A9C4AEF-33E4-4F26-9DC3-9CACBA375B69}.Debug|Mixed Platforms.Build.0 = Debug|Any CPU
		{9A9C4AEF-33E4-4F26-9DC3-9CACBA375B69}.Debug|x86.ActiveCfg = Debug|Any CPU
		{9A9C4AEF-33E4-4F26-9DC3-9CACBA375B69}.Release|Any CPU.ActiveCfg = Release|Any CPU
		{9A9C4AEF-33E4-4F26-9DC3-9CACBA375B69}.Release|Any CPU.Build.0 = Release|Any CPU
		{9A9C4AEF-33E4-4F26-9DC3-9CACBA375B69}.Release|Mixed Platforms.ActiveCfg = Release|Any CPU
		{9A9C4AEF-33E4-4F26-9DC3-9CACBA375B69}.Release|Mixed Platforms.Build.0 = Release|Any CPU
		{9A9C4AEF-33E4-4F26-9DC3-9CACBA375B69}.Release|x86.ActiveCfg = Release|Any CPU
	EndGlobalSection
	GlobalSection(SolutionProperties) = preSolution
		HideSolutionNode = FALSE
	EndGlobalSection
	GlobalSection(NestedProjects) = preSolution
		{005221A6-AC29-42C4-916F-CBF6288338EE} = {E8E8C157-11A4-4491-BF85-FF734F8FD526}
		{7C91BC10-712A-4391-BC2C-FA48DC59F806} = {E8E8C157-11A4-4491-BF85-FF734F8FD526}
		{4F366487-D407-48EB-9AAD-E13C177BC788} = {E8E8C157-11A4-4491-BF85-FF734F8FD526}
		{38768BF3-F074-45E8-AB6D-212493EEAABC} = {E8E8C157-11A4-4491-BF85-FF734F8FD526}
		{F022C0E6-2819-4FB1-BB86-0F389F061A44} = {D7DFFB02-471A-4640-BD64-B638DDF19038}
		{D0C0324F-434E-47EB-8F7C-BA6CD7F233B4} = {D7DFFB02-471A-4640-BD64-B638DDF19038}
		{A68F1349-57E9-4E5F-8B98-A7ECFC028FB4} = {D7DFFB02-471A-4640-BD64-B638DDF19038}
		{EC90A5A3-1689-404F-B2C6-4D33077E4E5D} = {ED0A956F-28D0-427D-BF5F-76E71F28B18E}
		{2EBC9BDF-1BB0-4906-B794-75ABDB404D7A} = {ED0A956F-28D0-427D-BF5F-76E71F28B18E}
		{3B925188-8925-4E57-B536-A902C672FF41} = {22FE56C9-A6E7-4A69-B1F8-C7FB3B75C9A7}
		{49BCC4FA-AB0C-46B4-B674-5720CF7FBA8D} = {22FE56C9-A6E7-4A69-B1F8-C7FB3B75C9A7}
		{76986B16-BFE4-4012-9204-CC2EA0E5544E} = {22FE56C9-A6E7-4A69-B1F8-C7FB3B75C9A7}
		{F1F8671E-DCC7-4F90-8B64-2139385DD445} = {22FE56C9-A6E7-4A69-B1F8-C7FB3B75C9A7}
		{6E8C1857-17F8-4ABD-A287-805F61B13269} = {22FE56C9-A6E7-4A69-B1F8-C7FB3B75C9A7}
		{DECFAD9E-0912-4E35-AC1C-E506A72019DA} = {22FE56C9-A6E7-4A69-B1F8-C7FB3B75C9A7}
		{9A9C4AEF-33E4-4F26-9DC3-9CACBA375B69} = {22FE56C9-A6E7-4A69-B1F8-C7FB3B75C9A7}
		{213593AB-F20A-41D6-829A-BFE94D116448} = {22FE56C9-A6E7-4A69-B1F8-C7FB3B75C9A7}
		{62FE55F0-D7FE-45E7-8CF0-D5743689CB9D} = {22FE56C9-A6E7-4A69-B1F8-C7FB3B75C9A7}
		{28ACACF1-9936-4E97-A866-F84366EC5286} = {B1A9F694-181D-476C-904C-F182D2C31558}
		{235DF851-9EA7-43D4-B3F9-0CAB7F60AD17} = {B1A9F694-181D-476C-904C-F182D2C31558}
		{D061040C-E4C0-4B7A-8348-88D4315B4889} = {B1A9F694-181D-476C-904C-F182D2C31558}
		{91C803A6-90D1-4361-8B92-9AFD9E766411} = {B1A9F694-181D-476C-904C-F182D2C31558}
		{0C653BC3-0016-4CC8-BD75-3F961FED1FBC} = {B1A9F694-181D-476C-904C-F182D2C31558}
		{B198CCA8-27DB-410A-8BBC-5FCEF679EF3D} = {B1A9F694-181D-476C-904C-F182D2C31558}
		{1FB9FA67-6251-4455-AB92-0E61E868E702} = {B1A9F694-181D-476C-904C-F182D2C31558}
		{CC98CB3B-F532-4510-AC08-7DDBD520CB06} = {B1A9F694-181D-476C-904C-F182D2C31558}
		{E7FE3BD9-0D1D-497B-AA59-CE46159CEFBC} = {B1A9F694-181D-476C-904C-F182D2C31558}
		{902D2229-8803-4B7C-B245-4AD4B04D0C3F} = {B1A9F694-181D-476C-904C-F182D2C31558}
		{A0D5A1DC-9A78-4498-BAFA-FB274B1C3395} = {AA49E79B-5AA6-40A1-A2EB-15E25CB76F68}
		{6A2190C6-B530-4D5B-BD34-29EFB0431F67} = {005221A6-AC29-42C4-916F-CBF6288338EE}
		{3A9F8AC9-510D-40BD-A733-674FAB1ADC22} = {38768BF3-F074-45E8-AB6D-212493EEAABC}
		{243891EC-75BF-43D8-A557-455D6B368ECC} = {38768BF3-F074-45E8-AB6D-212493EEAABC}
		{E2DFEF4C-1C74-4C71-895A-30B5D80D38B3} = {38768BF3-F074-45E8-AB6D-212493EEAABC}
	EndGlobalSection
EndGlobal
