
Microsoft Visual Studio Solution File, Format Version 12.00
# Visual Studio 2010
Project("{E24C65DC-7377-472B-9ABA-BC803B73C61A}") = "WLGL", "WLGL", "{23C44F1B-3306-4473-AA7F-83644081361F}"
	ProjectSection(WebsiteProperties) = preProject
		SccProjectName = ""
		SccAuxPath = ""
		SccLocalPath = ""
		SccProvider = ""
		TargetFrameworkMoniker = ".NETFramework,Version%3Dv4.0"
		ProjectReferences = "{7368389F-C25A-4B5C-8EFE-5159ACFE7085}|purview.dll;{2C73043F-63CC-4233-9D76-C5F52BE86589}|Utility.dll;{A7A20F33-ACDD-4CED-9B71-2A037B47379E}|XMLHandler.dll;{DCE778F4-2E03-4E46-9BE1-3C86DD6D37A8}|DBOperator.dll;"
		Debug.AspNetCompiler.VirtualPath = "/WLGL"
		Debug.AspNetCompiler.PhysicalPath = "WLGL\"
		Debug.AspNetCompiler.TargetPath = "WLGL\"
		Debug.AspNetCompiler.Updateable = "true"
		Debug.AspNetCompiler.ForceOverwrite = "true"
		Debug.AspNetCompiler.FixedNames = "false"
		Debug.AspNetCompiler.Debug = "True"
		Release.AspNetCompiler.VirtualPath = "/WLGL"
		Release.AspNetCompiler.PhysicalPath = "WLGL\"
		Release.AspNetCompiler.TargetPath = "WLGL\"
		Release.AspNetCompiler.Updateable = "true"
		Release.AspNetCompiler.ForceOverwrite = "true"
		Release.AspNetCompiler.FixedNames = "false"
		Release.AspNetCompiler.Debug = "False"
		VWDPort = "6373"
		DefaultWebSiteLanguage = "Visual C#"
	EndProjectSection
	ProjectSection(ProjectDependencies) = postProject
		{A7A20F33-ACDD-4CED-9B71-2A037B47379E} = {A7A20F33-ACDD-4CED-9B71-2A037B47379E}
	EndProjectSection
EndProject
Project("{FAE04EC0-301F-11D3-BF4B-00C04F79EFBC}") = "XMLHandler", "code\XMLHandler\XMLHandler\XMLHandler.csproj", "{A7A20F33-ACDD-4CED-9B71-2A037B47379E}"
EndProject
Project("{FAE04EC0-301F-11D3-BF4B-00C04F79EFBC}") = "DBOperator", "code\DBOperator\DBOperator\DBOperator.csproj", "{DCE778F4-2E03-4E46-9BE1-3C86DD6D37A8}"
EndProject
Project("{FAE04EC0-301F-11D3-BF4B-00C04F79EFBC}") = "purview", "code\purview\purview\purview.csproj", "{7368389F-C25A-4B5C-8EFE-5159ACFE7085}"
EndProject
Project("{FAE04EC0-301F-11D3-BF4B-00C04F79EFBC}") = "Utility", "code\Utility\Utility.csproj", "{2C73043F-63CC-4233-9D76-C5F52BE86589}"
EndProject
Global
	GlobalSection(SolutionConfigurationPlatforms) = preSolution
		Debug|.NET = Debug|.NET
		Debug|Any CPU = Debug|Any CPU
		Debug|Mixed Platforms = Debug|Mixed Platforms
		Release|.NET = Release|.NET
		Release|Any CPU = Release|Any CPU
		Release|Mixed Platforms = Release|Mixed Platforms
	EndGlobalSection
	GlobalSection(ProjectConfigurationPlatforms) = postSolution
		{23C44F1B-3306-4473-AA7F-83644081361F}.Debug|.NET.ActiveCfg = Debug|Any CPU
		{23C44F1B-3306-4473-AA7F-83644081361F}.Debug|Any CPU.ActiveCfg = Debug|Any CPU
		{23C44F1B-3306-4473-AA7F-83644081361F}.Debug|Any CPU.Build.0 = Debug|Any CPU
		{23C44F1B-3306-4473-AA7F-83644081361F}.Debug|Mixed Platforms.ActiveCfg = Debug|Any CPU
		{23C44F1B-3306-4473-AA7F-83644081361F}.Debug|Mixed Platforms.Build.0 = Debug|Any CPU
		{23C44F1B-3306-4473-AA7F-83644081361F}.Release|.NET.ActiveCfg = Debug|Any CPU
		{23C44F1B-3306-4473-AA7F-83644081361F}.Release|Any CPU.ActiveCfg = Debug|Any CPU
		{23C44F1B-3306-4473-AA7F-83644081361F}.Release|Any CPU.Build.0 = Debug|Any CPU
		{23C44F1B-3306-4473-AA7F-83644081361F}.Release|Mixed Platforms.ActiveCfg = Debug|Any CPU
		{23C44F1B-3306-4473-AA7F-83644081361F}.Release|Mixed Platforms.Build.0 = Debug|Any CPU
		{A7A20F33-ACDD-4CED-9B71-2A037B47379E}.Debug|.NET.ActiveCfg = Debug|Any CPU
		{A7A20F33-ACDD-4CED-9B71-2A037B47379E}.Debug|Any CPU.ActiveCfg = Debug|Any CPU
		{A7A20F33-ACDD-4CED-9B71-2A037B47379E}.Debug|Any CPU.Build.0 = Debug|Any CPU
		{A7A20F33-ACDD-4CED-9B71-2A037B47379E}.Debug|Mixed Platforms.ActiveCfg = Debug|Any CPU
		{A7A20F33-ACDD-4CED-9B71-2A037B47379E}.Debug|Mixed Platforms.Build.0 = Debug|Any CPU
		{A7A20F33-ACDD-4CED-9B71-2A037B47379E}.Release|.NET.ActiveCfg = Release|Any CPU
		{A7A20F33-ACDD-4CED-9B71-2A037B47379E}.Release|Any CPU.ActiveCfg = Release|Any CPU
		{A7A20F33-ACDD-4CED-9B71-2A037B47379E}.Release|Any CPU.Build.0 = Release|Any CPU
		{A7A20F33-ACDD-4CED-9B71-2A037B47379E}.Release|Mixed Platforms.ActiveCfg = Release|Any CPU
		{A7A20F33-ACDD-4CED-9B71-2A037B47379E}.Release|Mixed Platforms.Build.0 = Release|Any CPU
		{DCE778F4-2E03-4E46-9BE1-3C86DD6D37A8}.Debug|.NET.ActiveCfg = Debug|Any CPU
		{DCE778F4-2E03-4E46-9BE1-3C86DD6D37A8}.Debug|Any CPU.ActiveCfg = Debug|Any CPU
		{DCE778F4-2E03-4E46-9BE1-3C86DD6D37A8}.Debug|Any CPU.Build.0 = Debug|Any CPU
		{DCE778F4-2E03-4E46-9BE1-3C86DD6D37A8}.Debug|Mixed Platforms.ActiveCfg = Debug|Any CPU
		{DCE778F4-2E03-4E46-9BE1-3C86DD6D37A8}.Debug|Mixed Platforms.Build.0 = Debug|Any CPU
		{DCE778F4-2E03-4E46-9BE1-3C86DD6D37A8}.Debug|Mixed Platforms.Deploy.0 = Debug|Any CPU
		{DCE778F4-2E03-4E46-9BE1-3C86DD6D37A8}.Release|.NET.ActiveCfg = Release|Any CPU
		{DCE778F4-2E03-4E46-9BE1-3C86DD6D37A8}.Release|Any CPU.ActiveCfg = Release|Any CPU
		{DCE778F4-2E03-4E46-9BE1-3C86DD6D37A8}.Release|Any CPU.Build.0 = Release|Any CPU
		{DCE778F4-2E03-4E46-9BE1-3C86DD6D37A8}.Release|Mixed Platforms.ActiveCfg = Release|Any CPU
		{DCE778F4-2E03-4E46-9BE1-3C86DD6D37A8}.Release|Mixed Platforms.Build.0 = Release|Any CPU
		{7368389F-C25A-4B5C-8EFE-5159ACFE7085}.Debug|.NET.ActiveCfg = Debug|Any CPU
		{7368389F-C25A-4B5C-8EFE-5159ACFE7085}.Debug|Any CPU.ActiveCfg = Debug|Any CPU
		{7368389F-C25A-4B5C-8EFE-5159ACFE7085}.Debug|Any CPU.Build.0 = Debug|Any CPU
		{7368389F-C25A-4B5C-8EFE-5159ACFE7085}.Debug|Mixed Platforms.ActiveCfg = Debug|Any CPU
		{7368389F-C25A-4B5C-8EFE-5159ACFE7085}.Debug|Mixed Platforms.Build.0 = Debug|Any CPU
		{7368389F-C25A-4B5C-8EFE-5159ACFE7085}.Release|.NET.ActiveCfg = Release|Any CPU
		{7368389F-C25A-4B5C-8EFE-5159ACFE7085}.Release|Any CPU.ActiveCfg = Release|Any CPU
		{7368389F-C25A-4B5C-8EFE-5159ACFE7085}.Release|Any CPU.Build.0 = Release|Any CPU
		{7368389F-C25A-4B5C-8EFE-5159ACFE7085}.Release|Mixed Platforms.ActiveCfg = Release|Any CPU
		{7368389F-C25A-4B5C-8EFE-5159ACFE7085}.Release|Mixed Platforms.Build.0 = Release|Any CPU
		{2C73043F-63CC-4233-9D76-C5F52BE86589}.Debug|.NET.ActiveCfg = Debug|Any CPU
		{2C73043F-63CC-4233-9D76-C5F52BE86589}.Debug|Any CPU.ActiveCfg = Debug|Any CPU
		{2C73043F-63CC-4233-9D76-C5F52BE86589}.Debug|Any CPU.Build.0 = Debug|Any CPU
		{2C73043F-63CC-4233-9D76-C5F52BE86589}.Debug|Mixed Platforms.ActiveCfg = Debug|Any CPU
		{2C73043F-63CC-4233-9D76-C5F52BE86589}.Debug|Mixed Platforms.Build.0 = Debug|Any CPU
		{2C73043F-63CC-4233-9D76-C5F52BE86589}.Release|.NET.ActiveCfg = Release|Any CPU
		{2C73043F-63CC-4233-9D76-C5F52BE86589}.Release|Any CPU.ActiveCfg = Release|Any CPU
		{2C73043F-63CC-4233-9D76-C5F52BE86589}.Release|Any CPU.Build.0 = Release|Any CPU
		{2C73043F-63CC-4233-9D76-C5F52BE86589}.Release|Mixed Platforms.ActiveCfg = Release|Any CPU
		{2C73043F-63CC-4233-9D76-C5F52BE86589}.Release|Mixed Platforms.Build.0 = Release|Any CPU
	EndGlobalSection
	GlobalSection(SolutionProperties) = preSolution
		HideSolutionNode = FALSE
	EndGlobalSection
EndGlobal
