
Microsoft Visual Studio Solution File, Format Version 12.00
# Visual Studio 2013
VisualStudioVersion = 12.0.21005.1
MinimumVisualStudioVersion = 10.0.40219.1
Project("{2150E333-8FDC-42A3-9474-1A3956D46DE8}") = "@packages", "@packages", "{072BDABE-0509-4A07-AAF2-C8A74B1EBBE6}"
EndProject
Project("{2150E333-8FDC-42A3-9474-1A3956D46DE8}") = "nunit", "nunit", "{76F888B0-0072-4AD2-9D4E-98861B15EB62}"
	ProjectSection(SolutionItems) = preProject
		@packages\nunit\nunit.framework.dll = @packages\nunit\nunit.framework.dll
		@packages\nunit\nunit.mocks.dll = @packages\nunit\nunit.mocks.dll
		@packages\nunit\pnunit.framework.dll = @packages\nunit\pnunit.framework.dll
	EndProjectSection
EndProject
Project("{2150E333-8FDC-42A3-9474-1A3956D46DE8}") = "MyBatis", "MyBatis", "{3665F684-A26C-4470-BD9D-BBD99FD4CAFB}"
	ProjectSection(SolutionItems) = preProject
		@packages\MyBatis\Castle.Core.dll = @packages\MyBatis\Castle.Core.dll
		@packages\MyBatis\Castle.DynamicProxy2.dll = @packages\MyBatis\Castle.DynamicProxy2.dll
		@packages\MyBatis\DaoConfig.xsd = @packages\MyBatis\DaoConfig.xsd
		@packages\MyBatis\MyBatis.Common.dll = @packages\MyBatis\MyBatis.Common.dll
		@packages\MyBatis\MyBatis.DataMapper.dll = @packages\MyBatis\MyBatis.DataMapper.dll
		@packages\MyBatis\SqlMap.xsd = @packages\MyBatis\SqlMap.xsd
		@packages\MyBatis\SqlMapConfig.xsd = @packages\MyBatis\SqlMapConfig.xsd
	EndProjectSection
EndProject
Project("{2150E333-8FDC-42A3-9474-1A3956D46DE8}") = "NPOI", "NPOI", "{2D77CD8A-329D-4259-B6CD-99EB63CA5718}"
	ProjectSection(SolutionItems) = preProject
		@packages\NPOI\ICSharpCode.SharpZipLib.dll = @packages\NPOI\ICSharpCode.SharpZipLib.dll
		@packages\NPOI\NPOI.dll = @packages\NPOI\NPOI.dll
		@packages\NPOI\NPOI.OOXML.dll = @packages\NPOI\NPOI.OOXML.dll
		@packages\NPOI\NPOI.OpenXml4Net.dll = @packages\NPOI\NPOI.OpenXml4Net.dll
		@packages\NPOI\NPOI.OpenXmlFormats.dll = @packages\NPOI\NPOI.OpenXmlFormats.dll
	EndProjectSection
EndProject
Project("{2150E333-8FDC-42A3-9474-1A3956D46DE8}") = "Frame", "Frame", "{2FE3D96A-5233-4CBB-8B39-FE4509DCCEC1}"
EndProject
Project("{2150E333-8FDC-42A3-9474-1A3956D46DE8}") = "P.Main", "P.Main", "{3921D210-A101-4E8D-BA35-639A611F52AB}"
EndProject
Project("{FAE04EC0-301F-11D3-BF4B-00C04F79EFBC}") = "Mesnac.DbAccess", "Frame\Mesnac.DbAccess\Mesnac.DbAccess.csproj", "{60B919C5-C601-4999-A531-439042D59746}"
EndProject
Project("{FAE04EC0-301F-11D3-BF4B-00C04F79EFBC}") = "Mesnac.McUI", "Frame\Mesnac.McUI\Mesnac.McUI.csproj", "{4033D84E-201E-4413-88AB-1FE56F8F7CF0}"
EndProject
Project("{FAE04EC0-301F-11D3-BF4B-00C04F79EFBC}") = "Mesnac.Utility", "Frame\Mesnac.Utility\Mesnac.Utility.csproj", "{03B7F91D-FC5B-4C3D-A4B5-ABF78BB4F884}"
EndProject
Project("{FAE04EC0-301F-11D3-BF4B-00C04F79EFBC}") = "Mesnac.Web.UI", "Frame\Mesnac.Web.UI\Mesnac.Web.UI.csproj", "{E0E6F36A-3E1B-4B9B-A4D9-EECF9329C520}"
EndProject
Project("{2150E333-8FDC-42A3-9474-1A3956D46DE8}") = "Ext.net", "Ext.net", "{0F2E0A85-51F2-4557-B8F9-D4AF6448870E}"
	ProjectSection(SolutionItems) = preProject
		@packages\Ext.net\Ext.Net.dll = @packages\Ext.net\Ext.Net.dll
		@packages\Ext.net\Ext.Net.Utilities.dll = @packages\Ext.net\Ext.Net.Utilities.dll
		@packages\Ext.net\Newtonsoft.Json.dll = @packages\Ext.net\Newtonsoft.Json.dll
		@packages\Ext.net\Transformer.NET.dll = @packages\Ext.net\Transformer.NET.dll
	EndProjectSection
EndProject
Project("{FAE04EC0-301F-11D3-BF4B-00C04F79EFBC}") = "Mesnac.Main.Business", "P.Main\Mesnac.Main.Business\Mesnac.Main.Business.csproj", "{C0EED6CC-78F1-4AC8-A83D-2139FBD3D38F}"
EndProject
Project("{FAE04EC0-301F-11D3-BF4B-00C04F79EFBC}") = "Mesnac.Main.Data", "P.Main\Mesnac.Main.Data\Mesnac.Main.Data.csproj", "{63E49775-A85E-41EF-B508-4BB699CDC975}"
EndProject
Project("{FAE04EC0-301F-11D3-BF4B-00C04F79EFBC}") = "Mesnac.Main.Entity", "P.Main\Mesnac.Main.Entity\Mesnac.Main.Entity.csproj", "{643F75CF-F911-449B-8B0A-17CD844F219D}"
EndProject
Project("{FAE04EC0-301F-11D3-BF4B-00C04F79EFBC}") = "Mesnac.Main.Mapper", "P.Main\Mesnac.Main.Mapper\Mesnac.Main.Mapper.csproj", "{CC6CE9FB-33EF-4132-8213-9DDD9074763B}"
EndProject
Project("{FAE04EC0-301F-11D3-BF4B-00C04F79EFBC}") = "Mesnac.FrameDb.Mapper", "Frame\Mesnac.UI.Db\Mesnac.FrameDb.Mapper.csproj", "{57D6DB7A-E0B3-4798-8D57-CE65AFA4F474}"
EndProject
Project("{2150E333-8FDC-42A3-9474-1A3956D46DE8}") = "FastReport", "FastReport", "{3A7C286A-6623-4C43-856D-B0792BA60087}"
	ProjectSection(SolutionItems) = preProject
		@packages\FastReport\FastReport.Bars.dll = @packages\FastReport\FastReport.Bars.dll
		@packages\FastReport\FastReport.dll = @packages\FastReport\FastReport.dll
		@packages\FastReport\FastReport.Editor.dll = @packages\FastReport\FastReport.Editor.dll
		@packages\FastReport\FastReport.Install.dll = @packages\FastReport\FastReport.Install.dll
		@packages\FastReport\FastReport.VSDesign.dll = @packages\FastReport\FastReport.VSDesign.dll
		@packages\FastReport\FastReport.Web.dll = @packages\FastReport\FastReport.Web.dll
	EndProjectSection
EndProject
Project("{FAE04EC0-301F-11D3-BF4B-00C04F79EFBC}") = "Mesnac.Main.NUTest", "P.Main\Mesnac.Main.NUTest\Mesnac.Main.NUTest.csproj", "{02283A22-EB29-4B18-A09D-BAC2BAC87F17}"
EndProject
Project("{E24C65DC-7377-472B-9ABA-BC803B73C61A}") = "Mesnac.Main.WebSite", "http://localhost:26648", "{6E41F3CB-289E-4066-8934-327917CFDB9D}"
	ProjectSection(WebsiteProperties) = preProject
		SccProjectName = ""
		SccAuxPath = ""
		SccLocalPath = ""
		SccProvider = ""
		UseIISExpress = "true"
		TargetFrameworkMoniker = ".NETFramework,Version%3Dv4.0"
		ProjectReferences = "{60b919c5-c601-4999-a531-439042d59746}|Mesnac.DbAccess.dll;{03B7F91D-FC5B-4C3D-A4B5-ABF78BB4F884}|Mesnac.Utility.dll;{57d6db7a-e0b3-4798-8d57-ce65afa4f474}|Mesnac.FrameDb.Mapper.dll;{c0eed6cc-78f1-4ac8-a83d-2139fbd3d38f}|Mesnac.Main.Business.dll;{63E49775-A85E-41EF-B508-4BB699CDC975}|Mesnac.Main.Data.dll;{643F75CF-F911-449B-8B0A-17CD844F219D}|Mesnac.Main.Entity.dll;{e0e6f36a-3e1b-4b9b-a4d9-eecf9329c520}|Mesnac.Web.UI.dll;{cc6ce9fb-33ef-4132-8213-9ddd9074763b}|Mesnac.Main.Mapper.dll;{4033d84e-201e-4413-88ab-1fe56f8f7cf0}|Mesnac.McUI.dll;{B220D455-7F70-4672-A19B-E264F87B12F3}|LogAgent.dll;{00ab1fae-82f9-468b-a71a-e0fbbe4dfc3a}|Mesnac.SqlSemis.Business.dll;{8d845b0f-3f80-4517-b346-0789a410b8f0}|Mesnac.SqlSemis.Data.dll;{BACBF01A-087C-418B-BC00-1241BFC4491D}|Mesnac.SqlSemis.Entity.dll;{7ba643dc-5c8f-471a-ba07-e9d63a702d14}|Mesnac.SqlSemis.Mapper.dll;"
		Debug.AspNetCompiler.VirtualPath = "/localhost_26648"
		Debug.AspNetCompiler.PhysicalPath = "P.Main\Mesnac.Main.WebSite\"
		Debug.AspNetCompiler.TargetPath = "PrecompiledWeb\localhost_26648\"
		Debug.AspNetCompiler.Updateable = "true"
		Debug.AspNetCompiler.ForceOverwrite = "true"
		Debug.AspNetCompiler.FixedNames = "false"
		Debug.AspNetCompiler.Debug = "True"
		Release.AspNetCompiler.VirtualPath = "/localhost_26648"
		Release.AspNetCompiler.PhysicalPath = "P.Main\Mesnac.Main.WebSite\"
		Release.AspNetCompiler.TargetPath = "PrecompiledWeb\localhost_26648\"
		Release.AspNetCompiler.Updateable = "true"
		Release.AspNetCompiler.ForceOverwrite = "true"
		Release.AspNetCompiler.FixedNames = "false"
		Release.AspNetCompiler.Debug = "False"
		SlnRelativePath = "P.Main\Mesnac.Main.WebSite\"
	EndProjectSection
EndProject
Project("{2150E333-8FDC-42A3-9474-1A3956D46DE8}") = "发布说明", "发布说明", "{F445A3D5-B875-413C-8C98-ADBC58C5DE05}"
	ProjectSection(SolutionItems) = preProject
		发布说明.txt = 发布说明.txt
	EndProjectSection
EndProject
Project("{FAE04EC0-301F-11D3-BF4B-00C04F79EFBC}") = "LogAgent", "Frame\LogAgent\LogAgent\LogAgent.csproj", "{B220D455-7F70-4672-A19B-E264F87B12F3}"
EndProject
Project("{FAE04EC0-301F-11D3-BF4B-00C04F79EFBC}") = "Mesnac.GlobalBin", "Frame\Mesnac.GlobalBin\Mesnac.GlobalBin.csproj", "{864C4820-432A-46EE-9D98-849F64E9B96F}"
EndProject
Project("{FAE04EC0-301F-11D3-BF4B-00C04F79EFBC}") = "Mesnac.SqlMain.Business", "P.Main\Mesnac.SqlMain.Business\Mesnac.SqlMain.Business.csproj", "{00AB1FAE-82F9-468B-A71A-E0FBBE4DFC3A}"
EndProject
Project("{FAE04EC0-301F-11D3-BF4B-00C04F79EFBC}") = "Mesnac.SqlMain.Data", "P.Main\Mesnac.SqlMain.Data\Mesnac.SqlMain.Data.csproj", "{8D845B0F-3F80-4517-B346-0789A410B8F0}"
EndProject
Project("{FAE04EC0-301F-11D3-BF4B-00C04F79EFBC}") = "Mesnac.SqlMain.Entity", "P.Main\Mesnac.SqlMain.Entity\Mesnac.SqlMain.Entity.csproj", "{BACBF01A-087C-418B-BC00-1241BFC4491D}"
EndProject
Project("{FAE04EC0-301F-11D3-BF4B-00C04F79EFBC}") = "Mesnac.SqlMain.Mapper", "P.Main\Mesnac.SqlMain.Mapper\Mesnac.SqlMain.Mapper.csproj", "{7BA643DC-5C8F-471A-BA07-E9D63A702D14}"
EndProject
Global
	GlobalSection(SolutionConfigurationPlatforms) = preSolution
		Debug|Any CPU = Debug|Any CPU
		Release|Any CPU = Release|Any CPU
	EndGlobalSection
	GlobalSection(ProjectConfigurationPlatforms) = postSolution
		{60B919C5-C601-4999-A531-439042D59746}.Debug|Any CPU.ActiveCfg = Debug|Any CPU
		{60B919C5-C601-4999-A531-439042D59746}.Debug|Any CPU.Build.0 = Debug|Any CPU
		{60B919C5-C601-4999-A531-439042D59746}.Release|Any CPU.ActiveCfg = Release|Any CPU
		{60B919C5-C601-4999-A531-439042D59746}.Release|Any CPU.Build.0 = Release|Any CPU
		{4033D84E-201E-4413-88AB-1FE56F8F7CF0}.Debug|Any CPU.ActiveCfg = Debug|Any CPU
		{4033D84E-201E-4413-88AB-1FE56F8F7CF0}.Debug|Any CPU.Build.0 = Debug|Any CPU
		{4033D84E-201E-4413-88AB-1FE56F8F7CF0}.Release|Any CPU.ActiveCfg = Release|Any CPU
		{4033D84E-201E-4413-88AB-1FE56F8F7CF0}.Release|Any CPU.Build.0 = Release|Any CPU
		{03B7F91D-FC5B-4C3D-A4B5-ABF78BB4F884}.Debug|Any CPU.ActiveCfg = Debug|Any CPU
		{03B7F91D-FC5B-4C3D-A4B5-ABF78BB4F884}.Debug|Any CPU.Build.0 = Debug|Any CPU
		{03B7F91D-FC5B-4C3D-A4B5-ABF78BB4F884}.Release|Any CPU.ActiveCfg = Release|Any CPU
		{03B7F91D-FC5B-4C3D-A4B5-ABF78BB4F884}.Release|Any CPU.Build.0 = Release|Any CPU
		{E0E6F36A-3E1B-4B9B-A4D9-EECF9329C520}.Debug|Any CPU.ActiveCfg = Debug|Any CPU
		{E0E6F36A-3E1B-4B9B-A4D9-EECF9329C520}.Debug|Any CPU.Build.0 = Debug|Any CPU
		{E0E6F36A-3E1B-4B9B-A4D9-EECF9329C520}.Release|Any CPU.ActiveCfg = Release|Any CPU
		{E0E6F36A-3E1B-4B9B-A4D9-EECF9329C520}.Release|Any CPU.Build.0 = Release|Any CPU
		{C0EED6CC-78F1-4AC8-A83D-2139FBD3D38F}.Debug|Any CPU.ActiveCfg = Debug|Any CPU
		{C0EED6CC-78F1-4AC8-A83D-2139FBD3D38F}.Debug|Any CPU.Build.0 = Debug|Any CPU
		{C0EED6CC-78F1-4AC8-A83D-2139FBD3D38F}.Release|Any CPU.ActiveCfg = Release|Any CPU
		{C0EED6CC-78F1-4AC8-A83D-2139FBD3D38F}.Release|Any CPU.Build.0 = Release|Any CPU
		{63E49775-A85E-41EF-B508-4BB699CDC975}.Debug|Any CPU.ActiveCfg = Debug|Any CPU
		{63E49775-A85E-41EF-B508-4BB699CDC975}.Debug|Any CPU.Build.0 = Debug|Any CPU
		{63E49775-A85E-41EF-B508-4BB699CDC975}.Release|Any CPU.ActiveCfg = Release|Any CPU
		{63E49775-A85E-41EF-B508-4BB699CDC975}.Release|Any CPU.Build.0 = Release|Any CPU
		{643F75CF-F911-449B-8B0A-17CD844F219D}.Debug|Any CPU.ActiveCfg = Debug|Any CPU
		{643F75CF-F911-449B-8B0A-17CD844F219D}.Debug|Any CPU.Build.0 = Debug|Any CPU
		{643F75CF-F911-449B-8B0A-17CD844F219D}.Release|Any CPU.ActiveCfg = Release|Any CPU
		{643F75CF-F911-449B-8B0A-17CD844F219D}.Release|Any CPU.Build.0 = Release|Any CPU
		{CC6CE9FB-33EF-4132-8213-9DDD9074763B}.Debug|Any CPU.ActiveCfg = Debug|Any CPU
		{CC6CE9FB-33EF-4132-8213-9DDD9074763B}.Debug|Any CPU.Build.0 = Debug|Any CPU
		{CC6CE9FB-33EF-4132-8213-9DDD9074763B}.Release|Any CPU.ActiveCfg = Release|Any CPU
		{CC6CE9FB-33EF-4132-8213-9DDD9074763B}.Release|Any CPU.Build.0 = Release|Any CPU
		{57D6DB7A-E0B3-4798-8D57-CE65AFA4F474}.Debug|Any CPU.ActiveCfg = Debug|Any CPU
		{57D6DB7A-E0B3-4798-8D57-CE65AFA4F474}.Debug|Any CPU.Build.0 = Debug|Any CPU
		{57D6DB7A-E0B3-4798-8D57-CE65AFA4F474}.Release|Any CPU.ActiveCfg = Release|Any CPU
		{57D6DB7A-E0B3-4798-8D57-CE65AFA4F474}.Release|Any CPU.Build.0 = Release|Any CPU
		{02283A22-EB29-4B18-A09D-BAC2BAC87F17}.Debug|Any CPU.ActiveCfg = Debug|Any CPU
		{02283A22-EB29-4B18-A09D-BAC2BAC87F17}.Debug|Any CPU.Build.0 = Debug|Any CPU
		{02283A22-EB29-4B18-A09D-BAC2BAC87F17}.Release|Any CPU.ActiveCfg = Release|Any CPU
		{02283A22-EB29-4B18-A09D-BAC2BAC87F17}.Release|Any CPU.Build.0 = Release|Any CPU
		{6E41F3CB-289E-4066-8934-327917CFDB9D}.Debug|Any CPU.ActiveCfg = Debug|Any CPU
		{6E41F3CB-289E-4066-8934-327917CFDB9D}.Debug|Any CPU.Build.0 = Debug|Any CPU
		{6E41F3CB-289E-4066-8934-327917CFDB9D}.Release|Any CPU.ActiveCfg = Debug|Any CPU
		{6E41F3CB-289E-4066-8934-327917CFDB9D}.Release|Any CPU.Build.0 = Debug|Any CPU
		{B220D455-7F70-4672-A19B-E264F87B12F3}.Debug|Any CPU.ActiveCfg = Debug|Any CPU
		{B220D455-7F70-4672-A19B-E264F87B12F3}.Debug|Any CPU.Build.0 = Debug|Any CPU
		{B220D455-7F70-4672-A19B-E264F87B12F3}.Release|Any CPU.ActiveCfg = Release|Any CPU
		{B220D455-7F70-4672-A19B-E264F87B12F3}.Release|Any CPU.Build.0 = Release|Any CPU
		{864C4820-432A-46EE-9D98-849F64E9B96F}.Debug|Any CPU.ActiveCfg = Debug|Any CPU
		{864C4820-432A-46EE-9D98-849F64E9B96F}.Debug|Any CPU.Build.0 = Debug|Any CPU
		{864C4820-432A-46EE-9D98-849F64E9B96F}.Release|Any CPU.ActiveCfg = Release|Any CPU
		{864C4820-432A-46EE-9D98-849F64E9B96F}.Release|Any CPU.Build.0 = Release|Any CPU
		{00AB1FAE-82F9-468B-A71A-E0FBBE4DFC3A}.Debug|Any CPU.ActiveCfg = Debug|Any CPU
		{00AB1FAE-82F9-468B-A71A-E0FBBE4DFC3A}.Debug|Any CPU.Build.0 = Debug|Any CPU
		{00AB1FAE-82F9-468B-A71A-E0FBBE4DFC3A}.Release|Any CPU.ActiveCfg = Release|Any CPU
		{00AB1FAE-82F9-468B-A71A-E0FBBE4DFC3A}.Release|Any CPU.Build.0 = Release|Any CPU
		{8D845B0F-3F80-4517-B346-0789A410B8F0}.Debug|Any CPU.ActiveCfg = Debug|Any CPU
		{8D845B0F-3F80-4517-B346-0789A410B8F0}.Debug|Any CPU.Build.0 = Debug|Any CPU
		{8D845B0F-3F80-4517-B346-0789A410B8F0}.Release|Any CPU.ActiveCfg = Release|Any CPU
		{8D845B0F-3F80-4517-B346-0789A410B8F0}.Release|Any CPU.Build.0 = Release|Any CPU
		{BACBF01A-087C-418B-BC00-1241BFC4491D}.Debug|Any CPU.ActiveCfg = Debug|Any CPU
		{BACBF01A-087C-418B-BC00-1241BFC4491D}.Debug|Any CPU.Build.0 = Debug|Any CPU
		{BACBF01A-087C-418B-BC00-1241BFC4491D}.Release|Any CPU.ActiveCfg = Release|Any CPU
		{BACBF01A-087C-418B-BC00-1241BFC4491D}.Release|Any CPU.Build.0 = Release|Any CPU
		{7BA643DC-5C8F-471A-BA07-E9D63A702D14}.Debug|Any CPU.ActiveCfg = Debug|Any CPU
		{7BA643DC-5C8F-471A-BA07-E9D63A702D14}.Debug|Any CPU.Build.0 = Debug|Any CPU
		{7BA643DC-5C8F-471A-BA07-E9D63A702D14}.Release|Any CPU.ActiveCfg = Release|Any CPU
		{7BA643DC-5C8F-471A-BA07-E9D63A702D14}.Release|Any CPU.Build.0 = Release|Any CPU
	EndGlobalSection
	GlobalSection(SolutionProperties) = preSolution
		HideSolutionNode = FALSE
	EndGlobalSection
	GlobalSection(NestedProjects) = preSolution
		{76F888B0-0072-4AD2-9D4E-98861B15EB62} = {072BDABE-0509-4A07-AAF2-C8A74B1EBBE6}
		{3665F684-A26C-4470-BD9D-BBD99FD4CAFB} = {072BDABE-0509-4A07-AAF2-C8A74B1EBBE6}
		{2D77CD8A-329D-4259-B6CD-99EB63CA5718} = {072BDABE-0509-4A07-AAF2-C8A74B1EBBE6}
		{0F2E0A85-51F2-4557-B8F9-D4AF6448870E} = {072BDABE-0509-4A07-AAF2-C8A74B1EBBE6}
		{3A7C286A-6623-4C43-856D-B0792BA60087} = {072BDABE-0509-4A07-AAF2-C8A74B1EBBE6}
		{60B919C5-C601-4999-A531-439042D59746} = {2FE3D96A-5233-4CBB-8B39-FE4509DCCEC1}
		{4033D84E-201E-4413-88AB-1FE56F8F7CF0} = {2FE3D96A-5233-4CBB-8B39-FE4509DCCEC1}
		{03B7F91D-FC5B-4C3D-A4B5-ABF78BB4F884} = {2FE3D96A-5233-4CBB-8B39-FE4509DCCEC1}
		{E0E6F36A-3E1B-4B9B-A4D9-EECF9329C520} = {2FE3D96A-5233-4CBB-8B39-FE4509DCCEC1}
		{57D6DB7A-E0B3-4798-8D57-CE65AFA4F474} = {2FE3D96A-5233-4CBB-8B39-FE4509DCCEC1}
		{B220D455-7F70-4672-A19B-E264F87B12F3} = {2FE3D96A-5233-4CBB-8B39-FE4509DCCEC1}
		{864C4820-432A-46EE-9D98-849F64E9B96F} = {2FE3D96A-5233-4CBB-8B39-FE4509DCCEC1}
		{C0EED6CC-78F1-4AC8-A83D-2139FBD3D38F} = {3921D210-A101-4E8D-BA35-639A611F52AB}
		{63E49775-A85E-41EF-B508-4BB699CDC975} = {3921D210-A101-4E8D-BA35-639A611F52AB}
		{643F75CF-F911-449B-8B0A-17CD844F219D} = {3921D210-A101-4E8D-BA35-639A611F52AB}
		{CC6CE9FB-33EF-4132-8213-9DDD9074763B} = {3921D210-A101-4E8D-BA35-639A611F52AB}
		{02283A22-EB29-4B18-A09D-BAC2BAC87F17} = {3921D210-A101-4E8D-BA35-639A611F52AB}
		{6E41F3CB-289E-4066-8934-327917CFDB9D} = {3921D210-A101-4E8D-BA35-639A611F52AB}
		{00AB1FAE-82F9-468B-A71A-E0FBBE4DFC3A} = {3921D210-A101-4E8D-BA35-639A611F52AB}
		{8D845B0F-3F80-4517-B346-0789A410B8F0} = {3921D210-A101-4E8D-BA35-639A611F52AB}
		{BACBF01A-087C-418B-BC00-1241BFC4491D} = {3921D210-A101-4E8D-BA35-639A611F52AB}
		{7BA643DC-5C8F-471A-BA07-E9D63A702D14} = {3921D210-A101-4E8D-BA35-639A611F52AB}
	EndGlobalSection
	GlobalSection(ExtensibilityGlobals) = postSolution
		VisualSVNWorkingCopyRoot = .
	EndGlobalSection
EndGlobal
