
Microsoft Visual Studio Solution File, Format Version 12.00
# Visual Studio 2013
VisualStudioVersion = 12.0.21005.1
MinimumVisualStudioVersion = 10.0.40219.1
Project("{2150E333-8FDC-42A3-9474-1A3956D46DE8}") = "@packages", "@packages", "{072BDABE-0509-4A07-AAF2-C8A74B1EBBE6}"
EndProject
Project("{2150E333-8FDC-42A3-9474-1A3956D46DE8}") = "nunit", "nunit", "{76F888B0-0072-4AD2-9D4E-98861B15EB62}"
	ProjectSection(SolutionItems) = preProject
		@packages\nunit\nunit.framework.dll = @packages\nunit\nunit.framework.dll
		@packages\nunit\nunit.mocks.dll = @packages\nunit\nunit.mocks.dll
		@packages\nunit\pnunit.framework.dll = @packages\nunit\pnunit.framework.dll
	EndProjectSection
EndProject
Project("{2150E333-8FDC-42A3-9474-1A3956D46DE8}") = "MyBatis", "MyBatis", "{3665F684-A26C-4470-BD9D-BBD99FD4CAFB}"
	ProjectSection(SolutionItems) = preProject
		@packages\MyBatis\Castle.Core.dll = @packages\MyBatis\Castle.Core.dll
		@packages\MyBatis\Castle.DynamicProxy2.dll = @packages\MyBatis\Castle.DynamicProxy2.dll
		@packages\MyBatis\DaoConfig.xsd = @packages\MyBatis\DaoConfig.xsd
		@packages\MyBatis\MyBatis.Common.dll = @packages\MyBatis\MyBatis.Common.dll
		@packages\MyBatis\MyBatis.DataMapper.dll = @packages\MyBatis\MyBatis.DataMapper.dll
		@packages\MyBatis\SqlMap.xsd = @packages\MyBatis\SqlMap.xsd
		@packages\MyBatis\SqlMapConfig.xsd = @packages\MyBatis\SqlMapConfig.xsd
	EndProjectSection
EndProject
Project("{2150E333-8FDC-42A3-9474-1A3956D46DE8}") = "NPOI", "NPOI", "{2D77CD8A-329D-4259-B6CD-99EB63CA5718}"
	ProjectSection(SolutionItems) = preProject
		@packages\NPOI\ICSharpCode.SharpZipLib.dll = @packages\NPOI\ICSharpCode.SharpZipLib.dll
		@packages\NPOI\NPOI.dll = @packages\NPOI\NPOI.dll
		@packages\NPOI\NPOI.OOXML.dll = @packages\NPOI\NPOI.OOXML.dll
		@packages\NPOI\NPOI.OpenXml4Net.dll = @packages\NPOI\NPOI.OpenXml4Net.dll
		@packages\NPOI\NPOI.OpenXmlFormats.dll = @packages\NPOI\NPOI.OpenXmlFormats.dll
	EndProjectSection
EndProject
Project("{2150E333-8FDC-42A3-9474-1A3956D46DE8}") = "Frame", "Frame", "{2FE3D96A-5233-4CBB-8B39-FE4509DCCEC1}"
	ProjectSection(SolutionItems) = preProject
		@packages\Frame\Mesnac.DbAccess.dll = @packages\Frame\Mesnac.DbAccess.dll
		@packages\Frame\Mesnac.FrameDb.Mapper.dll = @packages\Frame\Mesnac.FrameDb.Mapper.dll
		@packages\Frame\Mesnac.McUI.dll = @packages\Frame\Mesnac.McUI.dll
		@packages\Frame\Mesnac.Utility.dll = @packages\Frame\Mesnac.Utility.dll
		@packages\Frame\Mesnac.Web.UI.dll = @packages\Frame\Mesnac.Web.UI.dll
	EndProjectSection
EndProject
Project("{2150E333-8FDC-42A3-9474-1A3956D46DE8}") = "Ext.net", "Ext.net", "{0F2E0A85-51F2-4557-B8F9-D4AF6448870E}"
	ProjectSection(SolutionItems) = preProject
		@packages\Ext.net\Ext.Net.dll = @packages\Ext.net\Ext.Net.dll
		@packages\Ext.net\Ext.Net.Utilities.dll = @packages\Ext.net\Ext.Net.Utilities.dll
		@packages\Ext.net\Newtonsoft.Json.dll = @packages\Ext.net\Newtonsoft.Json.dll
		@packages\Ext.net\Transformer.NET.dll = @packages\Ext.net\Transformer.NET.dll
	EndProjectSection
EndProject
Project("{2150E333-8FDC-42A3-9474-1A3956D46DE8}") = "P.Main", "P.Main", "{5B8E0A45-474B-4E90-AC42-7B2D3EC8C87A}"
	ProjectSection(SolutionItems) = preProject
		@packages\P.Main\Mesnac.Main.Business.dll = @packages\P.Main\Mesnac.Main.Business.dll
		@packages\P.Main\Mesnac.Main.Data.dll = @packages\P.Main\Mesnac.Main.Data.dll
		@packages\P.Main\Mesnac.Main.Entity.dll = @packages\P.Main\Mesnac.Main.Entity.dll
		@packages\P.Main\Mesnac.Main.Mapper.dll = @packages\P.Main\Mesnac.Main.Mapper.dll
		@packages\P.Main\Mesnac.Main.WebSite.dll = @packages\P.Main\Mesnac.Main.WebSite.dll
	EndProjectSection
EndProject
Project("{2150E333-8FDC-42A3-9474-1A3956D46DE8}") = "LogAgent", "LogAgent", "{FF6EAEBB-3406-4C90-9832-030316A3EEC1}"
	ProjectSection(SolutionItems) = preProject
		@packages\LogAgent\LogAgent.dll = @packages\LogAgent\LogAgent.dll
	EndProjectSection
EndProject
Project("{2150E333-8FDC-42A3-9474-1A3956D46DE8}") = "解决方案说明", "解决方案说明", "{F445A3D5-B875-413C-8C98-ADBC58C5DE05}"
	ProjectSection(SolutionItems) = preProject
		解决方案说明\发布说明.txt = 解决方案说明\发布说明.txt
	EndProjectSection
EndProject
Project("{2150E333-8FDC-42A3-9474-1A3956D46DE8}") = "P.Storage", "P.Storage", "{A7F272B9-B5C4-4BEE-BF22-D8EE1D109395}"
EndProject
Project("{FAE04EC0-301F-11D3-BF4B-00C04F79EFBC}") = "Mesnac.Storage.Business", "P.Storage\Mesnac.Storage.Business\Mesnac.Storage.Business.csproj", "{B1072B24-E212-45A3-9A03-BCB1D08CD707}"
EndProject
Project("{FAE04EC0-301F-11D3-BF4B-00C04F79EFBC}") = "Mesnac.Storage.Data", "P.Storage\Mesnac.Storage.Data\Mesnac.Storage.Data.csproj", "{88E1E515-4320-453F-B857-312C6876F5D8}"
EndProject
Project("{FAE04EC0-301F-11D3-BF4B-00C04F79EFBC}") = "Mesnac.Storage.Entity", "P.Storage\Mesnac.Storage.Entity\Mesnac.Storage.Entity.csproj", "{C132AAD3-28E2-4E99-8BE7-DAA350B8B8AF}"
EndProject
Project("{FAE04EC0-301F-11D3-BF4B-00C04F79EFBC}") = "Mesnac.Storage.Mapper", "P.Storage\Mesnac.Storage.Mapper\Mesnac.Storage.Mapper.csproj", "{0DF1A88F-1A6D-49F8-AC42-6127A7770D3D}"
EndProject
Project("{FAE04EC0-301F-11D3-BF4B-00C04F79EFBC}") = "Mesnac.Storage.NUTest", "P.Storage\Mesnac.Storage.NUTest\Mesnac.Storage.NUTest.csproj", "{ECCB77EA-7888-4D4E-AE93-173765E088C6}"
EndProject
Project("{FAE04EC0-301F-11D3-BF4B-00C04F79EFBC}") = "Mesnac.Storage.Webservice", "P.Storage\Mesnac.Storage.Webservice\Mesnac.Storage.Webservice.csproj", "{081DC8E5-4CAF-4E95-92EB-7035B372F671}"
EndProject
Project("{E24C65DC-7377-472B-9ABA-BC803B73C61A}") = "Mesnac.Storage.WebSite", "http://localhost:4582", "{1AD7EE85-7D7B-4933-A8D2-6D4888001C21}"
	ProjectSection(WebsiteProperties) = preProject
		UseIISExpress = "true"
		TargetFrameworkMoniker = ".NETFramework,Version%3Dv4.0"
		ProjectReferences = "{b1072b24-e212-45a3-9a03-bcb1d08cd707}|Mesnac.Storage.Business.dll;{88E1E515-4320-453F-B857-312C6876F5D8}|Mesnac.Storage.Data.dll;{C132AAD3-28E2-4E99-8BE7-DAA350B8B8AF}|Mesnac.Storage.Entity.dll;{0df1a88f-1a6d-49f8-ac42-6127a7770d3d}|Mesnac.Curing.Mapper.dll;"
		Debug.AspNetCompiler.VirtualPath = "/localhost_4582"
		Debug.AspNetCompiler.PhysicalPath = "P.Storage\Mesnac.Storage.WebSite\"
		Debug.AspNetCompiler.TargetPath = "PrecompiledWeb\localhost_4582\"
		Debug.AspNetCompiler.Updateable = "true"
		Debug.AspNetCompiler.ForceOverwrite = "true"
		Debug.AspNetCompiler.FixedNames = "false"
		Debug.AspNetCompiler.Debug = "True"
		Release.AspNetCompiler.VirtualPath = "/localhost_4582"
		Release.AspNetCompiler.PhysicalPath = "P.Storage\Mesnac.Storage.WebSite\"
		Release.AspNetCompiler.TargetPath = "PrecompiledWeb\localhost_4582\"
		Release.AspNetCompiler.Updateable = "true"
		Release.AspNetCompiler.ForceOverwrite = "true"
		Release.AspNetCompiler.FixedNames = "false"
		Release.AspNetCompiler.Debug = "False"
		SlnRelativePath = "P.Storage\Mesnac.Storage.WebSite\"
	EndProjectSection
EndProject
Project("{2150E333-8FDC-42A3-9474-1A3956D46DE8}") = "FastReport", "FastReport", "{0C18D2A2-FE7B-4652-8683-C96DC963E828}"
	ProjectSection(SolutionItems) = preProject
		@packages\FastReport\FastReport.Bars.dll = @packages\FastReport\FastReport.Bars.dll
		@packages\FastReport\FastReport.dll = @packages\FastReport\FastReport.dll
		@packages\FastReport\FastReport.Editor.dll = @packages\FastReport\FastReport.Editor.dll
		@packages\FastReport\FastReport.Install.dll = @packages\FastReport\FastReport.Install.dll
		@packages\FastReport\FastReport.VSDesign.dll = @packages\FastReport\FastReport.VSDesign.dll
		@packages\FastReport\FastReport.Web.dll = @packages\FastReport\FastReport.Web.dll
	EndProjectSection
EndProject
Global
	GlobalSection(SolutionConfigurationPlatforms) = preSolution
		Debug|Any CPU = Debug|Any CPU
		Release|Any CPU = Release|Any CPU
	EndGlobalSection
	GlobalSection(ProjectConfigurationPlatforms) = postSolution
		{B1072B24-E212-45A3-9A03-BCB1D08CD707}.Debug|Any CPU.ActiveCfg = Debug|Any CPU
		{B1072B24-E212-45A3-9A03-BCB1D08CD707}.Debug|Any CPU.Build.0 = Debug|Any CPU
		{B1072B24-E212-45A3-9A03-BCB1D08CD707}.Release|Any CPU.ActiveCfg = Release|Any CPU
		{B1072B24-E212-45A3-9A03-BCB1D08CD707}.Release|Any CPU.Build.0 = Release|Any CPU
		{88E1E515-4320-453F-B857-312C6876F5D8}.Debug|Any CPU.ActiveCfg = Debug|Any CPU
		{88E1E515-4320-453F-B857-312C6876F5D8}.Debug|Any CPU.Build.0 = Debug|Any CPU
		{88E1E515-4320-453F-B857-312C6876F5D8}.Release|Any CPU.ActiveCfg = Release|Any CPU
		{88E1E515-4320-453F-B857-312C6876F5D8}.Release|Any CPU.Build.0 = Release|Any CPU
		{C132AAD3-28E2-4E99-8BE7-DAA350B8B8AF}.Debug|Any CPU.ActiveCfg = Debug|Any CPU
		{C132AAD3-28E2-4E99-8BE7-DAA350B8B8AF}.Debug|Any CPU.Build.0 = Debug|Any CPU
		{C132AAD3-28E2-4E99-8BE7-DAA350B8B8AF}.Release|Any CPU.ActiveCfg = Release|Any CPU
		{C132AAD3-28E2-4E99-8BE7-DAA350B8B8AF}.Release|Any CPU.Build.0 = Release|Any CPU
		{0DF1A88F-1A6D-49F8-AC42-6127A7770D3D}.Debug|Any CPU.ActiveCfg = Debug|Any CPU
		{0DF1A88F-1A6D-49F8-AC42-6127A7770D3D}.Debug|Any CPU.Build.0 = Debug|Any CPU
		{0DF1A88F-1A6D-49F8-AC42-6127A7770D3D}.Release|Any CPU.ActiveCfg = Release|Any CPU
		{0DF1A88F-1A6D-49F8-AC42-6127A7770D3D}.Release|Any CPU.Build.0 = Release|Any CPU
		{ECCB77EA-7888-4D4E-AE93-173765E088C6}.Debug|Any CPU.ActiveCfg = Debug|Any CPU
		{ECCB77EA-7888-4D4E-AE93-173765E088C6}.Debug|Any CPU.Build.0 = Debug|Any CPU
		{ECCB77EA-7888-4D4E-AE93-173765E088C6}.Release|Any CPU.ActiveCfg = Release|Any CPU
		{ECCB77EA-7888-4D4E-AE93-173765E088C6}.Release|Any CPU.Build.0 = Release|Any CPU
		{081DC8E5-4CAF-4E95-92EB-7035B372F671}.Debug|Any CPU.ActiveCfg = Debug|Any CPU
		{081DC8E5-4CAF-4E95-92EB-7035B372F671}.Debug|Any CPU.Build.0 = Debug|Any CPU
		{081DC8E5-4CAF-4E95-92EB-7035B372F671}.Release|Any CPU.ActiveCfg = Release|Any CPU
		{081DC8E5-4CAF-4E95-92EB-7035B372F671}.Release|Any CPU.Build.0 = Release|Any CPU
		{1AD7EE85-7D7B-4933-A8D2-6D4888001C21}.Debug|Any CPU.ActiveCfg = Debug|Any CPU
		{1AD7EE85-7D7B-4933-A8D2-6D4888001C21}.Debug|Any CPU.Build.0 = Debug|Any CPU
		{1AD7EE85-7D7B-4933-A8D2-6D4888001C21}.Release|Any CPU.ActiveCfg = Debug|Any CPU
		{1AD7EE85-7D7B-4933-A8D2-6D4888001C21}.Release|Any CPU.Build.0 = Debug|Any CPU
	EndGlobalSection
	GlobalSection(SolutionProperties) = preSolution
		HideSolutionNode = FALSE
	EndGlobalSection
	GlobalSection(NestedProjects) = preSolution
		{76F888B0-0072-4AD2-9D4E-98861B15EB62} = {072BDABE-0509-4A07-AAF2-C8A74B1EBBE6}
		{3665F684-A26C-4470-BD9D-BBD99FD4CAFB} = {072BDABE-0509-4A07-AAF2-C8A74B1EBBE6}
		{2D77CD8A-329D-4259-B6CD-99EB63CA5718} = {072BDABE-0509-4A07-AAF2-C8A74B1EBBE6}
		{2FE3D96A-5233-4CBB-8B39-FE4509DCCEC1} = {072BDABE-0509-4A07-AAF2-C8A74B1EBBE6}
		{0F2E0A85-51F2-4557-B8F9-D4AF6448870E} = {072BDABE-0509-4A07-AAF2-C8A74B1EBBE6}
		{5B8E0A45-474B-4E90-AC42-7B2D3EC8C87A} = {072BDABE-0509-4A07-AAF2-C8A74B1EBBE6}
		{FF6EAEBB-3406-4C90-9832-030316A3EEC1} = {072BDABE-0509-4A07-AAF2-C8A74B1EBBE6}
		{0C18D2A2-FE7B-4652-8683-C96DC963E828} = {072BDABE-0509-4A07-AAF2-C8A74B1EBBE6}
		{B1072B24-E212-45A3-9A03-BCB1D08CD707} = {A7F272B9-B5C4-4BEE-BF22-D8EE1D109395}
		{88E1E515-4320-453F-B857-312C6876F5D8} = {A7F272B9-B5C4-4BEE-BF22-D8EE1D109395}
		{C132AAD3-28E2-4E99-8BE7-DAA350B8B8AF} = {A7F272B9-B5C4-4BEE-BF22-D8EE1D109395}
		{0DF1A88F-1A6D-49F8-AC42-6127A7770D3D} = {A7F272B9-B5C4-4BEE-BF22-D8EE1D109395}
		{ECCB77EA-7888-4D4E-AE93-173765E088C6} = {A7F272B9-B5C4-4BEE-BF22-D8EE1D109395}
		{081DC8E5-4CAF-4E95-92EB-7035B372F671} = {A7F272B9-B5C4-4BEE-BF22-D8EE1D109395}
		{1AD7EE85-7D7B-4933-A8D2-6D4888001C21} = {A7F272B9-B5C4-4BEE-BF22-D8EE1D109395}
	EndGlobalSection
EndGlobal
