
Microsoft Visual Studio Solution File, Format Version 12.00
# Visual Studio 2013
VisualStudioVersion = 12.0.21005.1
MinimumVisualStudioVersion = 10.0.40219.1
Project("{2150E333-8FDC-42A3-9474-1A3956D46DE8}") = "@packages", "@packages", "{072BDABE-0509-4A07-AAF2-C8A74B1EBBE6}"
EndProject
Project("{2150E333-8FDC-42A3-9474-1A3956D46DE8}") = "nunit", "nunit", "{76F888B0-0072-4AD2-9D4E-98861B15EB62}"
	ProjectSection(SolutionItems) = preProject
		@packages\nunit\nunit.framework.dll = @packages\nunit\nunit.framework.dll
		@packages\nunit\nunit.mocks.dll = @packages\nunit\nunit.mocks.dll
		@packages\nunit\pnunit.framework.dll = @packages\nunit\pnunit.framework.dll
	EndProjectSection
EndProject
Project("{2150E333-8FDC-42A3-9474-1A3956D46DE8}") = "MyBatis", "MyBatis", "{3665F684-A26C-4470-BD9D-BBD99FD4CAFB}"
	ProjectSection(SolutionItems) = preProject
		@packages\MyBatis\Castle.Core.dll = @packages\MyBatis\Castle.Core.dll
		@packages\MyBatis\Castle.DynamicProxy2.dll = @packages\MyBatis\Castle.DynamicProxy2.dll
		@packages\MyBatis\DaoConfig.xsd = @packages\MyBatis\DaoConfig.xsd
		@packages\MyBatis\MyBatis.Common.dll = @packages\MyBatis\MyBatis.Common.dll
		@packages\MyBatis\MyBatis.DataMapper.dll = @packages\MyBatis\MyBatis.DataMapper.dll
		@packages\MyBatis\SqlMap.xsd = @packages\MyBatis\SqlMap.xsd
		@packages\MyBatis\SqlMapConfig.xsd = @packages\MyBatis\SqlMapConfig.xsd
	EndProjectSection
EndProject
Project("{2150E333-8FDC-42A3-9474-1A3956D46DE8}") = "NPOI", "NPOI", "{2D77CD8A-329D-4259-B6CD-99EB63CA5718}"
	ProjectSection(SolutionItems) = preProject
		@packages\NPOI\ICSharpCode.SharpZipLib.dll = @packages\NPOI\ICSharpCode.SharpZipLib.dll
		@packages\NPOI\NPOI.dll = @packages\NPOI\NPOI.dll
		@packages\NPOI\NPOI.OOXML.dll = @packages\NPOI\NPOI.OOXML.dll
		@packages\NPOI\NPOI.OpenXml4Net.dll = @packages\NPOI\NPOI.OpenXml4Net.dll
		@packages\NPOI\NPOI.OpenXmlFormats.dll = @packages\NPOI\NPOI.OpenXmlFormats.dll
	EndProjectSection
EndProject
Project("{2150E333-8FDC-42A3-9474-1A3956D46DE8}") = "Frame", "Frame", "{2FE3D96A-5233-4CBB-8B39-FE4509DCCEC1}"
	ProjectSection(SolutionItems) = preProject
		@packages\Frame\Mesnac.DbAccess.dll = @packages\Frame\Mesnac.DbAccess.dll
		@packages\Frame\Mesnac.FrameDb.Mapper.dll = @packages\Frame\Mesnac.FrameDb.Mapper.dll
		@packages\Frame\Mesnac.McUI.dll = @packages\Frame\Mesnac.McUI.dll
		@packages\Frame\Mesnac.Utility.dll = @packages\Frame\Mesnac.Utility.dll
		@packages\Frame\Mesnac.Web.UI.dll = @packages\Frame\Mesnac.Web.UI.dll
	EndProjectSection
EndProject
Project("{2150E333-8FDC-42A3-9474-1A3956D46DE8}") = "Ext.net", "Ext.net", "{0F2E0A85-51F2-4557-B8F9-D4AF6448870E}"
	ProjectSection(SolutionItems) = preProject
		@packages\Ext.net\Ext.Net.dll = @packages\Ext.net\Ext.Net.dll
		@packages\Ext.net\Ext.Net.Utilities.dll = @packages\Ext.net\Ext.Net.Utilities.dll
		@packages\Ext.net\Newtonsoft.Json.dll = @packages\Ext.net\Newtonsoft.Json.dll
		@packages\Ext.net\Transformer.NET.dll = @packages\Ext.net\Transformer.NET.dll
	EndProjectSection
EndProject
Project("{2150E333-8FDC-42A3-9474-1A3956D46DE8}") = "P.Main", "P.Main", "{5B8E0A45-474B-4E90-AC42-7B2D3EC8C87A}"
	ProjectSection(SolutionItems) = preProject
		@packages\P.Main\Mesnac.Main.Business.dll = @packages\P.Main\Mesnac.Main.Business.dll
		@packages\P.Main\Mesnac.Main.Data.dll = @packages\P.Main\Mesnac.Main.Data.dll
		@packages\P.Main\Mesnac.Main.Entity.dll = @packages\P.Main\Mesnac.Main.Entity.dll
		@packages\P.Main\Mesnac.Main.Mapper.dll = @packages\P.Main\Mesnac.Main.Mapper.dll
		@packages\P.Main\Mesnac.Main.WebSite.dll = @packages\P.Main\Mesnac.Main.WebSite.dll
	EndProjectSection
EndProject
Project("{2150E333-8FDC-42A3-9474-1A3956D46DE8}") = "LogAgent", "LogAgent", "{FF6EAEBB-3406-4C90-9832-030316A3EEC1}"
	ProjectSection(SolutionItems) = preProject
		@packages\LogAgent\LogAgent.dll = @packages\LogAgent\LogAgent.dll
	EndProjectSection
EndProject
Project("{2150E333-8FDC-42A3-9474-1A3956D46DE8}") = "解决方案说明", "解决方案说明", "{F445A3D5-B875-413C-8C98-ADBC58C5DE05}"
	ProjectSection(SolutionItems) = preProject
		解决方案说明\发布说明.txt = 解决方案说明\发布说明.txt
	EndProjectSection
EndProject
Project("{2150E333-8FDC-42A3-9474-1A3956D46DE8}") = "P.Molding", "P.Molding", "{A7F272B9-B5C4-4BEE-BF22-D8EE1D109395}"
EndProject
Project("{FAE04EC0-301F-11D3-BF4B-00C04F79EFBC}") = "Mesnac.Molding.Business", "P.Molding\Mesnac.Molding.Business\Mesnac.Molding.Business.csproj", "{A9CA6236-5311-4B62-A441-8EFA978BA2E9}"
EndProject
Project("{FAE04EC0-301F-11D3-BF4B-00C04F79EFBC}") = "Mesnac.Molding.Data", "P.Molding\Mesnac.Molding.Data\Mesnac.Molding.Data.csproj", "{88020D7A-9063-4AE4-AA91-364BCD04C71F}"
EndProject
Project("{FAE04EC0-301F-11D3-BF4B-00C04F79EFBC}") = "Mesnac.Molding.Entity", "P.Molding\Mesnac.Molding.Entity\Mesnac.Molding.Entity.csproj", "{E62CD168-27B2-4670-B521-1E9F4C3944B8}"
EndProject
Project("{FAE04EC0-301F-11D3-BF4B-00C04F79EFBC}") = "Mesnac.Molding.Mapper", "P.Molding\Mesnac.Molding.Mapper\Mesnac.Molding.Mapper.csproj", "{0A0C6353-6971-41E8-AC92-61BE8A35D51A}"
EndProject
Project("{FAE04EC0-301F-11D3-BF4B-00C04F79EFBC}") = "Mesnac.Molding.NUTest", "P.Molding\Mesnac.Molding.NUTest\Mesnac.Molding.NUTest.csproj", "{4028F01E-4C26-48BE-BAFF-BCDF07F57E10}"
EndProject
Project("{FAE04EC0-301F-11D3-BF4B-00C04F79EFBC}") = "Mesnac.Molding.Webservice", "P.Molding\Mesnac.Molding.Webservice\Mesnac.Molding.Webservice.csproj", "{DD5B4334-ACD9-4D25-B2B3-13E964EB26AA}"
EndProject
Project("{E24C65DC-7377-472B-9ABA-BC803B73C61A}") = "Mesnac.Molding.WebSite", "http://localhost:13730", "{BDE4D774-BE37-4451-A5AC-C141F9EE890D}"
	ProjectSection(WebsiteProperties) = preProject
		UseIISExpress = "true"
		TargetFrameworkMoniker = ".NETFramework,Version%3Dv4.0"
		ProjectReferences = "{a9ca6236-5311-4b62-a441-8efa978ba2e9}|Mesnac.Molding.Business.dll;{88020d7a-9063-4ae4-aa91-364bcd04c71f}|Mesnac.Molding.Data.dll;{e62cd168-27b2-4670-b521-1e9f4c3944b8}|Mesnac.Molding.Entity.dll;{0a0c6353-6971-41e8-ac92-61be8a35d51a}|Mesnac.Molding.Mapper.dll;{422d7329-31bb-4234-b269-11c6a25f977f}|Mesnac.Molding.McUI.dll;"
		Debug.AspNetCompiler.VirtualPath = "/localhost_13730"
		Debug.AspNetCompiler.PhysicalPath = "P.Molding\Mesnac.Molding.WebSite\"
		Debug.AspNetCompiler.TargetPath = "PrecompiledWeb\localhost_13730\"
		Debug.AspNetCompiler.Updateable = "true"
		Debug.AspNetCompiler.ForceOverwrite = "true"
		Debug.AspNetCompiler.FixedNames = "false"
		Debug.AspNetCompiler.Debug = "True"
		Release.AspNetCompiler.VirtualPath = "/localhost_13730"
		Release.AspNetCompiler.PhysicalPath = "P.Molding\Mesnac.Molding.WebSite\"
		Release.AspNetCompiler.TargetPath = "PrecompiledWeb\localhost_13730\"
		Release.AspNetCompiler.Updateable = "true"
		Release.AspNetCompiler.ForceOverwrite = "true"
		Release.AspNetCompiler.FixedNames = "false"
		Release.AspNetCompiler.Debug = "False"
		SlnRelativePath = "P.Molding\Mesnac.Molding.WebSite\"
	EndProjectSection
EndProject
Project("{2150E333-8FDC-42A3-9474-1A3956D46DE8}") = "FastReport", "FastReport", "{E3ACDF56-D37D-41E7-A0F3-011FEC4E7B30}"
	ProjectSection(SolutionItems) = preProject
		@packages\FastReport\FastReport.Bars.dll = @packages\FastReport\FastReport.Bars.dll
		@packages\FastReport\FastReport.dll = @packages\FastReport\FastReport.dll
		@packages\FastReport\FastReport.Editor.dll = @packages\FastReport\FastReport.Editor.dll
		@packages\FastReport\FastReport.Install.dll = @packages\FastReport\FastReport.Install.dll
		@packages\FastReport\FastReport.VSDesign.dll = @packages\FastReport\FastReport.VSDesign.dll
		@packages\FastReport\FastReport.Web.dll = @packages\FastReport\FastReport.Web.dll
	EndProjectSection
EndProject
Project("{FAE04EC0-301F-11D3-BF4B-00C04F79EFBC}") = "Mesnac.Molding.McUI", "P.Molding\Mesnac.Molding.McUI\Mesnac.Molding.McUI.csproj", "{422D7329-31BB-4234-B269-11C6A25F977F}"
EndProject
Global
	GlobalSection(SolutionConfigurationPlatforms) = preSolution
		Debug|Any CPU = Debug|Any CPU
		Release|Any CPU = Release|Any CPU
	EndGlobalSection
	GlobalSection(ProjectConfigurationPlatforms) = postSolution
		{A9CA6236-5311-4B62-A441-8EFA978BA2E9}.Debug|Any CPU.ActiveCfg = Debug|Any CPU
		{A9CA6236-5311-4B62-A441-8EFA978BA2E9}.Debug|Any CPU.Build.0 = Debug|Any CPU
		{A9CA6236-5311-4B62-A441-8EFA978BA2E9}.Release|Any CPU.ActiveCfg = Release|Any CPU
		{A9CA6236-5311-4B62-A441-8EFA978BA2E9}.Release|Any CPU.Build.0 = Release|Any CPU
		{88020D7A-9063-4AE4-AA91-364BCD04C71F}.Debug|Any CPU.ActiveCfg = Debug|Any CPU
		{88020D7A-9063-4AE4-AA91-364BCD04C71F}.Debug|Any CPU.Build.0 = Debug|Any CPU
		{88020D7A-9063-4AE4-AA91-364BCD04C71F}.Release|Any CPU.ActiveCfg = Release|Any CPU
		{88020D7A-9063-4AE4-AA91-364BCD04C71F}.Release|Any CPU.Build.0 = Release|Any CPU
		{E62CD168-27B2-4670-B521-1E9F4C3944B8}.Debug|Any CPU.ActiveCfg = Debug|Any CPU
		{E62CD168-27B2-4670-B521-1E9F4C3944B8}.Debug|Any CPU.Build.0 = Debug|Any CPU
		{E62CD168-27B2-4670-B521-1E9F4C3944B8}.Release|Any CPU.ActiveCfg = Release|Any CPU
		{E62CD168-27B2-4670-B521-1E9F4C3944B8}.Release|Any CPU.Build.0 = Release|Any CPU
		{0A0C6353-6971-41E8-AC92-61BE8A35D51A}.Debug|Any CPU.ActiveCfg = Debug|Any CPU
		{0A0C6353-6971-41E8-AC92-61BE8A35D51A}.Debug|Any CPU.Build.0 = Debug|Any CPU
		{0A0C6353-6971-41E8-AC92-61BE8A35D51A}.Release|Any CPU.ActiveCfg = Release|Any CPU
		{0A0C6353-6971-41E8-AC92-61BE8A35D51A}.Release|Any CPU.Build.0 = Release|Any CPU
		{4028F01E-4C26-48BE-BAFF-BCDF07F57E10}.Debug|Any CPU.ActiveCfg = Debug|Any CPU
		{4028F01E-4C26-48BE-BAFF-BCDF07F57E10}.Debug|Any CPU.Build.0 = Debug|Any CPU
		{4028F01E-4C26-48BE-BAFF-BCDF07F57E10}.Release|Any CPU.ActiveCfg = Release|Any CPU
		{4028F01E-4C26-48BE-BAFF-BCDF07F57E10}.Release|Any CPU.Build.0 = Release|Any CPU
		{DD5B4334-ACD9-4D25-B2B3-13E964EB26AA}.Debug|Any CPU.ActiveCfg = Debug|Any CPU
		{DD5B4334-ACD9-4D25-B2B3-13E964EB26AA}.Debug|Any CPU.Build.0 = Debug|Any CPU
		{DD5B4334-ACD9-4D25-B2B3-13E964EB26AA}.Release|Any CPU.ActiveCfg = Release|Any CPU
		{DD5B4334-ACD9-4D25-B2B3-13E964EB26AA}.Release|Any CPU.Build.0 = Release|Any CPU
		{BDE4D774-BE37-4451-A5AC-C141F9EE890D}.Debug|Any CPU.ActiveCfg = Debug|Any CPU
		{BDE4D774-BE37-4451-A5AC-C141F9EE890D}.Debug|Any CPU.Build.0 = Debug|Any CPU
		{BDE4D774-BE37-4451-A5AC-C141F9EE890D}.Release|Any CPU.ActiveCfg = Debug|Any CPU
		{BDE4D774-BE37-4451-A5AC-C141F9EE890D}.Release|Any CPU.Build.0 = Debug|Any CPU
		{422D7329-31BB-4234-B269-11C6A25F977F}.Debug|Any CPU.ActiveCfg = Debug|Any CPU
		{422D7329-31BB-4234-B269-11C6A25F977F}.Debug|Any CPU.Build.0 = Debug|Any CPU
		{422D7329-31BB-4234-B269-11C6A25F977F}.Release|Any CPU.ActiveCfg = Release|Any CPU
		{422D7329-31BB-4234-B269-11C6A25F977F}.Release|Any CPU.Build.0 = Release|Any CPU
	EndGlobalSection
	GlobalSection(SolutionProperties) = preSolution
		HideSolutionNode = FALSE
	EndGlobalSection
	GlobalSection(NestedProjects) = preSolution
		{76F888B0-0072-4AD2-9D4E-98861B15EB62} = {072BDABE-0509-4A07-AAF2-C8A74B1EBBE6}
		{3665F684-A26C-4470-BD9D-BBD99FD4CAFB} = {072BDABE-0509-4A07-AAF2-C8A74B1EBBE6}
		{2D77CD8A-329D-4259-B6CD-99EB63CA5718} = {072BDABE-0509-4A07-AAF2-C8A74B1EBBE6}
		{2FE3D96A-5233-4CBB-8B39-FE4509DCCEC1} = {072BDABE-0509-4A07-AAF2-C8A74B1EBBE6}
		{0F2E0A85-51F2-4557-B8F9-D4AF6448870E} = {072BDABE-0509-4A07-AAF2-C8A74B1EBBE6}
		{5B8E0A45-474B-4E90-AC42-7B2D3EC8C87A} = {072BDABE-0509-4A07-AAF2-C8A74B1EBBE6}
		{FF6EAEBB-3406-4C90-9832-030316A3EEC1} = {072BDABE-0509-4A07-AAF2-C8A74B1EBBE6}
		{E3ACDF56-D37D-41E7-A0F3-011FEC4E7B30} = {072BDABE-0509-4A07-AAF2-C8A74B1EBBE6}
		{A9CA6236-5311-4B62-A441-8EFA978BA2E9} = {A7F272B9-B5C4-4BEE-BF22-D8EE1D109395}
		{88020D7A-9063-4AE4-AA91-364BCD04C71F} = {A7F272B9-B5C4-4BEE-BF22-D8EE1D109395}
		{E62CD168-27B2-4670-B521-1E9F4C3944B8} = {A7F272B9-B5C4-4BEE-BF22-D8EE1D109395}
		{0A0C6353-6971-41E8-AC92-61BE8A35D51A} = {A7F272B9-B5C4-4BEE-BF22-D8EE1D109395}
		{4028F01E-4C26-48BE-BAFF-BCDF07F57E10} = {A7F272B9-B5C4-4BEE-BF22-D8EE1D109395}
		{DD5B4334-ACD9-4D25-B2B3-13E964EB26AA} = {A7F272B9-B5C4-4BEE-BF22-D8EE1D109395}
		{BDE4D774-BE37-4451-A5AC-C141F9EE890D} = {A7F272B9-B5C4-4BEE-BF22-D8EE1D109395}
		{422D7329-31BB-4234-B269-11C6A25F977F} = {A7F272B9-B5C4-4BEE-BF22-D8EE1D109395}
	EndGlobalSection
	GlobalSection(ExtensibilityGlobals) = postSolution
		VisualSVNWorkingCopyRoot = .
	EndGlobalSection
EndGlobal
