
Microsoft Visual Studio Solution File, Format Version 10.00
# Visual Studio 2008
Project("{FAE04EC0-301F-11D3-BF4B-00C04F79EFBC}") = "Mesnac.Windows", "Mesnac.Windows\Mesnac.Windows.csproj", "{1F4959E8-BFE7-48EB-8D3D-887303A6E838}"
EndProject
Project("{2150E333-8FDC-42A3-9474-1A3956D46DE8}") = "@packages", "@packages", "{B94A15B4-07AC-473A-8220-AA7C7D980B62}"
EndProject
Project("{2150E333-8FDC-42A3-9474-1A3956D46DE8}") = "Seuic Kits", "Seuic Kits", "{A94003E8-8682-43E2-A048-A55681CFDA9B}"
	ProjectSection(SolutionItems) = preProject
		@packages\Seuic Kits\D300.System.dll = @packages\Seuic Kits\D300.System.dll
		@packages\Seuic Kits\D300SysUI.dll = @packages\Seuic Kits\D300SysUI.dll
		@packages\Seuic Kits\SCAN.Scanner1D.dll = @packages\Seuic Kits\SCAN.Scanner1D.dll
	EndProjectSection
EndProject
Project("{FAE04EC0-301F-11D3-BF4B-00C04F79EFBC}") = "Mesnac.Framework", "Mesnac.Framework\Mesnac.Framework.csproj", "{82D95D33-9473-4246-8C99-C58E6A685B0F}"
EndProject
Project("{FAE04EC0-301F-11D3-BF4B-00C04F79EFBC}") = "Mesnac.NUnitTest", "Mesnac.NUnitTest\Mesnac.NUnitTest.csproj", "{634437FF-11F4-412D-89E7-FA754CFF51E2}"
EndProject
Project("{2150E333-8FDC-42A3-9474-1A3956D46DE8}") = "NUnit", "NUnit", "{7571A76E-F6FE-41F9-8E18-F6AC32448824}"
	ProjectSection(SolutionItems) = preProject
		@packages\NUnit\nunit.framework.dll = @packages\NUnit\nunit.framework.dll
		@packages\NUnit\nunit.framework.xml = @packages\NUnit\nunit.framework.xml
		@packages\NUnit\nunit.mocks.dll = @packages\NUnit\nunit.mocks.dll
		@packages\NUnit\pnunit.framework.dll = @packages\NUnit\pnunit.framework.dll
	EndProjectSection
EndProject
Project("{FAE04EC0-301F-11D3-BF4B-00C04F79EFBC}") = "Mesnac.Resources", "Mesnac.Resources\Mesnac.Resources.csproj", "{0EC8F216-C3B2-49EC-B42C-05EECC9503EF}"
EndProject
Project("{FAE04EC0-301F-11D3-BF4B-00C04F79EFBC}") = "Mesnac.AppMES", "Mesnac.AppMES\Mesnac.AppMES.csproj", "{08C03593-CAB6-4C40-8AD3-E77CEB247E5A}"
EndProject
Project("{FAE04EC0-301F-11D3-BF4B-00C04F79EFBC}") = "Mesnac.Scanner", "Mesnac.Scanner\Mesnac.Scanner.csproj", "{9FEDCB60-B5DC-4F26-A1D3-4FFAA012EAB2}"
EndProject
Project("{FAE04EC0-301F-11D3-BF4B-00C04F79EFBC}") = "Mesnac.Update", "Mesnac.Update\Mesnac.Update.csproj", "{ED7A8DE9-0855-4189-AE91-23679470BC31}"
EndProject
Project("{FAE04EC0-301F-11D3-BF4B-00C04F79EFBC}") = "Mesnac.Utility", "Mesnac.Utility\Mesnac.Utility.csproj", "{526D6F8D-C228-4F4A-9DD7-90ECCDCA3371}"
EndProject
Project("{FAE04EC0-301F-11D3-BF4B-00C04F79EFBC}") = "Mesnac.WebService", "Mesnac.WebService\Mesnac.WebService.csproj", "{60859A6C-5977-440E-BE59-A40B5B49F4DE}"
EndProject
Project("{FAE04EC0-301F-11D3-BF4B-00C04F79EFBC}") = "Mesnac.SysConfig", "Mesnac.SysConfig\Mesnac.SysConfig.csproj", "{D14E2CF8-D2EF-4BA5-92A5-608C750275E9}"
EndProject
Project("{2150E333-8FDC-42A3-9474-1A3956D46DE8}") = "Logging", "Logging", "{BC27A0C5-077E-4A92-9B16-3F48B0D33472}"
	ProjectSection(SolutionItems) = preProject
		@packages\Mesnac.Logging\log4net.config = @packages\Mesnac.Logging\log4net.config
		@packages\Mesnac.Logging\log4net.dll = @packages\Mesnac.Logging\log4net.dll
		@packages\Mesnac.Logging\Mesnac.Logging.dll = @packages\Mesnac.Logging\Mesnac.Logging.dll
	EndProjectSection
EndProject
Project("{FAE04EC0-301F-11D3-BF4B-00C04F79EFBC}") = "Mesnac.Scanner.Intermec", "Mesnac.Scanner.Intermec\Mesnac.Scanner.Intermec.csproj", "{3BC29B9C-8053-492B-ADCA-37737B594E1F}"
EndProject
Project("{2150E333-8FDC-42A3-9474-1A3956D46DE8}") = "Intermec", "Intermec", "{F39B6515-64E0-492D-8B3B-D86C3411D7FA}"
	ProjectSection(SolutionItems) = preProject
		@packages\Intermec\Intermec.DataCollection.CF2.dll = @packages\Intermec\Intermec.DataCollection.CF2.dll
		@packages\Intermec\IntermecLib.dll = @packages\Intermec\IntermecLib.dll
		@packages\Intermec\PDALib.dll = @packages\Intermec\PDALib.dll
	EndProjectSection
EndProject
Project("{FAE04EC0-301F-11D3-BF4B-00C04F79EFBC}") = "Mesnac.Scanner.Test", "Mesnac.Scanner.Test\Mesnac.Scanner.Test.csproj", "{7F2958C5-126C-4AE1-9EA5-18E468CBF886}"
EndProject
Project("{FAE04EC0-301F-11D3-BF4B-00C04F79EFBC}") = "Mesnac.Curing", "Mesnac.Curing\Mesnac.Curing.csproj", "{11002236-7486-4E17-9D45-FE6911E3C3B7}"
EndProject
Project("{FAE04EC0-301F-11D3-BF4B-00C04F79EFBC}") = "Mesnac.TyreCheck", "Mesnac.TyreCheck\Mesnac.TyreCheck.csproj", "{61160FD8-59AF-42B3-B941-C4D810AA6092}"
EndProject
Project("{FAE04EC0-301F-11D3-BF4B-00C04F79EFBC}") = "Mesnac.FullScreenControl", "Mesnac.FullScreenControl\Mesnac.FullScreenControl.csproj", "{F3DD0E8A-EC43-4668-ABDD-60E2CA67A601}"
EndProject
Project("{FAE04EC0-301F-11D3-BF4B-00C04F79EFBC}") = "Mesnac.Scanner.Newland", "Mesnac.Scanner.Newland\Mesnac.Scanner.Newland.csproj", "{3E792FBB-85F8-4CBD-953B-7856557C7965}"
EndProject
Project("{2150E333-8FDC-42A3-9474-1A3956D46DE8}") = "Newland", "Newland", "{51B90092-4D4F-4C0D-9EED-E8A2F27436DD}"
	ProjectSection(SolutionItems) = preProject
		@packages\Newland\NLSCAN.MacCtrl.dll = @packages\Newland\NLSCAN.MacCtrl.dll
	EndProjectSection
EndProject
Project("{FAE04EC0-301F-11D3-BF4B-00C04F79EFBC}") = "Mesnac.Molding", "Mesnac.Molding\Mesnac.Molding.csproj", "{44610D57-0B61-45DF-A847-F2CA177C8B03}"
EndProject
Project("{FAE04EC0-301F-11D3-BF4B-00C04F79EFBC}") = "Mesnac.Storage", "Mesnac.Storage\Mesnac.Storage.csproj", "{BFE0F965-091F-4D17-9564-30DC6157347E}"
EndProject
Project("{FAE04EC0-301F-11D3-BF4B-00C04F79EFBC}") = "Mesnac.Storage.WebService", "Mesnac.Storage.WebService\Mesnac.Storage.WebService.csproj", "{75996A0E-E638-44C2-95FF-0C192309B971}"
EndProject
Project("{FAE04EC0-301F-11D3-BF4B-00C04F79EFBC}") = "Mesnac.Molding.WebService", "Mesnac.Molding.WebService\Mesnac.Molding.WebService.csproj", "{211FE278-4EA5-4FF7-AAC1-5BE54D7C212A}"
EndProject
Project("{FAE04EC0-301F-11D3-BF4B-00C04F79EFBC}") = "Mesnac.Semis", "Mesnac.Semis\Mesnac.Semis.csproj", "{ECB0F8C4-FA75-494A-9075-1F239A835DAD}"
EndProject
Project("{FAE04EC0-301F-11D3-BF4B-00C04F79EFBC}") = "Mesnac.Equip", "Mesnac.Equip\Mesnac.Equip.csproj", "{8908C09B-793B-4BE6-B46B-7053C7E5A0EA}"
EndProject
Global
	GlobalSection(SolutionConfigurationPlatforms) = preSolution
		Debug|Any CPU = Debug|Any CPU
		Release|Any CPU = Release|Any CPU
	EndGlobalSection
	GlobalSection(ProjectConfigurationPlatforms) = postSolution
		{1F4959E8-BFE7-48EB-8D3D-887303A6E838}.Debug|Any CPU.ActiveCfg = Debug|Any CPU
		{1F4959E8-BFE7-48EB-8D3D-887303A6E838}.Debug|Any CPU.Build.0 = Debug|Any CPU
		{1F4959E8-BFE7-48EB-8D3D-887303A6E838}.Release|Any CPU.ActiveCfg = Release|Any CPU
		{1F4959E8-BFE7-48EB-8D3D-887303A6E838}.Release|Any CPU.Build.0 = Release|Any CPU
		{82D95D33-9473-4246-8C99-C58E6A685B0F}.Debug|Any CPU.ActiveCfg = Debug|Any CPU
		{82D95D33-9473-4246-8C99-C58E6A685B0F}.Debug|Any CPU.Build.0 = Debug|Any CPU
		{82D95D33-9473-4246-8C99-C58E6A685B0F}.Release|Any CPU.ActiveCfg = Release|Any CPU
		{82D95D33-9473-4246-8C99-C58E6A685B0F}.Release|Any CPU.Build.0 = Release|Any CPU
		{634437FF-11F4-412D-89E7-FA754CFF51E2}.Debug|Any CPU.ActiveCfg = Debug|Any CPU
		{634437FF-11F4-412D-89E7-FA754CFF51E2}.Debug|Any CPU.Build.0 = Debug|Any CPU
		{634437FF-11F4-412D-89E7-FA754CFF51E2}.Release|Any CPU.ActiveCfg = Release|Any CPU
		{634437FF-11F4-412D-89E7-FA754CFF51E2}.Release|Any CPU.Build.0 = Release|Any CPU
		{0EC8F216-C3B2-49EC-B42C-05EECC9503EF}.Debug|Any CPU.ActiveCfg = Debug|Any CPU
		{0EC8F216-C3B2-49EC-B42C-05EECC9503EF}.Debug|Any CPU.Build.0 = Debug|Any CPU
		{0EC8F216-C3B2-49EC-B42C-05EECC9503EF}.Release|Any CPU.ActiveCfg = Release|Any CPU
		{0EC8F216-C3B2-49EC-B42C-05EECC9503EF}.Release|Any CPU.Build.0 = Release|Any CPU
		{08C03593-CAB6-4C40-8AD3-E77CEB247E5A}.Debug|Any CPU.ActiveCfg = Debug|Any CPU
		{08C03593-CAB6-4C40-8AD3-E77CEB247E5A}.Debug|Any CPU.Build.0 = Debug|Any CPU
		{08C03593-CAB6-4C40-8AD3-E77CEB247E5A}.Debug|Any CPU.Deploy.0 = Debug|Any CPU
		{08C03593-CAB6-4C40-8AD3-E77CEB247E5A}.Release|Any CPU.ActiveCfg = Release|Any CPU
		{08C03593-CAB6-4C40-8AD3-E77CEB247E5A}.Release|Any CPU.Build.0 = Release|Any CPU
		{08C03593-CAB6-4C40-8AD3-E77CEB247E5A}.Release|Any CPU.Deploy.0 = Release|Any CPU
		{9FEDCB60-B5DC-4F26-A1D3-4FFAA012EAB2}.Debug|Any CPU.ActiveCfg = Debug|Any CPU
		{9FEDCB60-B5DC-4F26-A1D3-4FFAA012EAB2}.Debug|Any CPU.Build.0 = Debug|Any CPU
		{9FEDCB60-B5DC-4F26-A1D3-4FFAA012EAB2}.Release|Any CPU.ActiveCfg = Release|Any CPU
		{9FEDCB60-B5DC-4F26-A1D3-4FFAA012EAB2}.Release|Any CPU.Build.0 = Release|Any CPU
		{ED7A8DE9-0855-4189-AE91-23679470BC31}.Debug|Any CPU.ActiveCfg = Debug|Any CPU
		{ED7A8DE9-0855-4189-AE91-23679470BC31}.Debug|Any CPU.Build.0 = Debug|Any CPU
		{ED7A8DE9-0855-4189-AE91-23679470BC31}.Debug|Any CPU.Deploy.0 = Debug|Any CPU
		{ED7A8DE9-0855-4189-AE91-23679470BC31}.Release|Any CPU.ActiveCfg = Release|Any CPU
		{ED7A8DE9-0855-4189-AE91-23679470BC31}.Release|Any CPU.Build.0 = Release|Any CPU
		{ED7A8DE9-0855-4189-AE91-23679470BC31}.Release|Any CPU.Deploy.0 = Release|Any CPU
		{526D6F8D-C228-4F4A-9DD7-90ECCDCA3371}.Debug|Any CPU.ActiveCfg = Debug|Any CPU
		{526D6F8D-C228-4F4A-9DD7-90ECCDCA3371}.Debug|Any CPU.Build.0 = Debug|Any CPU
		{526D6F8D-C228-4F4A-9DD7-90ECCDCA3371}.Release|Any CPU.ActiveCfg = Release|Any CPU
		{526D6F8D-C228-4F4A-9DD7-90ECCDCA3371}.Release|Any CPU.Build.0 = Release|Any CPU
		{60859A6C-5977-440E-BE59-A40B5B49F4DE}.Debug|Any CPU.ActiveCfg = Debug|Any CPU
		{60859A6C-5977-440E-BE59-A40B5B49F4DE}.Debug|Any CPU.Build.0 = Debug|Any CPU
		{60859A6C-5977-440E-BE59-A40B5B49F4DE}.Release|Any CPU.ActiveCfg = Release|Any CPU
		{60859A6C-5977-440E-BE59-A40B5B49F4DE}.Release|Any CPU.Build.0 = Release|Any CPU
		{D14E2CF8-D2EF-4BA5-92A5-608C750275E9}.Debug|Any CPU.ActiveCfg = Debug|Any CPU
		{D14E2CF8-D2EF-4BA5-92A5-608C750275E9}.Debug|Any CPU.Build.0 = Debug|Any CPU
		{D14E2CF8-D2EF-4BA5-92A5-608C750275E9}.Release|Any CPU.ActiveCfg = Release|Any CPU
		{D14E2CF8-D2EF-4BA5-92A5-608C750275E9}.Release|Any CPU.Build.0 = Release|Any CPU
		{3BC29B9C-8053-492B-ADCA-37737B594E1F}.Debug|Any CPU.ActiveCfg = Debug|Any CPU
		{3BC29B9C-8053-492B-ADCA-37737B594E1F}.Debug|Any CPU.Build.0 = Debug|Any CPU
		{3BC29B9C-8053-492B-ADCA-37737B594E1F}.Release|Any CPU.ActiveCfg = Release|Any CPU
		{3BC29B9C-8053-492B-ADCA-37737B594E1F}.Release|Any CPU.Build.0 = Release|Any CPU
		{7F2958C5-126C-4AE1-9EA5-18E468CBF886}.Debug|Any CPU.ActiveCfg = Debug|Any CPU
		{7F2958C5-126C-4AE1-9EA5-18E468CBF886}.Debug|Any CPU.Build.0 = Debug|Any CPU
		{7F2958C5-126C-4AE1-9EA5-18E468CBF886}.Debug|Any CPU.Deploy.0 = Debug|Any CPU
		{7F2958C5-126C-4AE1-9EA5-18E468CBF886}.Release|Any CPU.ActiveCfg = Release|Any CPU
		{7F2958C5-126C-4AE1-9EA5-18E468CBF886}.Release|Any CPU.Build.0 = Release|Any CPU
		{7F2958C5-126C-4AE1-9EA5-18E468CBF886}.Release|Any CPU.Deploy.0 = Release|Any CPU
		{11002236-7486-4E17-9D45-FE6911E3C3B7}.Debug|Any CPU.ActiveCfg = Debug|Any CPU
		{11002236-7486-4E17-9D45-FE6911E3C3B7}.Debug|Any CPU.Build.0 = Debug|Any CPU
		{11002236-7486-4E17-9D45-FE6911E3C3B7}.Release|Any CPU.ActiveCfg = Release|Any CPU
		{11002236-7486-4E17-9D45-FE6911E3C3B7}.Release|Any CPU.Build.0 = Release|Any CPU
		{61160FD8-59AF-42B3-B941-C4D810AA6092}.Debug|Any CPU.ActiveCfg = Debug|Any CPU
		{61160FD8-59AF-42B3-B941-C4D810AA6092}.Debug|Any CPU.Build.0 = Debug|Any CPU
		{61160FD8-59AF-42B3-B941-C4D810AA6092}.Release|Any CPU.ActiveCfg = Release|Any CPU
		{61160FD8-59AF-42B3-B941-C4D810AA6092}.Release|Any CPU.Build.0 = Release|Any CPU
		{F3DD0E8A-EC43-4668-ABDD-60E2CA67A601}.Debug|Any CPU.ActiveCfg = Debug|Any CPU
		{F3DD0E8A-EC43-4668-ABDD-60E2CA67A601}.Debug|Any CPU.Build.0 = Debug|Any CPU
		{F3DD0E8A-EC43-4668-ABDD-60E2CA67A601}.Debug|Any CPU.Deploy.0 = Debug|Any CPU
		{F3DD0E8A-EC43-4668-ABDD-60E2CA67A601}.Release|Any CPU.ActiveCfg = Release|Any CPU
		{F3DD0E8A-EC43-4668-ABDD-60E2CA67A601}.Release|Any CPU.Build.0 = Release|Any CPU
		{F3DD0E8A-EC43-4668-ABDD-60E2CA67A601}.Release|Any CPU.Deploy.0 = Release|Any CPU
		{3E792FBB-85F8-4CBD-953B-7856557C7965}.Debug|Any CPU.ActiveCfg = Debug|Any CPU
		{3E792FBB-85F8-4CBD-953B-7856557C7965}.Debug|Any CPU.Build.0 = Debug|Any CPU
		{3E792FBB-85F8-4CBD-953B-7856557C7965}.Release|Any CPU.ActiveCfg = Release|Any CPU
		{3E792FBB-85F8-4CBD-953B-7856557C7965}.Release|Any CPU.Build.0 = Release|Any CPU
		{44610D57-0B61-45DF-A847-F2CA177C8B03}.Debug|Any CPU.ActiveCfg = Debug|Any CPU
		{44610D57-0B61-45DF-A847-F2CA177C8B03}.Debug|Any CPU.Build.0 = Debug|Any CPU
		{44610D57-0B61-45DF-A847-F2CA177C8B03}.Release|Any CPU.ActiveCfg = Release|Any CPU
		{44610D57-0B61-45DF-A847-F2CA177C8B03}.Release|Any CPU.Build.0 = Release|Any CPU
		{BFE0F965-091F-4D17-9564-30DC6157347E}.Debug|Any CPU.ActiveCfg = Debug|Any CPU
		{BFE0F965-091F-4D17-9564-30DC6157347E}.Debug|Any CPU.Build.0 = Debug|Any CPU
		{BFE0F965-091F-4D17-9564-30DC6157347E}.Release|Any CPU.ActiveCfg = Release|Any CPU
		{BFE0F965-091F-4D17-9564-30DC6157347E}.Release|Any CPU.Build.0 = Release|Any CPU
		{75996A0E-E638-44C2-95FF-0C192309B971}.Debug|Any CPU.ActiveCfg = Debug|Any CPU
		{75996A0E-E638-44C2-95FF-0C192309B971}.Debug|Any CPU.Build.0 = Debug|Any CPU
		{75996A0E-E638-44C2-95FF-0C192309B971}.Release|Any CPU.ActiveCfg = Release|Any CPU
		{75996A0E-E638-44C2-95FF-0C192309B971}.Release|Any CPU.Build.0 = Release|Any CPU
		{211FE278-4EA5-4FF7-AAC1-5BE54D7C212A}.Debug|Any CPU.ActiveCfg = Debug|Any CPU
		{211FE278-4EA5-4FF7-AAC1-5BE54D7C212A}.Debug|Any CPU.Build.0 = Debug|Any CPU
		{211FE278-4EA5-4FF7-AAC1-5BE54D7C212A}.Release|Any CPU.ActiveCfg = Release|Any CPU
		{211FE278-4EA5-4FF7-AAC1-5BE54D7C212A}.Release|Any CPU.Build.0 = Release|Any CPU
		{ECB0F8C4-FA75-494A-9075-1F239A835DAD}.Debug|Any CPU.ActiveCfg = Debug|Any CPU
		{ECB0F8C4-FA75-494A-9075-1F239A835DAD}.Debug|Any CPU.Build.0 = Debug|Any CPU
		{ECB0F8C4-FA75-494A-9075-1F239A835DAD}.Release|Any CPU.ActiveCfg = Release|Any CPU
		{ECB0F8C4-FA75-494A-9075-1F239A835DAD}.Release|Any CPU.Build.0 = Release|Any CPU
		{8908C09B-793B-4BE6-B46B-7053C7E5A0EA}.Debug|Any CPU.ActiveCfg = Debug|Any CPU
		{8908C09B-793B-4BE6-B46B-7053C7E5A0EA}.Debug|Any CPU.Build.0 = Debug|Any CPU
		{8908C09B-793B-4BE6-B46B-7053C7E5A0EA}.Release|Any CPU.ActiveCfg = Release|Any CPU
		{8908C09B-793B-4BE6-B46B-7053C7E5A0EA}.Release|Any CPU.Build.0 = Release|Any CPU
	EndGlobalSection
	GlobalSection(SolutionProperties) = preSolution
		HideSolutionNode = FALSE
	EndGlobalSection
	GlobalSection(NestedProjects) = preSolution
		{A94003E8-8682-43E2-A048-A55681CFDA9B} = {B94A15B4-07AC-473A-8220-AA7C7D980B62}
		{7571A76E-F6FE-41F9-8E18-F6AC32448824} = {B94A15B4-07AC-473A-8220-AA7C7D980B62}
		{BC27A0C5-077E-4A92-9B16-3F48B0D33472} = {B94A15B4-07AC-473A-8220-AA7C7D980B62}
		{F39B6515-64E0-492D-8B3B-D86C3411D7FA} = {B94A15B4-07AC-473A-8220-AA7C7D980B62}
		{51B90092-4D4F-4C0D-9EED-E8A2F27436DD} = {B94A15B4-07AC-473A-8220-AA7C7D980B62}
	EndGlobalSection
	GlobalSection(ExtensibilityGlobals) = postSolution
		VisualSVNWorkingCopyRoot = .
	EndGlobalSection
EndGlobal
