
Microsoft Visual Studio Solution File, Format Version 12.00
# Visual Studio Version 16
VisualStudioVersion = 16.0.32630.194
MinimumVisualStudioVersion = 10.0.40219.1
Project("{2150E333-8FDC-42A3-9474-1A3956D46DE8}") = "@packages", "@packages", "{072BDABE-0509-4A07-AAF2-C8A74B1EBBE6}"
EndProject
Project("{2150E333-8FDC-42A3-9474-1A3956D46DE8}") = "nunit", "nunit", "{76F888B0-0072-4AD2-9D4E-98861B15EB62}"
	ProjectSection(SolutionItems) = preProject
		@packages\nunit\nunit.framework.dll = @packages\nunit\nunit.framework.dll
		@packages\nunit\nunit.mocks.dll = @packages\nunit\nunit.mocks.dll
		@packages\nunit\pnunit.framework.dll = @packages\nunit\pnunit.framework.dll
	EndProjectSection
EndProject
Project("{2150E333-8FDC-42A3-9474-1A3956D46DE8}") = "MyBatis", "MyBatis", "{3665F684-A26C-4470-BD9D-BBD99FD4CAFB}"
	ProjectSection(SolutionItems) = preProject
		@packages\MyBatis\Castle.Core.dll = @packages\MyBatis\Castle.Core.dll
		@packages\MyBatis\Castle.DynamicProxy2.dll = @packages\MyBatis\Castle.DynamicProxy2.dll
		@packages\MyBatis\DaoConfig.xsd = @packages\MyBatis\DaoConfig.xsd
		@packages\MyBatis\MyBatis.Common.dll = @packages\MyBatis\MyBatis.Common.dll
		@packages\MyBatis\MyBatis.DataMapper.dll = @packages\MyBatis\MyBatis.DataMapper.dll
		@packages\MyBatis\SqlMap.xsd = @packages\MyBatis\SqlMap.xsd
		@packages\MyBatis\SqlMapConfig.xsd = @packages\MyBatis\SqlMapConfig.xsd
	EndProjectSection
EndProject
Project("{2150E333-8FDC-42A3-9474-1A3956D46DE8}") = "NPOI", "NPOI", "{2D77CD8A-329D-4259-B6CD-99EB63CA5718}"
	ProjectSection(SolutionItems) = preProject
		@packages\NPOI\ICSharpCode.SharpZipLib.dll = @packages\NPOI\ICSharpCode.SharpZipLib.dll
		@packages\NPOI\NPOI.dll = @packages\NPOI\NPOI.dll
		@packages\NPOI\NPOI.OOXML.dll = @packages\NPOI\NPOI.OOXML.dll
		@packages\NPOI\NPOI.OpenXml4Net.dll = @packages\NPOI\NPOI.OpenXml4Net.dll
		@packages\NPOI\NPOI.OpenXmlFormats.dll = @packages\NPOI\NPOI.OpenXmlFormats.dll
	EndProjectSection
EndProject
Project("{2150E333-8FDC-42A3-9474-1A3956D46DE8}") = "Frame", "Frame", "{2FE3D96A-5233-4CBB-8B39-FE4509DCCEC1}"
	ProjectSection(SolutionItems) = preProject
		@packages\Frame\Mesnac.DbAccess.dll = @packages\Frame\Mesnac.DbAccess.dll
		@packages\Frame\Mesnac.FrameDb.Mapper.dll = @packages\Frame\Mesnac.FrameDb.Mapper.dll
		@packages\Frame\Mesnac.McUI.dll = @packages\Frame\Mesnac.McUI.dll
		@packages\Frame\Mesnac.Utility.dll = @packages\Frame\Mesnac.Utility.dll
		@packages\Frame\Mesnac.Web.UI.dll = @packages\Frame\Mesnac.Web.UI.dll
	EndProjectSection
EndProject
Project("{2150E333-8FDC-42A3-9474-1A3956D46DE8}") = "Ext.net", "Ext.net", "{0F2E0A85-51F2-4557-B8F9-D4AF6448870E}"
	ProjectSection(SolutionItems) = preProject
		@packages\Ext.net\Ext.Net.dll = @packages\Ext.net\Ext.Net.dll
		@packages\Ext.net\Ext.Net.Utilities.dll = @packages\Ext.net\Ext.Net.Utilities.dll
		@packages\Ext.net\Newtonsoft.Json.dll = @packages\Ext.net\Newtonsoft.Json.dll
		@packages\Ext.net\Transformer.NET.dll = @packages\Ext.net\Transformer.NET.dll
	EndProjectSection
EndProject
Project("{2150E333-8FDC-42A3-9474-1A3956D46DE8}") = "P.Main", "P.Main", "{5B8E0A45-474B-4E90-AC42-7B2D3EC8C87A}"
	ProjectSection(SolutionItems) = preProject
		@packages\P.Main\Mesnac.Main.Business.dll = @packages\P.Main\Mesnac.Main.Business.dll
		@packages\P.Main\Mesnac.Main.Data.dll = @packages\P.Main\Mesnac.Main.Data.dll
		@packages\P.Main\Mesnac.Main.Entity.dll = @packages\P.Main\Mesnac.Main.Entity.dll
		@packages\P.Main\Mesnac.Main.Mapper.dll = @packages\P.Main\Mesnac.Main.Mapper.dll
		@packages\P.Main\Mesnac.Main.WebSite.dll = @packages\P.Main\Mesnac.Main.WebSite.dll
	EndProjectSection
EndProject
Project("{2150E333-8FDC-42A3-9474-1A3956D46DE8}") = "LogAgent", "LogAgent", "{FF6EAEBB-3406-4C90-9832-030316A3EEC1}"
	ProjectSection(SolutionItems) = preProject
		@packages\LogAgent\LogAgent.dll = @packages\LogAgent\LogAgent.dll
	EndProjectSection
EndProject
Project("{2150E333-8FDC-42A3-9474-1A3956D46DE8}") = "解决方案说明", "解决方案说明", "{F445A3D5-B875-413C-8C98-ADBC58C5DE05}"
	ProjectSection(SolutionItems) = preProject
		解决方案说明\发布说明.txt = 解决方案说明\发布说明.txt
	EndProjectSection
EndProject
Project("{2150E333-8FDC-42A3-9474-1A3956D46DE8}") = "P.Semis", "P.Semis", "{A7F272B9-B5C4-4BEE-BF22-D8EE1D109395}"
EndProject
Project("{2150E333-8FDC-42A3-9474-1A3956D46DE8}") = "FastReport", "FastReport", "{887FBB4C-0796-42A4-9629-453A728445B1}"
	ProjectSection(SolutionItems) = preProject
		@packages\FastReport\FastReport.Bars.dll = @packages\FastReport\FastReport.Bars.dll
		@packages\FastReport\FastReport.dll = @packages\FastReport\FastReport.dll
		@packages\FastReport\FastReport.Editor.dll = @packages\FastReport\FastReport.Editor.dll
		@packages\FastReport\FastReport.Install.dll = @packages\FastReport\FastReport.Install.dll
		@packages\FastReport\FastReport.VSDesign.dll = @packages\FastReport\FastReport.VSDesign.dll
		@packages\FastReport\FastReport.Web.dll = @packages\FastReport\FastReport.Web.dll
	EndProjectSection
EndProject
Project("{FAE04EC0-301F-11D3-BF4B-00C04F79EFBC}") = "Mesnac.Semis.Business", "P.Semis\Mesnac.Semis.Business\Mesnac.Semis.Business.csproj", "{D998BEAA-997A-43A6-9A70-2536B30DE7C4}"
EndProject
Project("{FAE04EC0-301F-11D3-BF4B-00C04F79EFBC}") = "Mesnac.Semis.Data", "P.Semis\Mesnac.Semis.Data\Mesnac.Semis.Data.csproj", "{F6DD545E-3D3E-4301-BA04-3614618AF00D}"
EndProject
Project("{FAE04EC0-301F-11D3-BF4B-00C04F79EFBC}") = "Mesnac.Semis.Entity", "P.Semis\Mesnac.Semis.Entity\Mesnac.Semis.Entity.csproj", "{9693EB18-296E-4E4F-B280-A4DF3466C798}"
EndProject
Project("{FAE04EC0-301F-11D3-BF4B-00C04F79EFBC}") = "Mesnac.Semis.Mapper", "P.Semis\Mesnac.Semis.Mapper\Mesnac.Semis.Mapper.csproj", "{CBC1E504-48AA-4CB7-96D1-59FF0D7FE5CF}"
EndProject
Project("{FAE04EC0-301F-11D3-BF4B-00C04F79EFBC}") = "Mesnac.Semis.McUI", "P.Semis\Mesnac.Semis.McUI\Mesnac.Semis.McUI.csproj", "{C8DFFF3B-8E96-49D9-B0C2-831130A6D887}"
EndProject
Project("{FAE04EC0-301F-11D3-BF4B-00C04F79EFBC}") = "Mesnac.Semis.NUTest", "P.Semis\Mesnac.Semis.NUTest\Mesnac.Semis.NUTest.csproj", "{9C3B1DB1-2D2B-486B-B196-041618FEA2CB}"
EndProject
Project("{FAE04EC0-301F-11D3-BF4B-00C04F79EFBC}") = "Mesnac.Semis.Webservice", "P.Semis\Mesnac.Semis.Webservice\Mesnac.Semis.Webservice.csproj", "{51E9E8D9-FE24-4F40-A0A4-4F234D94D3EB}"
EndProject
Project("{E24C65DC-7377-472B-9ABA-BC803B73C61A}") = "Mesnac.Semis.WebSite(1)", "http://localhost:7825", "{D3A3016F-D6D0-42A4-BC99-C00E6793AF7F}"
	ProjectSection(WebsiteProperties) = preProject
		UseIISExpress = "true"
		TargetFrameworkMoniker = ".NETFramework,Version%3Dv4.0"
		ProjectReferences = "{f6dd545e-3d3e-4301-ba04-3614618af00d}|Mesnac.Semis.Data.dll;{913f2b77-81a8-44f1-b585-bcf97e7aa26c}|Mesnac.SemisBG.Business.dll;{38ca80ef-9dfe-4466-9381-cd6e4dbd514c}|Mesnac.SemisBG.Mapper.dll;{BE235B5E-90A4-4B0A-8E46-85F1D33F893A}|Mesnac.SemisBG.Data.dll;{3A089696-CFCB-4EB7-BB2B-FE972CC2C274}|Mesnac.SemisBG.Entity.dll;{9693eb18-296e-4e4f-b280-a4df3466c798}|Mesnac.Semis.Entity.dll;{cbc1e504-48aa-4cb7-96d1-59ff0d7fe5cf}|Mesnac.Semis.Mapper.dll;{d998beaa-997a-43a6-9a70-2536b30de7c4}|Mesnac.Semis.Business.dll;{c8dfff3b-8e96-49d9-b0c2-831130a6d887}|Mesnac.Semis.McUI.dll;{7ba643dc-5c8f-471a-ba07-e9d63a702d14}|Mesnac.SqlSemis.Mapper.dll;"
		Debug.AspNetCompiler.VirtualPath = "/localhost_7825"
		Debug.AspNetCompiler.PhysicalPath = "P.Semis\Mesnac.Semis.WebSite\"
		Debug.AspNetCompiler.TargetPath = "PrecompiledWeb\localhost_7825\"
		Debug.AspNetCompiler.Updateable = "true"
		Debug.AspNetCompiler.ForceOverwrite = "true"
		Debug.AspNetCompiler.FixedNames = "false"
		Debug.AspNetCompiler.Debug = "True"
		Release.AspNetCompiler.VirtualPath = "/localhost_7825"
		Release.AspNetCompiler.PhysicalPath = "P.Semis\Mesnac.Semis.WebSite\"
		Release.AspNetCompiler.TargetPath = "PrecompiledWeb\localhost_7825\"
		Release.AspNetCompiler.Updateable = "true"
		Release.AspNetCompiler.ForceOverwrite = "true"
		Release.AspNetCompiler.FixedNames = "false"
		Release.AspNetCompiler.Debug = "False"
		SlnRelativePath = "P.Semis\Mesnac.Semis.WebSite\"
	EndProjectSection
EndProject
Project("{FAE04EC0-301F-11D3-BF4B-00C04F79EFBC}") = "Mesnac.SqlSemis.Business", "P.Semis\Mesnac.SqlSemis.Business\Mesnac.SqlSemis.Business.csproj", "{00AB1FAE-82F9-468B-A71A-E0FBBE4DFC3A}"
EndProject
Project("{FAE04EC0-301F-11D3-BF4B-00C04F79EFBC}") = "Mesnac.SqlSemis.Data", "P.Semis\Mesnac.SqlSemis.Data\Mesnac.SqlSemis.Data.csproj", "{8D845B0F-3F80-4517-B346-0789A410B8F0}"
EndProject
Project("{FAE04EC0-301F-11D3-BF4B-00C04F79EFBC}") = "Mesnac.SqlSemis.Entity", "P.Semis\Mesnac.SqlSemis.Entity\Mesnac.SqlSemis.Entity.csproj", "{BACBF01A-087C-418B-BC00-1241BFC4491D}"
EndProject
Project("{FAE04EC0-301F-11D3-BF4B-00C04F79EFBC}") = "Mesnac.SqlSemis.Mapper", "P.Semis\Mesnac.SqlSemis.Mapper\Mesnac.SqlSemis.Mapper.csproj", "{7BA643DC-5C8F-471A-BA07-E9D63A702D14}"
EndProject
Project("{FAE04EC0-301F-11D3-BF4B-00C04F79EFBC}") = "Mesnac.SemisBG.Business", "P.Semis\Mesnac.SemisBG.Business\Mesnac.SemisBG.Business.csproj", "{913F2B77-81A8-44F1-B585-BCF97E7AA26C}"
EndProject
Project("{FAE04EC0-301F-11D3-BF4B-00C04F79EFBC}") = "Mesnac.SemisBG.Data", "P.Semis\Mesnac.SemisBG.Data\Mesnac.SemisBG.Data.csproj", "{BE235B5E-90A4-4B0A-8E46-85F1D33F893A}"
EndProject
Project("{FAE04EC0-301F-11D3-BF4B-00C04F79EFBC}") = "Mesnac.SemisBG.Entity", "P.Semis\Mesnac.SemisBG.Entity\Mesnac.SemisBG.Entity.csproj", "{3A089696-CFCB-4EB7-BB2B-FE972CC2C274}"
EndProject
Project("{FAE04EC0-301F-11D3-BF4B-00C04F79EFBC}") = "Mesnac.SemisBG.Mapper", "P.Semis\Mesnac.SemisBG.Mapper\Mesnac.SemisBG.Mapper.csproj", "{38CA80EF-9DFE-4466-9381-CD6E4DBD514C}"
EndProject
Global
	GlobalSection(SolutionConfigurationPlatforms) = preSolution
		Debug|Any CPU = Debug|Any CPU
		Release|Any CPU = Release|Any CPU
	EndGlobalSection
	GlobalSection(ProjectConfigurationPlatforms) = postSolution
		{D998BEAA-997A-43A6-9A70-2536B30DE7C4}.Debug|Any CPU.ActiveCfg = Debug|Any CPU
		{D998BEAA-997A-43A6-9A70-2536B30DE7C4}.Debug|Any CPU.Build.0 = Debug|Any CPU
		{D998BEAA-997A-43A6-9A70-2536B30DE7C4}.Release|Any CPU.ActiveCfg = Release|Any CPU
		{D998BEAA-997A-43A6-9A70-2536B30DE7C4}.Release|Any CPU.Build.0 = Release|Any CPU
		{F6DD545E-3D3E-4301-BA04-3614618AF00D}.Debug|Any CPU.ActiveCfg = Debug|Any CPU
		{F6DD545E-3D3E-4301-BA04-3614618AF00D}.Debug|Any CPU.Build.0 = Debug|Any CPU
		{F6DD545E-3D3E-4301-BA04-3614618AF00D}.Release|Any CPU.ActiveCfg = Release|Any CPU
		{F6DD545E-3D3E-4301-BA04-3614618AF00D}.Release|Any CPU.Build.0 = Release|Any CPU
		{9693EB18-296E-4E4F-B280-A4DF3466C798}.Debug|Any CPU.ActiveCfg = Debug|Any CPU
		{9693EB18-296E-4E4F-B280-A4DF3466C798}.Debug|Any CPU.Build.0 = Debug|Any CPU
		{9693EB18-296E-4E4F-B280-A4DF3466C798}.Release|Any CPU.ActiveCfg = Release|Any CPU
		{9693EB18-296E-4E4F-B280-A4DF3466C798}.Release|Any CPU.Build.0 = Release|Any CPU
		{CBC1E504-48AA-4CB7-96D1-59FF0D7FE5CF}.Debug|Any CPU.ActiveCfg = Debug|Any CPU
		{CBC1E504-48AA-4CB7-96D1-59FF0D7FE5CF}.Debug|Any CPU.Build.0 = Debug|Any CPU
		{CBC1E504-48AA-4CB7-96D1-59FF0D7FE5CF}.Release|Any CPU.ActiveCfg = Release|Any CPU
		{CBC1E504-48AA-4CB7-96D1-59FF0D7FE5CF}.Release|Any CPU.Build.0 = Release|Any CPU
		{C8DFFF3B-8E96-49D9-B0C2-831130A6D887}.Debug|Any CPU.ActiveCfg = Debug|Any CPU
		{C8DFFF3B-8E96-49D9-B0C2-831130A6D887}.Debug|Any CPU.Build.0 = Debug|Any CPU
		{C8DFFF3B-8E96-49D9-B0C2-831130A6D887}.Release|Any CPU.ActiveCfg = Release|Any CPU
		{C8DFFF3B-8E96-49D9-B0C2-831130A6D887}.Release|Any CPU.Build.0 = Release|Any CPU
		{9C3B1DB1-2D2B-486B-B196-041618FEA2CB}.Debug|Any CPU.ActiveCfg = Debug|Any CPU
		{9C3B1DB1-2D2B-486B-B196-041618FEA2CB}.Debug|Any CPU.Build.0 = Debug|Any CPU
		{9C3B1DB1-2D2B-486B-B196-041618FEA2CB}.Release|Any CPU.ActiveCfg = Release|Any CPU
		{9C3B1DB1-2D2B-486B-B196-041618FEA2CB}.Release|Any CPU.Build.0 = Release|Any CPU
		{51E9E8D9-FE24-4F40-A0A4-4F234D94D3EB}.Debug|Any CPU.ActiveCfg = Debug|Any CPU
		{51E9E8D9-FE24-4F40-A0A4-4F234D94D3EB}.Debug|Any CPU.Build.0 = Debug|Any CPU
		{51E9E8D9-FE24-4F40-A0A4-4F234D94D3EB}.Release|Any CPU.ActiveCfg = Release|Any CPU
		{51E9E8D9-FE24-4F40-A0A4-4F234D94D3EB}.Release|Any CPU.Build.0 = Release|Any CPU
		{D3A3016F-D6D0-42A4-BC99-C00E6793AF7F}.Debug|Any CPU.ActiveCfg = Debug|Any CPU
		{D3A3016F-D6D0-42A4-BC99-C00E6793AF7F}.Debug|Any CPU.Build.0 = Debug|Any CPU
		{D3A3016F-D6D0-42A4-BC99-C00E6793AF7F}.Release|Any CPU.ActiveCfg = Debug|Any CPU
		{D3A3016F-D6D0-42A4-BC99-C00E6793AF7F}.Release|Any CPU.Build.0 = Debug|Any CPU
		{00AB1FAE-82F9-468B-A71A-E0FBBE4DFC3A}.Debug|Any CPU.ActiveCfg = Debug|Any CPU
		{00AB1FAE-82F9-468B-A71A-E0FBBE4DFC3A}.Debug|Any CPU.Build.0 = Debug|Any CPU
		{00AB1FAE-82F9-468B-A71A-E0FBBE4DFC3A}.Release|Any CPU.ActiveCfg = Release|Any CPU
		{00AB1FAE-82F9-468B-A71A-E0FBBE4DFC3A}.Release|Any CPU.Build.0 = Release|Any CPU
		{8D845B0F-3F80-4517-B346-0789A410B8F0}.Debug|Any CPU.ActiveCfg = Debug|Any CPU
		{8D845B0F-3F80-4517-B346-0789A410B8F0}.Debug|Any CPU.Build.0 = Debug|Any CPU
		{8D845B0F-3F80-4517-B346-0789A410B8F0}.Release|Any CPU.ActiveCfg = Release|Any CPU
		{8D845B0F-3F80-4517-B346-0789A410B8F0}.Release|Any CPU.Build.0 = Release|Any CPU
		{BACBF01A-087C-418B-BC00-1241BFC4491D}.Debug|Any CPU.ActiveCfg = Debug|Any CPU
		{BACBF01A-087C-418B-BC00-1241BFC4491D}.Debug|Any CPU.Build.0 = Debug|Any CPU
		{BACBF01A-087C-418B-BC00-1241BFC4491D}.Release|Any CPU.ActiveCfg = Release|Any CPU
		{BACBF01A-087C-418B-BC00-1241BFC4491D}.Release|Any CPU.Build.0 = Release|Any CPU
		{7BA643DC-5C8F-471A-BA07-E9D63A702D14}.Debug|Any CPU.ActiveCfg = Debug|Any CPU
		{7BA643DC-5C8F-471A-BA07-E9D63A702D14}.Debug|Any CPU.Build.0 = Debug|Any CPU
		{7BA643DC-5C8F-471A-BA07-E9D63A702D14}.Release|Any CPU.ActiveCfg = Release|Any CPU
		{7BA643DC-5C8F-471A-BA07-E9D63A702D14}.Release|Any CPU.Build.0 = Release|Any CPU
		{913F2B77-81A8-44F1-B585-BCF97E7AA26C}.Debug|Any CPU.ActiveCfg = Debug|Any CPU
		{913F2B77-81A8-44F1-B585-BCF97E7AA26C}.Debug|Any CPU.Build.0 = Debug|Any CPU
		{913F2B77-81A8-44F1-B585-BCF97E7AA26C}.Release|Any CPU.ActiveCfg = Release|Any CPU
		{913F2B77-81A8-44F1-B585-BCF97E7AA26C}.Release|Any CPU.Build.0 = Release|Any CPU
		{BE235B5E-90A4-4B0A-8E46-85F1D33F893A}.Debug|Any CPU.ActiveCfg = Debug|Any CPU
		{BE235B5E-90A4-4B0A-8E46-85F1D33F893A}.Debug|Any CPU.Build.0 = Debug|Any CPU
		{BE235B5E-90A4-4B0A-8E46-85F1D33F893A}.Release|Any CPU.ActiveCfg = Release|Any CPU
		{BE235B5E-90A4-4B0A-8E46-85F1D33F893A}.Release|Any CPU.Build.0 = Release|Any CPU
		{3A089696-CFCB-4EB7-BB2B-FE972CC2C274}.Debug|Any CPU.ActiveCfg = Debug|Any CPU
		{3A089696-CFCB-4EB7-BB2B-FE972CC2C274}.Debug|Any CPU.Build.0 = Debug|Any CPU
		{3A089696-CFCB-4EB7-BB2B-FE972CC2C274}.Release|Any CPU.ActiveCfg = Release|Any CPU
		{3A089696-CFCB-4EB7-BB2B-FE972CC2C274}.Release|Any CPU.Build.0 = Release|Any CPU
		{38CA80EF-9DFE-4466-9381-CD6E4DBD514C}.Debug|Any CPU.ActiveCfg = Debug|Any CPU
		{38CA80EF-9DFE-4466-9381-CD6E4DBD514C}.Debug|Any CPU.Build.0 = Debug|Any CPU
		{38CA80EF-9DFE-4466-9381-CD6E4DBD514C}.Release|Any CPU.ActiveCfg = Release|Any CPU
		{38CA80EF-9DFE-4466-9381-CD6E4DBD514C}.Release|Any CPU.Build.0 = Release|Any CPU
	EndGlobalSection
	GlobalSection(SolutionProperties) = preSolution
		HideSolutionNode = FALSE
	EndGlobalSection
	GlobalSection(NestedProjects) = preSolution
		{072BDABE-0509-4A07-AAF2-C8A74B1EBBE6} = {A7F272B9-B5C4-4BEE-BF22-D8EE1D109395}
		{76F888B0-0072-4AD2-9D4E-98861B15EB62} = {072BDABE-0509-4A07-AAF2-C8A74B1EBBE6}
		{3665F684-A26C-4470-BD9D-BBD99FD4CAFB} = {072BDABE-0509-4A07-AAF2-C8A74B1EBBE6}
		{2D77CD8A-329D-4259-B6CD-99EB63CA5718} = {072BDABE-0509-4A07-AAF2-C8A74B1EBBE6}
		{2FE3D96A-5233-4CBB-8B39-FE4509DCCEC1} = {072BDABE-0509-4A07-AAF2-C8A74B1EBBE6}
		{0F2E0A85-51F2-4557-B8F9-D4AF6448870E} = {072BDABE-0509-4A07-AAF2-C8A74B1EBBE6}
		{5B8E0A45-474B-4E90-AC42-7B2D3EC8C87A} = {072BDABE-0509-4A07-AAF2-C8A74B1EBBE6}
		{FF6EAEBB-3406-4C90-9832-030316A3EEC1} = {072BDABE-0509-4A07-AAF2-C8A74B1EBBE6}
		{887FBB4C-0796-42A4-9629-453A728445B1} = {072BDABE-0509-4A07-AAF2-C8A74B1EBBE6}
		{D998BEAA-997A-43A6-9A70-2536B30DE7C4} = {A7F272B9-B5C4-4BEE-BF22-D8EE1D109395}
		{F6DD545E-3D3E-4301-BA04-3614618AF00D} = {A7F272B9-B5C4-4BEE-BF22-D8EE1D109395}
		{9693EB18-296E-4E4F-B280-A4DF3466C798} = {A7F272B9-B5C4-4BEE-BF22-D8EE1D109395}
		{CBC1E504-48AA-4CB7-96D1-59FF0D7FE5CF} = {A7F272B9-B5C4-4BEE-BF22-D8EE1D109395}
		{C8DFFF3B-8E96-49D9-B0C2-831130A6D887} = {A7F272B9-B5C4-4BEE-BF22-D8EE1D109395}
		{9C3B1DB1-2D2B-486B-B196-041618FEA2CB} = {A7F272B9-B5C4-4BEE-BF22-D8EE1D109395}
		{51E9E8D9-FE24-4F40-A0A4-4F234D94D3EB} = {A7F272B9-B5C4-4BEE-BF22-D8EE1D109395}
		{D3A3016F-D6D0-42A4-BC99-C00E6793AF7F} = {A7F272B9-B5C4-4BEE-BF22-D8EE1D109395}
		{00AB1FAE-82F9-468B-A71A-E0FBBE4DFC3A} = {A7F272B9-B5C4-4BEE-BF22-D8EE1D109395}
		{8D845B0F-3F80-4517-B346-0789A410B8F0} = {A7F272B9-B5C4-4BEE-BF22-D8EE1D109395}
		{BACBF01A-087C-418B-BC00-1241BFC4491D} = {A7F272B9-B5C4-4BEE-BF22-D8EE1D109395}
		{7BA643DC-5C8F-471A-BA07-E9D63A702D14} = {A7F272B9-B5C4-4BEE-BF22-D8EE1D109395}
		{913F2B77-81A8-44F1-B585-BCF97E7AA26C} = {A7F272B9-B5C4-4BEE-BF22-D8EE1D109395}
		{BE235B5E-90A4-4B0A-8E46-85F1D33F893A} = {A7F272B9-B5C4-4BEE-BF22-D8EE1D109395}
		{3A089696-CFCB-4EB7-BB2B-FE972CC2C274} = {A7F272B9-B5C4-4BEE-BF22-D8EE1D109395}
		{38CA80EF-9DFE-4466-9381-CD6E4DBD514C} = {A7F272B9-B5C4-4BEE-BF22-D8EE1D109395}
	EndGlobalSection
	GlobalSection(ExtensibilityGlobals) = postSolution
		VisualSVNWorkingCopyRoot = .
		SolutionGuid = {AD21678A-0F24-45AA-8A1A-52AFAB01CBA3}
	EndGlobalSection
EndGlobal
