
Microsoft Visual Studio Solution File, Format Version 11.00
# Visual Studio 2010
Project("{2150E333-8FDC-42A3-9474-1A3956D46DE8}") = "@packages", "@packages", "{072BDABE-0509-4A07-AAF2-C8A74B1EBBE6}"
EndProject
Project("{2150E333-8FDC-42A3-9474-1A3956D46DE8}") = "nunit", "nunit", "{76F888B0-0072-4AD2-9D4E-98861B15EB62}"
	ProjectSection(SolutionItems) = preProject
		@packages\nunit\nunit.framework.dll = @packages\nunit\nunit.framework.dll
		@packages\nunit\nunit.mocks.dll = @packages\nunit\nunit.mocks.dll
		@packages\nunit\pnunit.framework.dll = @packages\nunit\pnunit.framework.dll
	EndProjectSection
EndProject
Project("{2150E333-8FDC-42A3-9474-1A3956D46DE8}") = "MyBatis", "MyBatis", "{3665F684-A26C-4470-BD9D-BBD99FD4CAFB}"
	ProjectSection(SolutionItems) = preProject
		@packages\MyBatis\Castle.Core.dll = @packages\MyBatis\Castle.Core.dll
		@packages\MyBatis\Castle.DynamicProxy2.dll = @packages\MyBatis\Castle.DynamicProxy2.dll
		@packages\MyBatis\DaoConfig.xsd = @packages\MyBatis\DaoConfig.xsd
		@packages\MyBatis\MyBatis.Common.dll = @packages\MyBatis\MyBatis.Common.dll
		@packages\MyBatis\MyBatis.DataMapper.dll = @packages\MyBatis\MyBatis.DataMapper.dll
		@packages\MyBatis\SqlMap.xsd = @packages\MyBatis\SqlMap.xsd
		@packages\MyBatis\SqlMapConfig.xsd = @packages\MyBatis\SqlMapConfig.xsd
	EndProjectSection
EndProject
Project("{2150E333-8FDC-42A3-9474-1A3956D46DE8}") = "NPOI", "NPOI", "{2D77CD8A-329D-4259-B6CD-99EB63CA5718}"
	ProjectSection(SolutionItems) = preProject
		@packages\NPOI\ICSharpCode.SharpZipLib.dll = @packages\NPOI\ICSharpCode.SharpZipLib.dll
		@packages\NPOI\NPOI.dll = @packages\NPOI\NPOI.dll
		@packages\NPOI\NPOI.OOXML.dll = @packages\NPOI\NPOI.OOXML.dll
		@packages\NPOI\NPOI.OpenXml4Net.dll = @packages\NPOI\NPOI.OpenXml4Net.dll
		@packages\NPOI\NPOI.OpenXmlFormats.dll = @packages\NPOI\NPOI.OpenXmlFormats.dll
	EndProjectSection
EndProject
Project("{2150E333-8FDC-42A3-9474-1A3956D46DE8}") = "Frame", "Frame", "{2FE3D96A-5233-4CBB-8B39-FE4509DCCEC1}"
	ProjectSection(SolutionItems) = preProject
		@packages\Frame\Mesnac.DbAccess.dll = @packages\Frame\Mesnac.DbAccess.dll
		@packages\Frame\Mesnac.FrameDb.Mapper.dll = @packages\Frame\Mesnac.FrameDb.Mapper.dll
		@packages\Frame\Mesnac.McUI.dll = @packages\Frame\Mesnac.McUI.dll
		@packages\Frame\Mesnac.Utility.dll = @packages\Frame\Mesnac.Utility.dll
		@packages\Frame\Mesnac.Web.UI.dll = @packages\Frame\Mesnac.Web.UI.dll
	EndProjectSection
EndProject
Project("{2150E333-8FDC-42A3-9474-1A3956D46DE8}") = "Ext.net", "Ext.net", "{0F2E0A85-51F2-4557-B8F9-D4AF6448870E}"
	ProjectSection(SolutionItems) = preProject
		@packages\Ext.net\Ext.Net.dll = @packages\Ext.net\Ext.Net.dll
		@packages\Ext.net\Ext.Net.Utilities.dll = @packages\Ext.net\Ext.Net.Utilities.dll
		@packages\Ext.net\Newtonsoft.Json.dll = @packages\Ext.net\Newtonsoft.Json.dll
		@packages\Ext.net\Transformer.NET.dll = @packages\Ext.net\Transformer.NET.dll
	EndProjectSection
EndProject
Project("{2150E333-8FDC-42A3-9474-1A3956D46DE8}") = "P.Main", "P.Main", "{5B8E0A45-474B-4E90-AC42-7B2D3EC8C87A}"
	ProjectSection(SolutionItems) = preProject
		@packages\P.Main\Mesnac.Main.Business.dll = @packages\P.Main\Mesnac.Main.Business.dll
		@packages\P.Main\Mesnac.Main.Data.dll = @packages\P.Main\Mesnac.Main.Data.dll
		@packages\P.Main\Mesnac.Main.Entity.dll = @packages\P.Main\Mesnac.Main.Entity.dll
		@packages\P.Main\Mesnac.Main.Mapper.dll = @packages\P.Main\Mesnac.Main.Mapper.dll
		@packages\P.Main\Mesnac.Main.WebSite.dll = @packages\P.Main\Mesnac.Main.WebSite.dll
	EndProjectSection
EndProject
Project("{2150E333-8FDC-42A3-9474-1A3956D46DE8}") = "LogAgent", "LogAgent", "{FF6EAEBB-3406-4C90-9832-030316A3EEC1}"
	ProjectSection(SolutionItems) = preProject
		@packages\LogAgent\LogAgent.dll = @packages\LogAgent\LogAgent.dll
	EndProjectSection
EndProject
Project("{2150E333-8FDC-42A3-9474-1A3956D46DE8}") = "解决方案说明", "解决方案说明", "{F445A3D5-B875-413C-8C98-ADBC58C5DE05}"
	ProjectSection(SolutionItems) = preProject
		解决方案说明\发布说明.txt = 解决方案说明\发布说明.txt
	EndProjectSection
EndProject
Project("{2150E333-8FDC-42A3-9474-1A3956D46DE8}") = "P.Curing", "P.Curing", "{A7F272B9-B5C4-4BEE-BF22-D8EE1D109395}"
EndProject
Project("{FAE04EC0-301F-11D3-BF4B-00C04F79EFBC}") = "Mesnac.Curing.Business", "P.Curing\Mesnac.Curing.Business\Mesnac.Curing.Business.csproj", "{35CECB1F-6DF9-4544-B48C-94F9D4FDE1C7}"
EndProject
Project("{FAE04EC0-301F-11D3-BF4B-00C04F79EFBC}") = "Mesnac.Curing.Data", "P.Curing\Mesnac.Curing.Data\Mesnac.Curing.Data.csproj", "{8AE43542-4214-4F4E-B37B-0C74ED147E6E}"
EndProject
Project("{FAE04EC0-301F-11D3-BF4B-00C04F79EFBC}") = "Mesnac.Curing.Entity", "P.Curing\Mesnac.Curing.Entity\Mesnac.Curing.Entity.csproj", "{2D7A3673-D5A4-4834-8B0C-E3B6802D608F}"
EndProject
Project("{FAE04EC0-301F-11D3-BF4B-00C04F79EFBC}") = "Mesnac.Curing.Mapper", "P.Curing\Mesnac.Curing.Mapper\Mesnac.Curing.Mapper.csproj", "{E5F3DC64-8EF4-4BB9-A3B0-D11DCB27785D}"
EndProject
Project("{FAE04EC0-301F-11D3-BF4B-00C04F79EFBC}") = "Mesnac.Curing.NUTest", "P.Curing\Mesnac.Curing.NUTest\Mesnac.Curing.NUTest.csproj", "{7FFAF498-C5FC-487B-AFA5-93D850202B96}"
EndProject
Project("{FAE04EC0-301F-11D3-BF4B-00C04F79EFBC}") = "Mesnac.Curing.Webservice", "P.Curing\Mesnac.Curing.Webservice\Mesnac.Curing.Webservice.csproj", "{9458805F-6D32-44F8-A5F5-DAD714AE0AAC}"
EndProject
Project("{FAE04EC0-301F-11D3-BF4B-00C04F79EFBC}") = "Mesnac.Curing.McUI", "P.Curing\Mesnac.Curing.McUI\Mesnac.Curing.McUI.csproj", "{6FADF9B9-97CE-4BAA-B172-1494D2D06765}"
EndProject
Project("{FAE04EC0-301F-11D3-BF4B-00C04F79EFBC}") = "Mesnac.PlanImport.Default", "P.Curing\Mesnac.PlanImport.Default\Mesnac.PlanImport.Default.csproj", "{EF9A926C-2B39-472B-8262-0C868FD0C06C}"
EndProject
Project("{E24C65DC-7377-472B-9ABA-BC803B73C61A}") = "Mesnac.Curing.WebSite", "P.Curing\Mesnac.Curing.WebSite\", "{C9E60B1D-9AB0-48B0-BA19-39224D175B41}"
	ProjectSection(WebsiteProperties) = preProject
		TargetFrameworkMoniker = ".NETFramework,Version%3Dv4.0"
		Debug.AspNetCompiler.VirtualPath = "/Mesnac.Curing.WebSite"
		Debug.AspNetCompiler.PhysicalPath = "P.Curing\Mesnac.Curing.WebSite\"
		Debug.AspNetCompiler.TargetPath = "PrecompiledWeb\Mesnac.Curing.WebSite\"
		Debug.AspNetCompiler.Updateable = "true"
		Debug.AspNetCompiler.ForceOverwrite = "true"
		Debug.AspNetCompiler.FixedNames = "false"
		Debug.AspNetCompiler.Debug = "True"
		Release.AspNetCompiler.VirtualPath = "/Mesnac.Curing.WebSite"
		Release.AspNetCompiler.PhysicalPath = "P.Curing\Mesnac.Curing.WebSite\"
		Release.AspNetCompiler.TargetPath = "PrecompiledWeb\Mesnac.Curing.WebSite\"
		Release.AspNetCompiler.Updateable = "true"
		Release.AspNetCompiler.ForceOverwrite = "true"
		Release.AspNetCompiler.FixedNames = "false"
		Release.AspNetCompiler.Debug = "False"
		VWDPort = "4778"
	EndProjectSection
EndProject
Global
	GlobalSection(SolutionConfigurationPlatforms) = preSolution
		Debug|Any CPU = Debug|Any CPU
		Release|Any CPU = Release|Any CPU
	EndGlobalSection
	GlobalSection(ProjectConfigurationPlatforms) = postSolution
		{35CECB1F-6DF9-4544-B48C-94F9D4FDE1C7}.Debug|Any CPU.ActiveCfg = Debug|Any CPU
		{35CECB1F-6DF9-4544-B48C-94F9D4FDE1C7}.Debug|Any CPU.Build.0 = Debug|Any CPU
		{35CECB1F-6DF9-4544-B48C-94F9D4FDE1C7}.Release|Any CPU.ActiveCfg = Release|Any CPU
		{35CECB1F-6DF9-4544-B48C-94F9D4FDE1C7}.Release|Any CPU.Build.0 = Release|Any CPU
		{8AE43542-4214-4F4E-B37B-0C74ED147E6E}.Debug|Any CPU.ActiveCfg = Debug|Any CPU
		{8AE43542-4214-4F4E-B37B-0C74ED147E6E}.Debug|Any CPU.Build.0 = Debug|Any CPU
		{8AE43542-4214-4F4E-B37B-0C74ED147E6E}.Release|Any CPU.ActiveCfg = Release|Any CPU
		{8AE43542-4214-4F4E-B37B-0C74ED147E6E}.Release|Any CPU.Build.0 = Release|Any CPU
		{2D7A3673-D5A4-4834-8B0C-E3B6802D608F}.Debug|Any CPU.ActiveCfg = Debug|Any CPU
		{2D7A3673-D5A4-4834-8B0C-E3B6802D608F}.Debug|Any CPU.Build.0 = Debug|Any CPU
		{2D7A3673-D5A4-4834-8B0C-E3B6802D608F}.Release|Any CPU.ActiveCfg = Release|Any CPU
		{2D7A3673-D5A4-4834-8B0C-E3B6802D608F}.Release|Any CPU.Build.0 = Release|Any CPU
		{E5F3DC64-8EF4-4BB9-A3B0-D11DCB27785D}.Debug|Any CPU.ActiveCfg = Debug|Any CPU
		{E5F3DC64-8EF4-4BB9-A3B0-D11DCB27785D}.Debug|Any CPU.Build.0 = Debug|Any CPU
		{E5F3DC64-8EF4-4BB9-A3B0-D11DCB27785D}.Release|Any CPU.ActiveCfg = Release|Any CPU
		{E5F3DC64-8EF4-4BB9-A3B0-D11DCB27785D}.Release|Any CPU.Build.0 = Release|Any CPU
		{7FFAF498-C5FC-487B-AFA5-93D850202B96}.Debug|Any CPU.ActiveCfg = Debug|Any CPU
		{7FFAF498-C5FC-487B-AFA5-93D850202B96}.Debug|Any CPU.Build.0 = Debug|Any CPU
		{7FFAF498-C5FC-487B-AFA5-93D850202B96}.Release|Any CPU.ActiveCfg = Release|Any CPU
		{7FFAF498-C5FC-487B-AFA5-93D850202B96}.Release|Any CPU.Build.0 = Release|Any CPU
		{9458805F-6D32-44F8-A5F5-DAD714AE0AAC}.Debug|Any CPU.ActiveCfg = Debug|Any CPU
		{9458805F-6D32-44F8-A5F5-DAD714AE0AAC}.Debug|Any CPU.Build.0 = Debug|Any CPU
		{9458805F-6D32-44F8-A5F5-DAD714AE0AAC}.Release|Any CPU.ActiveCfg = Release|Any CPU
		{9458805F-6D32-44F8-A5F5-DAD714AE0AAC}.Release|Any CPU.Build.0 = Release|Any CPU
		{6FADF9B9-97CE-4BAA-B172-1494D2D06765}.Debug|Any CPU.ActiveCfg = Debug|Any CPU
		{6FADF9B9-97CE-4BAA-B172-1494D2D06765}.Debug|Any CPU.Build.0 = Debug|Any CPU
		{6FADF9B9-97CE-4BAA-B172-1494D2D06765}.Release|Any CPU.ActiveCfg = Release|Any CPU
		{6FADF9B9-97CE-4BAA-B172-1494D2D06765}.Release|Any CPU.Build.0 = Release|Any CPU
		{EF9A926C-2B39-472B-8262-0C868FD0C06C}.Debug|Any CPU.ActiveCfg = Debug|Any CPU
		{EF9A926C-2B39-472B-8262-0C868FD0C06C}.Debug|Any CPU.Build.0 = Debug|Any CPU
		{EF9A926C-2B39-472B-8262-0C868FD0C06C}.Release|Any CPU.ActiveCfg = Release|Any CPU
		{EF9A926C-2B39-472B-8262-0C868FD0C06C}.Release|Any CPU.Build.0 = Release|Any CPU
		{C9E60B1D-9AB0-48B0-BA19-39224D175B41}.Debug|Any CPU.ActiveCfg = Debug|Any CPU
		{C9E60B1D-9AB0-48B0-BA19-39224D175B41}.Debug|Any CPU.Build.0 = Debug|Any CPU
		{C9E60B1D-9AB0-48B0-BA19-39224D175B41}.Release|Any CPU.ActiveCfg = Debug|Any CPU
		{C9E60B1D-9AB0-48B0-BA19-39224D175B41}.Release|Any CPU.Build.0 = Debug|Any CPU
	EndGlobalSection
	GlobalSection(SolutionProperties) = preSolution
		HideSolutionNode = FALSE
	EndGlobalSection
	GlobalSection(NestedProjects) = preSolution
		{76F888B0-0072-4AD2-9D4E-98861B15EB62} = {072BDABE-0509-4A07-AAF2-C8A74B1EBBE6}
		{3665F684-A26C-4470-BD9D-BBD99FD4CAFB} = {072BDABE-0509-4A07-AAF2-C8A74B1EBBE6}
		{2D77CD8A-329D-4259-B6CD-99EB63CA5718} = {072BDABE-0509-4A07-AAF2-C8A74B1EBBE6}
		{2FE3D96A-5233-4CBB-8B39-FE4509DCCEC1} = {072BDABE-0509-4A07-AAF2-C8A74B1EBBE6}
		{0F2E0A85-51F2-4557-B8F9-D4AF6448870E} = {072BDABE-0509-4A07-AAF2-C8A74B1EBBE6}
		{5B8E0A45-474B-4E90-AC42-7B2D3EC8C87A} = {072BDABE-0509-4A07-AAF2-C8A74B1EBBE6}
		{FF6EAEBB-3406-4C90-9832-030316A3EEC1} = {072BDABE-0509-4A07-AAF2-C8A74B1EBBE6}
		{35CECB1F-6DF9-4544-B48C-94F9D4FDE1C7} = {A7F272B9-B5C4-4BEE-BF22-D8EE1D109395}
		{8AE43542-4214-4F4E-B37B-0C74ED147E6E} = {A7F272B9-B5C4-4BEE-BF22-D8EE1D109395}
		{2D7A3673-D5A4-4834-8B0C-E3B6802D608F} = {A7F272B9-B5C4-4BEE-BF22-D8EE1D109395}
		{E5F3DC64-8EF4-4BB9-A3B0-D11DCB27785D} = {A7F272B9-B5C4-4BEE-BF22-D8EE1D109395}
		{7FFAF498-C5FC-487B-AFA5-93D850202B96} = {A7F272B9-B5C4-4BEE-BF22-D8EE1D109395}
		{9458805F-6D32-44F8-A5F5-DAD714AE0AAC} = {A7F272B9-B5C4-4BEE-BF22-D8EE1D109395}
		{6FADF9B9-97CE-4BAA-B172-1494D2D06765} = {A7F272B9-B5C4-4BEE-BF22-D8EE1D109395}
		{EF9A926C-2B39-472B-8262-0C868FD0C06C} = {A7F272B9-B5C4-4BEE-BF22-D8EE1D109395}
		{C9E60B1D-9AB0-48B0-BA19-39224D175B41} = {A7F272B9-B5C4-4BEE-BF22-D8EE1D109395}
	EndGlobalSection
	GlobalSection(ExtensibilityGlobals) = postSolution
		VisualSVNWorkingCopyRoot = .
	EndGlobalSection
EndGlobal
