
Microsoft Visual Studio Solution File, Format Version 12.00
# Visual Studio 2013
VisualStudioVersion = 12.0.21005.1
MinimumVisualStudioVersion = 10.0.40219.1
Project("{2150E333-8FDC-42A3-9474-1A3956D46DE8}") = "@packages", "@packages", "{072BDABE-0509-4A07-AAF2-C8A74B1EBBE6}"
EndProject
Project("{2150E333-8FDC-42A3-9474-1A3956D46DE8}") = "nunit", "nunit", "{76F888B0-0072-4AD2-9D4E-98861B15EB62}"
	ProjectSection(SolutionItems) = preProject
		@packages\nunit\nunit.framework.dll = @packages\nunit\nunit.framework.dll
		@packages\nunit\nunit.mocks.dll = @packages\nunit\nunit.mocks.dll
		@packages\nunit\pnunit.framework.dll = @packages\nunit\pnunit.framework.dll
	EndProjectSection
EndProject
Project("{2150E333-8FDC-42A3-9474-1A3956D46DE8}") = "MyBatis", "MyBatis", "{3665F684-A26C-4470-BD9D-BBD99FD4CAFB}"
	ProjectSection(SolutionItems) = preProject
		@packages\MyBatis\Castle.Core.dll = @packages\MyBatis\Castle.Core.dll
		@packages\MyBatis\Castle.DynamicProxy2.dll = @packages\MyBatis\Castle.DynamicProxy2.dll
		@packages\MyBatis\DaoConfig.xsd = @packages\MyBatis\DaoConfig.xsd
		@packages\MyBatis\MyBatis.Common.dll = @packages\MyBatis\MyBatis.Common.dll
		@packages\MyBatis\MyBatis.DataMapper.dll = @packages\MyBatis\MyBatis.DataMapper.dll
		@packages\MyBatis\SqlMap.xsd = @packages\MyBatis\SqlMap.xsd
		@packages\MyBatis\SqlMapConfig.xsd = @packages\MyBatis\SqlMapConfig.xsd
	EndProjectSection
EndProject
Project("{2150E333-8FDC-42A3-9474-1A3956D46DE8}") = "NPOI", "NPOI", "{2D77CD8A-329D-4259-B6CD-99EB63CA5718}"
	ProjectSection(SolutionItems) = preProject
		@packages\NPOI\ICSharpCode.SharpZipLib.dll = @packages\NPOI\ICSharpCode.SharpZipLib.dll
		@packages\NPOI\NPOI.dll = @packages\NPOI\NPOI.dll
		@packages\NPOI\NPOI.OOXML.dll = @packages\NPOI\NPOI.OOXML.dll
		@packages\NPOI\NPOI.OpenXml4Net.dll = @packages\NPOI\NPOI.OpenXml4Net.dll
		@packages\NPOI\NPOI.OpenXmlFormats.dll = @packages\NPOI\NPOI.OpenXmlFormats.dll
	EndProjectSection
EndProject
Project("{2150E333-8FDC-42A3-9474-1A3956D46DE8}") = "Frame", "Frame", "{2FE3D96A-5233-4CBB-8B39-FE4509DCCEC1}"
	ProjectSection(SolutionItems) = preProject
		@packages\Frame\Mesnac.DbAccess.dll = @packages\Frame\Mesnac.DbAccess.dll
		@packages\Frame\Mesnac.FrameDb.Mapper.dll = @packages\Frame\Mesnac.FrameDb.Mapper.dll
		@packages\Frame\Mesnac.McUI.dll = @packages\Frame\Mesnac.McUI.dll
		@packages\Frame\Mesnac.Utility.dll = @packages\Frame\Mesnac.Utility.dll
		@packages\Frame\Mesnac.Web.UI.dll = @packages\Frame\Mesnac.Web.UI.dll
	EndProjectSection
EndProject
Project("{2150E333-8FDC-42A3-9474-1A3956D46DE8}") = "Ext.net", "Ext.net", "{0F2E0A85-51F2-4557-B8F9-D4AF6448870E}"
	ProjectSection(SolutionItems) = preProject
		@packages\Ext.net\Ext.Net.dll = @packages\Ext.net\Ext.Net.dll
		@packages\Ext.net\Ext.Net.Utilities.dll = @packages\Ext.net\Ext.Net.Utilities.dll
		@packages\Ext.net\Newtonsoft.Json.dll = @packages\Ext.net\Newtonsoft.Json.dll
		@packages\Ext.net\Transformer.NET.dll = @packages\Ext.net\Transformer.NET.dll
	EndProjectSection
EndProject
Project("{2150E333-8FDC-42A3-9474-1A3956D46DE8}") = "P.Main", "P.Main", "{5B8E0A45-474B-4E90-AC42-7B2D3EC8C87A}"
	ProjectSection(SolutionItems) = preProject
		@packages\P.Main\Mesnac.Main.Business.dll = @packages\P.Main\Mesnac.Main.Business.dll
		@packages\P.Main\Mesnac.Main.Data.dll = @packages\P.Main\Mesnac.Main.Data.dll
		@packages\P.Main\Mesnac.Main.Entity.dll = @packages\P.Main\Mesnac.Main.Entity.dll
		@packages\P.Main\Mesnac.Main.Mapper.dll = @packages\P.Main\Mesnac.Main.Mapper.dll
		@packages\P.Main\Mesnac.Main.WebSite.dll = @packages\P.Main\Mesnac.Main.WebSite.dll
	EndProjectSection
EndProject
Project("{2150E333-8FDC-42A3-9474-1A3956D46DE8}") = "LogAgent", "LogAgent", "{FF6EAEBB-3406-4C90-9832-030316A3EEC1}"
	ProjectSection(SolutionItems) = preProject
		@packages\LogAgent\LogAgent.dll = @packages\LogAgent\LogAgent.dll
	EndProjectSection
EndProject
Project("{2150E333-8FDC-42A3-9474-1A3956D46DE8}") = "解决方案说明", "解决方案说明", "{F445A3D5-B875-413C-8C98-ADBC58C5DE05}"
	ProjectSection(SolutionItems) = preProject
		解决方案说明\发布说明.txt = 解决方案说明\发布说明.txt
	EndProjectSection
EndProject
Project("{2150E333-8FDC-42A3-9474-1A3956D46DE8}") = "P.Tracing", "P.Tracing", "{A7F272B9-B5C4-4BEE-BF22-D8EE1D109395}"
EndProject
Project("{2150E333-8FDC-42A3-9474-1A3956D46DE8}") = "FastReport", "FastReport", "{887FBB4C-0796-42A4-9629-453A728445B1}"
	ProjectSection(SolutionItems) = preProject
		@packages\FastReport\FastReport.Bars.dll = @packages\FastReport\FastReport.Bars.dll
		@packages\FastReport\FastReport.dll = @packages\FastReport\FastReport.dll
		@packages\FastReport\FastReport.Editor.dll = @packages\FastReport\FastReport.Editor.dll
		@packages\FastReport\FastReport.Install.dll = @packages\FastReport\FastReport.Install.dll
		@packages\FastReport\FastReport.VSDesign.dll = @packages\FastReport\FastReport.VSDesign.dll
		@packages\FastReport\FastReport.Web.dll = @packages\FastReport\FastReport.Web.dll
	EndProjectSection
EndProject
Project("{FAE04EC0-301F-11D3-BF4B-00C04F79EFBC}") = "Mesnac.Tracing.Business", "P.Tracing\Mesnac.Tracing.Business\Mesnac.Tracing.Business.csproj", "{35CECB1F-6DF9-4544-B48C-94F9D4FDE1C7}"
EndProject
Project("{FAE04EC0-301F-11D3-BF4B-00C04F79EFBC}") = "Mesnac.Tracing.Data", "P.Tracing\Mesnac.Tracing.Data\Mesnac.Tracing.Data.csproj", "{8AE43542-4214-4F4E-B37B-0C74ED147E6E}"
EndProject
Project("{FAE04EC0-301F-11D3-BF4B-00C04F79EFBC}") = "Mesnac.Tracing.Entity", "P.Tracing\Mesnac.Tracing.Entity\Mesnac.Tracing.Entity.csproj", "{2D7A3673-D5A4-4834-8B0C-E3B6802D608F}"
EndProject
Project("{FAE04EC0-301F-11D3-BF4B-00C04F79EFBC}") = "Mesnac.Tracing.Mapper", "P.Tracing\Mesnac.Tracing.Mapper\Mesnac.Tracing.Mapper.csproj", "{E5F3DC64-8EF4-4BB9-A3B0-D11DCB27785D}"
EndProject
Project("{FAE04EC0-301F-11D3-BF4B-00C04F79EFBC}") = "Mesnac.Tracing.McUI", "P.Tracing\Mesnac.Tracing.McUI\Mesnac.Tracing.McUI.csproj", "{6FADF9B9-97CE-4BAA-B172-1494D2D06765}"
EndProject
Project("{FAE04EC0-301F-11D3-BF4B-00C04F79EFBC}") = "Mesnac.Tracing.NUTest", "P.Tracing\Mesnac.Tracing.NUTest\Mesnac.Tracing.NUTest.csproj", "{7FFAF498-C5FC-487B-AFA5-93D850202B96}"
EndProject
Project("{E24C65DC-7377-472B-9ABA-BC803B73C61A}") = "Mesnac.Tracing.WebSite", "http://localhost:55709", "{0BB01F2D-1322-47D8-82E0-86AC9EFCBB3E}"
	ProjectSection(WebsiteProperties) = preProject
		SccProjectName = ""
		SccAuxPath = ""
		SccLocalPath = ""
		SccProvider = ""
		UseIISExpress = "true"
		TargetFrameworkMoniker = ".NETFramework,Version%3Dv4.0"
		ProjectReferences = "{35cecb1f-6df9-4544-b48c-94f9d4fde1c7}|Mesnac.Tracing.Business.dll;{8ae43542-4214-4f4e-b37b-0c74ed147e6e}|Mesnac.Tracing.Data.dll;{2d7a3673-d5a4-4834-8b0c-e3b6802d608f}|Mesnac.Tracing.Entity.dll;{e5f3dc64-8ef4-4bb9-a3b0-d11dcb27785d}|Mesnac.Tracing.Mapper.dll;{f055daa8-c140-40a3-aac6-920016aacc5d}|Mesnac.EMS.Business.dll;{21cd83a2-d7a1-4a57-8b61-163af5deb606}|Mesnac.EMS.Data.dll;{079ecd80-68d8-497f-927c-0b0957e86e08}|Mesnac.EMS.Entity.dll;{051174c2-a9d6-4124-8995-0bd9cf98688b}|Mesnac.EMS.Mapper.dll;"
		Debug.AspNetCompiler.VirtualPath = "/localhost_55709"
		Debug.AspNetCompiler.PhysicalPath = "P.Tracing\Mesnac.Tracing.WebSite\"
		Debug.AspNetCompiler.TargetPath = "PrecompiledWeb\localhost_55709\"
		Debug.AspNetCompiler.Updateable = "true"
		Debug.AspNetCompiler.ForceOverwrite = "true"
		Debug.AspNetCompiler.FixedNames = "false"
		Debug.AspNetCompiler.Debug = "True"
		Release.AspNetCompiler.VirtualPath = "/localhost_55709"
		Release.AspNetCompiler.PhysicalPath = "P.Tracing\Mesnac.Tracing.WebSite\"
		Release.AspNetCompiler.TargetPath = "PrecompiledWeb\localhost_55709\"
		Release.AspNetCompiler.Updateable = "true"
		Release.AspNetCompiler.ForceOverwrite = "true"
		Release.AspNetCompiler.FixedNames = "false"
		Release.AspNetCompiler.Debug = "False"
		SlnRelativePath = "P.Tracing\Mesnac.Tracing.WebSite\"
	EndProjectSection
EndProject
Project("{FAE04EC0-301F-11D3-BF4B-00C04F79EFBC}") = "Mesnac.MENS.Business", "P.Tracing\Mesnac.MENS.Business\Mesnac.MENS.Business.csproj", "{F055DAA8-C140-40A3-AAC6-920016AACC5D}"
EndProject
Project("{FAE04EC0-301F-11D3-BF4B-00C04F79EFBC}") = "Mesnac.MENS.Data", "P.Tracing\Mesnac.MENS.Data\Mesnac.MENS.Data.csproj", "{21CD83A2-D7A1-4A57-8B61-163AF5DEB606}"
EndProject
Project("{FAE04EC0-301F-11D3-BF4B-00C04F79EFBC}") = "Mesnac.MENS.Entity", "P.Tracing\Mesnac.MENS.Entity\Mesnac.MENS.Entity.csproj", "{079ECD80-68D8-497F-927C-0B0957E86E08}"
EndProject
Project("{FAE04EC0-301F-11D3-BF4B-00C04F79EFBC}") = "Mesnac.MENS.Mapper", "P.Tracing\Mesnac.MENS.Mapper\Mesnac.MENS.Mapper.csproj", "{051174C2-A9D6-4124-8995-0BD9CF98688B}"
EndProject
Global
	GlobalSection(SolutionConfigurationPlatforms) = preSolution
		Debug|Any CPU = Debug|Any CPU
		Release|Any CPU = Release|Any CPU
	EndGlobalSection
	GlobalSection(ProjectConfigurationPlatforms) = postSolution
		{35CECB1F-6DF9-4544-B48C-94F9D4FDE1C7}.Debug|Any CPU.ActiveCfg = Debug|Any CPU
		{35CECB1F-6DF9-4544-B48C-94F9D4FDE1C7}.Debug|Any CPU.Build.0 = Debug|Any CPU
		{35CECB1F-6DF9-4544-B48C-94F9D4FDE1C7}.Release|Any CPU.ActiveCfg = Release|Any CPU
		{35CECB1F-6DF9-4544-B48C-94F9D4FDE1C7}.Release|Any CPU.Build.0 = Release|Any CPU
		{8AE43542-4214-4F4E-B37B-0C74ED147E6E}.Debug|Any CPU.ActiveCfg = Debug|Any CPU
		{8AE43542-4214-4F4E-B37B-0C74ED147E6E}.Debug|Any CPU.Build.0 = Debug|Any CPU
		{8AE43542-4214-4F4E-B37B-0C74ED147E6E}.Release|Any CPU.ActiveCfg = Release|Any CPU
		{8AE43542-4214-4F4E-B37B-0C74ED147E6E}.Release|Any CPU.Build.0 = Release|Any CPU
		{2D7A3673-D5A4-4834-8B0C-E3B6802D608F}.Debug|Any CPU.ActiveCfg = Debug|Any CPU
		{2D7A3673-D5A4-4834-8B0C-E3B6802D608F}.Debug|Any CPU.Build.0 = Debug|Any CPU
		{2D7A3673-D5A4-4834-8B0C-E3B6802D608F}.Release|Any CPU.ActiveCfg = Release|Any CPU
		{2D7A3673-D5A4-4834-8B0C-E3B6802D608F}.Release|Any CPU.Build.0 = Release|Any CPU
		{E5F3DC64-8EF4-4BB9-A3B0-D11DCB27785D}.Debug|Any CPU.ActiveCfg = Debug|Any CPU
		{E5F3DC64-8EF4-4BB9-A3B0-D11DCB27785D}.Debug|Any CPU.Build.0 = Debug|Any CPU
		{E5F3DC64-8EF4-4BB9-A3B0-D11DCB27785D}.Release|Any CPU.ActiveCfg = Release|Any CPU
		{E5F3DC64-8EF4-4BB9-A3B0-D11DCB27785D}.Release|Any CPU.Build.0 = Release|Any CPU
		{6FADF9B9-97CE-4BAA-B172-1494D2D06765}.Debug|Any CPU.ActiveCfg = Debug|Any CPU
		{6FADF9B9-97CE-4BAA-B172-1494D2D06765}.Debug|Any CPU.Build.0 = Debug|Any CPU
		{6FADF9B9-97CE-4BAA-B172-1494D2D06765}.Release|Any CPU.ActiveCfg = Release|Any CPU
		{6FADF9B9-97CE-4BAA-B172-1494D2D06765}.Release|Any CPU.Build.0 = Release|Any CPU
		{7FFAF498-C5FC-487B-AFA5-93D850202B96}.Debug|Any CPU.ActiveCfg = Debug|Any CPU
		{7FFAF498-C5FC-487B-AFA5-93D850202B96}.Debug|Any CPU.Build.0 = Debug|Any CPU
		{7FFAF498-C5FC-487B-AFA5-93D850202B96}.Release|Any CPU.ActiveCfg = Release|Any CPU
		{7FFAF498-C5FC-487B-AFA5-93D850202B96}.Release|Any CPU.Build.0 = Release|Any CPU
		{0BB01F2D-1322-47D8-82E0-86AC9EFCBB3E}.Debug|Any CPU.ActiveCfg = Debug|Any CPU
		{0BB01F2D-1322-47D8-82E0-86AC9EFCBB3E}.Debug|Any CPU.Build.0 = Debug|Any CPU
		{0BB01F2D-1322-47D8-82E0-86AC9EFCBB3E}.Release|Any CPU.ActiveCfg = Debug|Any CPU
		{0BB01F2D-1322-47D8-82E0-86AC9EFCBB3E}.Release|Any CPU.Build.0 = Debug|Any CPU
		{F055DAA8-C140-40A3-AAC6-920016AACC5D}.Debug|Any CPU.ActiveCfg = Debug|Any CPU
		{F055DAA8-C140-40A3-AAC6-920016AACC5D}.Debug|Any CPU.Build.0 = Debug|Any CPU
		{F055DAA8-C140-40A3-AAC6-920016AACC5D}.Release|Any CPU.ActiveCfg = Release|Any CPU
		{F055DAA8-C140-40A3-AAC6-920016AACC5D}.Release|Any CPU.Build.0 = Release|Any CPU
		{21CD83A2-D7A1-4A57-8B61-163AF5DEB606}.Debug|Any CPU.ActiveCfg = Debug|Any CPU
		{21CD83A2-D7A1-4A57-8B61-163AF5DEB606}.Debug|Any CPU.Build.0 = Debug|Any CPU
		{21CD83A2-D7A1-4A57-8B61-163AF5DEB606}.Release|Any CPU.ActiveCfg = Release|Any CPU
		{21CD83A2-D7A1-4A57-8B61-163AF5DEB606}.Release|Any CPU.Build.0 = Release|Any CPU
		{079ECD80-68D8-497F-927C-0B0957E86E08}.Debug|Any CPU.ActiveCfg = Debug|Any CPU
		{079ECD80-68D8-497F-927C-0B0957E86E08}.Debug|Any CPU.Build.0 = Debug|Any CPU
		{079ECD80-68D8-497F-927C-0B0957E86E08}.Release|Any CPU.ActiveCfg = Release|Any CPU
		{079ECD80-68D8-497F-927C-0B0957E86E08}.Release|Any CPU.Build.0 = Release|Any CPU
		{051174C2-A9D6-4124-8995-0BD9CF98688B}.Debug|Any CPU.ActiveCfg = Debug|Any CPU
		{051174C2-A9D6-4124-8995-0BD9CF98688B}.Debug|Any CPU.Build.0 = Debug|Any CPU
		{051174C2-A9D6-4124-8995-0BD9CF98688B}.Release|Any CPU.ActiveCfg = Release|Any CPU
		{051174C2-A9D6-4124-8995-0BD9CF98688B}.Release|Any CPU.Build.0 = Release|Any CPU
	EndGlobalSection
	GlobalSection(SolutionProperties) = preSolution
		HideSolutionNode = FALSE
	EndGlobalSection
	GlobalSection(NestedProjects) = preSolution
		{76F888B0-0072-4AD2-9D4E-98861B15EB62} = {072BDABE-0509-4A07-AAF2-C8A74B1EBBE6}
		{3665F684-A26C-4470-BD9D-BBD99FD4CAFB} = {072BDABE-0509-4A07-AAF2-C8A74B1EBBE6}
		{2D77CD8A-329D-4259-B6CD-99EB63CA5718} = {072BDABE-0509-4A07-AAF2-C8A74B1EBBE6}
		{2FE3D96A-5233-4CBB-8B39-FE4509DCCEC1} = {072BDABE-0509-4A07-AAF2-C8A74B1EBBE6}
		{0F2E0A85-51F2-4557-B8F9-D4AF6448870E} = {072BDABE-0509-4A07-AAF2-C8A74B1EBBE6}
		{5B8E0A45-474B-4E90-AC42-7B2D3EC8C87A} = {072BDABE-0509-4A07-AAF2-C8A74B1EBBE6}
		{FF6EAEBB-3406-4C90-9832-030316A3EEC1} = {072BDABE-0509-4A07-AAF2-C8A74B1EBBE6}
		{887FBB4C-0796-42A4-9629-453A728445B1} = {072BDABE-0509-4A07-AAF2-C8A74B1EBBE6}
		{35CECB1F-6DF9-4544-B48C-94F9D4FDE1C7} = {A7F272B9-B5C4-4BEE-BF22-D8EE1D109395}
		{8AE43542-4214-4F4E-B37B-0C74ED147E6E} = {A7F272B9-B5C4-4BEE-BF22-D8EE1D109395}
		{2D7A3673-D5A4-4834-8B0C-E3B6802D608F} = {A7F272B9-B5C4-4BEE-BF22-D8EE1D109395}
		{E5F3DC64-8EF4-4BB9-A3B0-D11DCB27785D} = {A7F272B9-B5C4-4BEE-BF22-D8EE1D109395}
		{6FADF9B9-97CE-4BAA-B172-1494D2D06765} = {A7F272B9-B5C4-4BEE-BF22-D8EE1D109395}
		{7FFAF498-C5FC-487B-AFA5-93D850202B96} = {A7F272B9-B5C4-4BEE-BF22-D8EE1D109395}
		{0BB01F2D-1322-47D8-82E0-86AC9EFCBB3E} = {A7F272B9-B5C4-4BEE-BF22-D8EE1D109395}
		{F055DAA8-C140-40A3-AAC6-920016AACC5D} = {A7F272B9-B5C4-4BEE-BF22-D8EE1D109395}
		{21CD83A2-D7A1-4A57-8B61-163AF5DEB606} = {A7F272B9-B5C4-4BEE-BF22-D8EE1D109395}
		{079ECD80-68D8-497F-927C-0B0957E86E08} = {A7F272B9-B5C4-4BEE-BF22-D8EE1D109395}
		{051174C2-A9D6-4124-8995-0BD9CF98688B} = {A7F272B9-B5C4-4BEE-BF22-D8EE1D109395}
	EndGlobalSection
	GlobalSection(ExtensibilityGlobals) = postSolution
		VisualSVNWorkingCopyRoot = .
	EndGlobalSection
EndGlobal
