
Microsoft Visual Studio Solution File, Format Version 12.00
# Visual Studio 2013
VisualStudioVersion = 12.0.21005.1
MinimumVisualStudioVersion = 10.0.40219.1
Project("{2150E333-8FDC-42A3-9474-1A3956D46DE8}") = "@packages", "@packages", "{E2DA6F67-AD5F-44E4-B0E7-0EC2B16C5A72}"
EndProject
Project("{2150E333-8FDC-42A3-9474-1A3956D46DE8}") = "nunit", "nunit", "{F6B75E64-7890-4214-BF99-E4832F340ACF}"
	ProjectSection(SolutionItems) = preProject
		@packages\nunit\nunit.framework.dll = @packages\nunit\nunit.framework.dll
		@packages\nunit\nunit.mocks.dll = @packages\nunit\nunit.mocks.dll
		@packages\nunit\pnunit.framework.dll = @packages\nunit\pnunit.framework.dll
	EndProjectSection
EndProject
Project("{2150E333-8FDC-42A3-9474-1A3956D46DE8}") = "DbSyn", "DbSyn", "{06954E59-61AD-406E-951F-B93790F9CF1A}"
	ProjectSection(SolutionItems) = preProject
		@packages\DbSyn\Castle.Core.dll = @packages\DbSyn\Castle.Core.dll
		@packages\DbSyn\Castle.DynamicProxy2.dll = @packages\DbSyn\Castle.DynamicProxy2.dll
		@packages\DbSyn\Common.Logging.dll = @packages\DbSyn\Common.Logging.dll
		@packages\DbSyn\DaoConfig.xsd = @packages\DbSyn\DaoConfig.xsd
		@packages\DbSyn\MyBatis.Common.dll = @packages\DbSyn\MyBatis.Common.dll
		@packages\DbSyn\MyBatis.DataMapper.dll = @packages\DbSyn\MyBatis.DataMapper.dll
		@packages\DbSyn\Quartz.dll = @packages\DbSyn\Quartz.dll
		@packages\DbSyn\SqlMap.xsd = @packages\DbSyn\SqlMap.xsd
		@packages\DbSyn\SqlMapConfig.xsd = @packages\DbSyn\SqlMapConfig.xsd
	EndProjectSection
EndProject
Project("{FAE04EC0-301F-11D3-BF4B-00C04F79EFBC}") = "Mesnac.NUnitTest", "Mesnac.NUnitTest\Mesnac.NUnitTest.csproj", "{B220D455-7F70-4672-A19B-E264F87B12F3}"
EndProject
Project("{FAE04EC0-301F-11D3-BF4B-00C04F79EFBC}") = "Mesnac.DbSyn.LLCommand", "Mesnac.DbSyn.LLCommand\Mesnac.DbSyn.LLCommand.csproj", "{49C1A86E-6A59-421C-9709-34522831C613}"
EndProject
Project("{FAE04EC0-301F-11D3-BF4B-00C04F79EFBC}") = "Mesnac.DbSyn", "Mesnac.DbSyn\Mesnac.DbSyn.csproj", "{902F586E-D23A-4517-B693-716F0ED68C8D}"
EndProject
Project("{FAE04EC0-301F-11D3-BF4B-00C04F79EFBC}") = "Mesnac.DbSyn.CuringCommand", "Mesnac.DbSyn.CuringCommand\Mesnac.DbSyn.CuringCommand.csproj", "{D7C75AA4-9D81-4FEF-8290-75E855A83A50}"
EndProject
Project("{2150E333-8FDC-42A3-9474-1A3956D46DE8}") = "LogAgent", "LogAgent", "{FF9BFD1C-072B-4D30-9E5F-8E2046656E14}"
	ProjectSection(SolutionItems) = preProject
		@packages\LogAgent\log4net.config = @packages\LogAgent\log4net.config
		@packages\LogAgent\log4net.dll = @packages\LogAgent\log4net.dll
		@packages\LogAgent\LogAgent.config = @packages\LogAgent\LogAgent.config
	EndProjectSection
EndProject
Global
	GlobalSection(SolutionConfigurationPlatforms) = preSolution
		Debug|Any CPU = Debug|Any CPU
		Release|Any CPU = Release|Any CPU
	EndGlobalSection
	GlobalSection(ProjectConfigurationPlatforms) = postSolution
		{B220D455-7F70-4672-A19B-E264F87B12F3}.Debug|Any CPU.ActiveCfg = Debug|Any CPU
		{B220D455-7F70-4672-A19B-E264F87B12F3}.Debug|Any CPU.Build.0 = Debug|Any CPU
		{B220D455-7F70-4672-A19B-E264F87B12F3}.Release|Any CPU.ActiveCfg = Release|Any CPU
		{B220D455-7F70-4672-A19B-E264F87B12F3}.Release|Any CPU.Build.0 = Release|Any CPU
		{49C1A86E-6A59-421C-9709-34522831C613}.Debug|Any CPU.ActiveCfg = Debug|Any CPU
		{49C1A86E-6A59-421C-9709-34522831C613}.Debug|Any CPU.Build.0 = Debug|Any CPU
		{49C1A86E-6A59-421C-9709-34522831C613}.Release|Any CPU.ActiveCfg = Release|Any CPU
		{49C1A86E-6A59-421C-9709-34522831C613}.Release|Any CPU.Build.0 = Release|Any CPU
		{902F586E-D23A-4517-B693-716F0ED68C8D}.Debug|Any CPU.ActiveCfg = Debug|Any CPU
		{902F586E-D23A-4517-B693-716F0ED68C8D}.Debug|Any CPU.Build.0 = Debug|Any CPU
		{902F586E-D23A-4517-B693-716F0ED68C8D}.Release|Any CPU.ActiveCfg = Release|Any CPU
		{902F586E-D23A-4517-B693-716F0ED68C8D}.Release|Any CPU.Build.0 = Release|Any CPU
		{D7C75AA4-9D81-4FEF-8290-75E855A83A50}.Debug|Any CPU.ActiveCfg = Debug|Any CPU
		{D7C75AA4-9D81-4FEF-8290-75E855A83A50}.Debug|Any CPU.Build.0 = Debug|Any CPU
		{D7C75AA4-9D81-4FEF-8290-75E855A83A50}.Release|Any CPU.ActiveCfg = Release|Any CPU
		{D7C75AA4-9D81-4FEF-8290-75E855A83A50}.Release|Any CPU.Build.0 = Release|Any CPU
	EndGlobalSection
	GlobalSection(SolutionProperties) = preSolution
		HideSolutionNode = FALSE
	EndGlobalSection
	GlobalSection(NestedProjects) = preSolution
		{F6B75E64-7890-4214-BF99-E4832F340ACF} = {E2DA6F67-AD5F-44E4-B0E7-0EC2B16C5A72}
		{06954E59-61AD-406E-951F-B93790F9CF1A} = {E2DA6F67-AD5F-44E4-B0E7-0EC2B16C5A72}
		{FF9BFD1C-072B-4D30-9E5F-8E2046656E14} = {E2DA6F67-AD5F-44E4-B0E7-0EC2B16C5A72}
	EndGlobalSection
EndGlobal
